// !$*UTF8*$!
{
	archiveVersion = 1;
	classes = {
	};
	objectVersion = 46;
	objects = {

/* Begin PBXBuildFile section */
		D9112FCE1CD7651300540550 /* Base.cpp in Sources */ = {isa = PBXBuildFile; fileRef = D9112FC71CD7651300540550 /* Base.cpp */; };
		D9112FCF1CD7651300540550 /* Checksum.cpp in Sources */ = {isa = PBXBuildFile; fileRef = D9112FC81CD7651300540550 /* Checksum.cpp */; };
		D9112FD01CD7651300540550 /* CRC.cpp in Sources */ = {isa = PBXBuildFile; fileRef = D9112FCA1CD7651300540550 /* CRC.cpp */; };
		D9112FD11CD7651300540550 /* FileHash.cpp in Sources */ = {isa = PBXBuildFile; fileRef = D9112FCC1CD7651300540550 /* FileHash.cpp */; };
		D9112FD81CD7652000540550 /* MD2.cpp in Sources */ = {isa = PBXBuildFile; fileRef = D9112FD21CD7652000540550 /* MD2.cpp */; };
		D9112FD91CD7652000540550 /* MD4.cpp in Sources */ = {isa = PBXBuildFile; fileRef = D9112FD41CD7652000540550 /* MD4.cpp */; };
		D9112FDA1CD7652000540550 /* MD5.cpp in Sources */ = {isa = PBXBuildFile; fileRef = D9112FD61CD7652000540550 /* MD5.cpp */; };
		D9112FE21CD7652800540550 /* SHA-1.cpp in Sources */ = {isa = PBXBuildFile; fileRef = D9112FDC1CD7652800540550 /* SHA-1.cpp */; };
		D9112FE31CD7652800540550 /* SHA-2.cpp in Sources */ = {isa = PBXBuildFile; fileRef = D9112FDE1CD7652800540550 /* SHA-2.cpp */; };
		D9112FE41CD7652800540550 /* SHA-3.cpp in Sources */ = {isa = PBXBuildFile; fileRef = D9112FE01CD7652800540550 /* SHA-3.cpp */; };
		D9112FF31CD7655100540550 /* KeccakF-1600-compact64.cpp in Sources */ = {isa = PBXBuildFile; fileRef = D9112FE81CD7655100540550 /* KeccakF-1600-compact64.cpp */; };
		D9112FF41CD7655100540550 /* KeccakHash.cpp in Sources */ = {isa = PBXBuildFile; fileRef = D9112FEA1CD7655100540550 /* KeccakHash.cpp */; };
		D9112FF51CD7655100540550 /* KeccakSponge.cpp in Sources */ = {isa = PBXBuildFile; fileRef = D9112FEC1CD7655100540550 /* KeccakSponge.cpp */; };
		D9112FF61CD7655100540550 /* SnP-FBWL-default.cpp in Sources */ = {isa = PBXBuildFile; fileRef = D9112FEE1CD7655100540550 /* SnP-FBWL-default.cpp */; };
		D9112FF81CD7657900540550 /* LibSodium_Mac.a in Frameworks */ = {isa = PBXBuildFile; fileRef = D9112FF71CD7657900540550 /* LibSodium_Mac.a */; };
/* End PBXBuildFile section */

/* Begin PBXCopyFilesBuildPhase section */
		D9112FAE1CD7647C00540550 /* CopyFiles */ = {
			isa = PBXCopyFilesBuildPhase;
			buildActionMask = 2147483647;
			dstPath = /usr/share/man/man1/;
			dstSubfolderSpec = 0;
			files = (
			);
			runOnlyForDeploymentPostprocessing = 1;
		};
/* End PBXCopyFilesBuildPhase section */

/* Begin PBXFileReference section */
		D9112FB01CD7647C00540550 /* FileHash */ = {isa = PBXFileReference; explicitFileType = "compiled.mach-o.executable"; includeInIndex = 0; path = FileHash; sourceTree = BUILT_PRODUCTS_DIR; };
		D9112FC71CD7651300540550 /* Base.cpp */ = {isa = PBXFileReference; fileEncoding = 4; lastKnownFileType = sourcecode.cpp.cpp; path = Base.cpp; sourceTree = "<group>"; };
		D9112FC81CD7651300540550 /* Checksum.cpp */ = {isa = PBXFileReference; fileEncoding = 4; lastKnownFileType = sourcecode.cpp.cpp; path = Checksum.cpp; sourceTree = "<group>"; };
		D9112FC91CD7651300540550 /* CMakeLists.txt */ = {isa = PBXFileReference; fileEncoding = 4; lastKnownFileType = text; path = CMakeLists.txt; sourceTree = "<group>"; };
		D9112FCA1CD7651300540550 /* CRC.cpp */ = {isa = PBXFileReference; fileEncoding = 4; lastKnownFileType = sourcecode.cpp.cpp; path = CRC.cpp; sourceTree = "<group>"; };
		D9112FCB1CD7651300540550 /* CRC.h */ = {isa = PBXFileReference; fileEncoding = 4; lastKnownFileType = sourcecode.c.h; path = CRC.h; sourceTree = "<group>"; };
		D9112FCC1CD7651300540550 /* FileHash.cpp */ = {isa = PBXFileReference; fileEncoding = 4; lastKnownFileType = sourcecode.cpp.cpp; path = FileHash.cpp; sourceTree = "<group>"; };
		D9112FCD1CD7651300540550 /* FileHash.h */ = {isa = PBXFileReference; fileEncoding = 4; lastKnownFileType = sourcecode.c.h; path = FileHash.h; sourceTree = "<group>"; };
		D9112FD21CD7652000540550 /* MD2.cpp */ = {isa = PBXFileReference; fileEncoding = 4; lastKnownFileType = sourcecode.cpp.cpp; path = MD2.cpp; sourceTree = "<group>"; };
		D9112FD31CD7652000540550 /* MD2.h */ = {isa = PBXFileReference; fileEncoding = 4; lastKnownFileType = sourcecode.c.h; path = MD2.h; sourceTree = "<group>"; };
		D9112FD41CD7652000540550 /* MD4.cpp */ = {isa = PBXFileReference; fileEncoding = 4; lastKnownFileType = sourcecode.cpp.cpp; path = MD4.cpp; sourceTree = "<group>"; };
		D9112FD51CD7652000540550 /* MD4.h */ = {isa = PBXFileReference; fileEncoding = 4; lastKnownFileType = sourcecode.c.h; path = MD4.h; sourceTree = "<group>"; };
		D9112FD61CD7652000540550 /* MD5.cpp */ = {isa = PBXFileReference; fileEncoding = 4; lastKnownFileType = sourcecode.cpp.cpp; path = MD5.cpp; sourceTree = "<group>"; };
		D9112FD71CD7652000540550 /* MD5.h */ = {isa = PBXFileReference; fileEncoding = 4; lastKnownFileType = sourcecode.c.h; path = MD5.h; sourceTree = "<group>"; };
		D9112FDB1CD7652800540550 /* resource.h */ = {isa = PBXFileReference; fileEncoding = 4; lastKnownFileType = sourcecode.c.h; path = resource.h; sourceTree = "<group>"; };
		D9112FDC1CD7652800540550 /* SHA-1.cpp */ = {isa = PBXFileReference; fileEncoding = 4; lastKnownFileType = sourcecode.cpp.cpp; path = "SHA-1.cpp"; sourceTree = "<group>"; };
		D9112FDD1CD7652800540550 /* SHA-1.h */ = {isa = PBXFileReference; fileEncoding = 4; lastKnownFileType = sourcecode.c.h; path = "SHA-1.h"; sourceTree = "<group>"; };
		D9112FDE1CD7652800540550 /* SHA-2.cpp */ = {isa = PBXFileReference; fileEncoding = 4; lastKnownFileType = sourcecode.cpp.cpp; path = "SHA-2.cpp"; sourceTree = "<group>"; };
		D9112FDF1CD7652800540550 /* SHA-2.h */ = {isa = PBXFileReference; fileEncoding = 4; lastKnownFileType = sourcecode.c.h; path = "SHA-2.h"; sourceTree = "<group>"; };
		D9112FE01CD7652800540550 /* SHA-3.cpp */ = {isa = PBXFileReference; fileEncoding = 4; lastKnownFileType = sourcecode.cpp.cpp; path = "SHA-3.cpp"; sourceTree = "<group>"; };
		D9112FE11CD7652800540550 /* SHA-3.h */ = {isa = PBXFileReference; fileEncoding = 4; lastKnownFileType = sourcecode.c.h; path = "SHA-3.h"; sourceTree = "<group>"; };
		D9112FE61CD7655100540550 /* brg_endian.h */ = {isa = PBXFileReference; fileEncoding = 4; lastKnownFileType = sourcecode.c.h; name = brg_endian.h; path = FileHash/SHA3/brg_endian.h; sourceTree = "<group>"; };
		D9112FE71CD7655100540550 /* CMakeLists.txt */ = {isa = PBXFileReference; fileEncoding = 4; lastKnownFileType = text; name = CMakeLists.txt; path = FileHash/SHA3/CMakeLists.txt; sourceTree = "<group>"; };
		D9112FE81CD7655100540550 /* KeccakF-1600-compact64.cpp */ = {isa = PBXFileReference; fileEncoding = 4; lastKnownFileType = sourcecode.cpp.cpp; name = "KeccakF-1600-compact64.cpp"; path = "FileHash/SHA3/KeccakF-1600-compact64.cpp"; sourceTree = "<group>"; };
		D9112FE91CD7655100540550 /* KeccakF-1600-interface.h */ = {isa = PBXFileReference; fileEncoding = 4; lastKnownFileType = sourcecode.c.h; name = "KeccakF-1600-interface.h"; path = "FileHash/SHA3/KeccakF-1600-interface.h"; sourceTree = "<group>"; };
		D9112FEA1CD7655100540550 /* KeccakHash.cpp */ = {isa = PBXFileReference; fileEncoding = 4; lastKnownFileType = sourcecode.cpp.cpp; name = KeccakHash.cpp; path = FileHash/SHA3/KeccakHash.cpp; sourceTree = "<group>"; };
		D9112FEB1CD7655100540550 /* KeccakHash.h */ = {isa = PBXFileReference; fileEncoding = 4; lastKnownFileType = sourcecode.c.h; name = KeccakHash.h; path = FileHash/SHA3/KeccakHash.h; sourceTree = "<group>"; };
		D9112FEC1CD7655100540550 /* KeccakSponge.cpp */ = {isa = PBXFileReference; fileEncoding = 4; lastKnownFileType = sourcecode.cpp.cpp; name = KeccakSponge.cpp; path = FileHash/SHA3/KeccakSponge.cpp; sourceTree = "<group>"; };
		D9112FED1CD7655100540550 /* KeccakSponge.h */ = {isa = PBXFileReference; fileEncoding = 4; lastKnownFileType = sourcecode.c.h; name = KeccakSponge.h; path = FileHash/SHA3/KeccakSponge.h; sourceTree = "<group>"; };
		D9112FEE1CD7655100540550 /* SnP-FBWL-default.cpp */ = {isa = PBXFileReference; fileEncoding = 4; lastKnownFileType = sourcecode.cpp.cpp; name = "SnP-FBWL-default.cpp"; path = "FileHash/SHA3/SnP-FBWL-default.cpp"; sourceTree = "<group>"; };
		D9112FEF1CD7655100540550 /* SnP-FBWL-default.h */ = {isa = PBXFileReference; fileEncoding = 4; lastKnownFileType = sourcecode.c.h; name = "SnP-FBWL-default.h"; path = "FileHash/SHA3/SnP-FBWL-default.h"; sourceTree = "<group>"; };
		D9112FF01CD7655100540550 /* SnP-interface.h */ = {isa = PBXFileReference; fileEncoding = 4; lastKnownFileType = sourcecode.c.h; name = "SnP-interface.h"; path = "FileHash/SHA3/SnP-interface.h"; sourceTree = "<group>"; };
		D9112FF11CD7655100540550 /* SnP-Relaned.h */ = {isa = PBXFileReference; fileEncoding = 4; lastKnownFileType = sourcecode.c.h; name = "SnP-Relaned.h"; path = "FileHash/SHA3/SnP-Relaned.h"; sourceTree = "<group>"; };
		D9112FF21CD7655100540550 /* SnP.h */ = {isa = PBXFileReference; fileEncoding = 4; lastKnownFileType = sourcecode.c.h; name = SnP.h; path = FileHash/SHA3/SnP.h; sourceTree = "<group>"; };
		D9112FF71CD7657900540550 /* LibSodium_Mac.a */ = {isa = PBXFileReference; lastKnownFileType = archive.ar; name = LibSodium_Mac.a; path = ../LibSodium/LibSodium_Mac.a; sourceTree = "<group>"; };
/* End PBXFileReference section */

/* Begin PBXFrameworksBuildPhase section */
		D9112FAD1CD7647C00540550 /* Frameworks */ = {
			isa = PBXFrameworksBuildPhase;
			buildActionMask = 2147483647;
			files = (
				D9112FF81CD7657900540550 /* LibSodium_Mac.a in Frameworks */,
			);
			runOnlyForDeploymentPostprocessing = 0;
		};
/* End PBXFrameworksBuildPhase section */

/* Begin PBXGroup section */
		D9112FA71CD7647C00540550 = {
			isa = PBXGroup;
			children = (
				D9112FE51CD7654200540550 /* SHA-3 */,
				D9112FB21CD7647C00540550 /* FileHash */,
				D9112FB11CD7647C00540550 /* Products */,
			);
			sourceTree = "<group>";
		};
		D9112FB11CD7647C00540550 /* Products */ = {
			isa = PBXGroup;
			children = (
				D9112FB01CD7647C00540550 /* FileHash */,
			);
			name = Products;
			sourceTree = "<group>";
		};
		D9112FB21CD7647C00540550 /* FileHash */ = {
			isa = PBXGroup;
			children = (
				D9112FF71CD7657900540550 /* LibSodium_Mac.a */,
				D9112FC71CD7651300540550 /* Base.cpp */,
				D9112FC81CD7651300540550 /* Checksum.cpp */,
				D9112FCA1CD7651300540550 /* CRC.cpp */,
				D9112FCC1CD7651300540550 /* FileHash.cpp */,
				D9112FD21CD7652000540550 /* MD2.cpp */,
				D9112FD41CD7652000540550 /* MD4.cpp */,
				D9112FD61CD7652000540550 /* MD5.cpp */,
				D9112FDC1CD7652800540550 /* SHA-1.cpp */,
				D9112FDE1CD7652800540550 /* SHA-2.cpp */,
				D9112FE01CD7652800540550 /* SHA-3.cpp */,
				D9112FCB1CD7651300540550 /* CRC.h */,
				D9112FCD1CD7651300540550 /* FileHash.h */,
				D9112FD31CD7652000540550 /* MD2.h */,
				D9112FD51CD7652000540550 /* MD4.h */,
				D9112FD71CD7652000540550 /* MD5.h */,
				D9112FDB1CD7652800540550 /* resource.h */,
				D9112FDD1CD7652800540550 /* SHA-1.h */,
				D9112FDF1CD7652800540550 /* SHA-2.h */,
				D9112FE11CD7652800540550 /* SHA-3.h */,
				D9112FC91CD7651300540550 /* CMakeLists.txt */,
			);
			path = FileHash;
			sourceTree = "<group>";
		};
		D9112FE51CD7654200540550 /* SHA-3 */ = {
			isa = PBXGroup;
			children = (
				D9112FE81CD7655100540550 /* KeccakF-1600-compact64.cpp */,
				D9112FEA1CD7655100540550 /* KeccakHash.cpp */,
				D9112FEC1CD7655100540550 /* KeccakSponge.cpp */,
				D9112FEE1CD7655100540550 /* SnP-FBWL-default.cpp */,
				D9112FE61CD7655100540550 /* brg_endian.h */,
				D9112FE91CD7655100540550 /* KeccakF-1600-interface.h */,
				D9112FEB1CD7655100540550 /* KeccakHash.h */,
				D9112FED1CD7655100540550 /* KeccakSponge.h */,
				D9112FEF1CD7655100540550 /* SnP-FBWL-default.h */,
				D9112FF01CD7655100540550 /* SnP-interface.h */,
				D9112FF11CD7655100540550 /* SnP-Relaned.h */,
				D9112FF21CD7655100540550 /* SnP.h */,
				D9112FE71CD7655100540550 /* CMakeLists.txt */,
			);
			name = "SHA-3";
			sourceTree = "<group>";
		};
/* End PBXGroup section */

/* Begin PBXNativeTarget section */
		D9112FAF1CD7647C00540550 /* FileHash */ = {
			isa = PBXNativeTarget;
			buildConfigurationList = D9112FB71CD7647C00540550 /* Build configuration list for PBXNativeTarget "FileHash" */;
			buildPhases = (
				D9112FAC1CD7647C00540550 /* Sources */,
				D9112FAD1CD7647C00540550 /* Frameworks */,
				D9112FAE1CD7647C00540550 /* CopyFiles */,
			);
			buildRules = (
			);
			dependencies = (
			);
			name = FileHash;
			productName = FileHash;
			productReference = D9112FB01CD7647C00540550 /* FileHash */;
			productType = "com.apple.product-type.tool";
		};
/* End PBXNativeTarget section */

/* Begin PBXProject section */
		D9112FA81CD7647C00540550 /* Project object */ = {
			isa = PBXProject;
			attributes = {
				LastUpgradeCheck = 0720;
				ORGANIZATIONNAME = Chengr28;
				TargetAttributes = {
					D9112FAF1CD7647C00540550 = {
						CreatedOnToolsVersion = 7.2.1;
					};
				};
			};
			buildConfigurationList = D9112FAB1CD7647C00540550 /* Build configuration list for PBXProject "FileHash" */;
			compatibilityVersion = "Xcode 3.2";
			developmentRegion = English;
			hasScannedForEncodings = 0;
			knownRegions = (
				en,
			);
			mainGroup = D9112FA71CD7647C00540550;
			productRefGroup = D9112FB11CD7647C00540550 /* Products */;
			projectDirPath = "";
			projectRoot = "";
			targets = (
				D9112FAF1CD7647C00540550 /* FileHash */,
			);
		};
/* End PBXProject section */

/* Begin PBXSourcesBuildPhase section */
		D9112FAC1CD7647C00540550 /* Sources */ = {
			isa = PBXSourcesBuildPhase;
			buildActionMask = 2147483647;
			files = (
				D9112FF61CD7655100540550 /* SnP-FBWL-default.cpp in Sources */,
				D9112FD01CD7651300540550 /* CRC.cpp in Sources */,
				D9112FF31CD7655100540550 /* KeccakF-1600-compact64.cpp in Sources */,
				D9112FD81CD7652000540550 /* MD2.cpp in Sources */,
				D9112FD11CD7651300540550 /* FileHash.cpp in Sources */,
				D9112FD91CD7652000540550 /* MD4.cpp in Sources */,
				D9112FE21CD7652800540550 /* SHA-1.cpp in Sources */,
				D9112FCF1CD7651300540550 /* Checksum.cpp in Sources */,
				D9112FF51CD7655100540550 /* KeccakSponge.cpp in Sources */,
				D9112FE31CD7652800540550 /* SHA-2.cpp in Sources */,
				D9112FCE1CD7651300540550 /* Base.cpp in Sources */,
				D9112FF41CD7655100540550 /* KeccakHash.cpp in Sources */,
				D9112FE41CD7652800540550 /* SHA-3.cpp in Sources */,
				D9112FDA1CD7652000540550 /* MD5.cpp in Sources */,
			);
			runOnlyForDeploymentPostprocessing = 0;
		};
/* End PBXSourcesBuildPhase section */

/* Begin XCBuildConfiguration section */
		D9112FB51CD7647C00540550 /* Debug */ = {
			isa = XCBuildConfiguration;
			buildSettings = {
				ALWAYS_SEARCH_USER_PATHS = NO;
				CLANG_CXX_LANGUAGE_STANDARD = "gnu++0x";
				CLANG_CXX_LIBRARY = "libc++";
				CLANG_ENABLE_MODULES = YES;
				CLANG_ENABLE_OBJC_ARC = YES;
				CLANG_WARN_BOOL_CONVERSION = YES;
				CLANG_WARN_CONSTANT_CONVERSION = YES;
				CLANG_WARN_DIRECT_OBJC_ISA_USAGE = YES_ERROR;
				CLANG_WARN_EMPTY_BODY = YES;
				CLANG_WARN_ENUM_CONVERSION = YES;
				CLANG_WARN_INT_CONVERSION = YES;
				CLANG_WARN_OBJC_ROOT_CLASS = YES_ERROR;
				CLANG_WARN_UNREACHABLE_CODE = YES;
				CLANG_WARN__DUPLICATE_METHOD_MATCH = YES;
				CODE_SIGN_IDENTITY = "-";
				COPY_PHASE_STRIP = NO;
				DEBUG_INFORMATION_FORMAT = dwarf;
				ENABLE_STRICT_OBJC_MSGSEND = YES;
				ENABLE_TESTABILITY = YES;
				GCC_C_LANGUAGE_STANDARD = c11;
				GCC_DYNAMIC_NO_PIC = NO;
				GCC_NO_COMMON_BLOCKS = YES;
				GCC_OPTIMIZATION_LEVEL = 0;
				GCC_PREPROCESSOR_DEFINITIONS = (
					"DEBUG=1",
					"$(inherited)",
				);
				GCC_WARN_64_TO_32_BIT_CONVERSION = YES;
				GCC_WARN_ABOUT_RETURN_TYPE = YES_ERROR;
				GCC_WARN_UNDECLARED_SELECTOR = YES;
				GCC_WARN_UNINITIALIZED_AUTOS = YES_AGGRESSIVE;
				GCC_WARN_UNUSED_FUNCTION = YES;
				GCC_WARN_UNUSED_VARIABLE = YES;
				MACOSX_DEPLOYMENT_TARGET = 10.8;
				MTL_ENABLE_DEBUG_INFO = YES;
				ONLY_ACTIVE_ARCH = YES;
				SDKROOT = macosx;
			};
			name = Debug;
		};
		D9112FB61CD7647C00540550 /* Release */ = {
			isa = XCBuildConfiguration;
			buildSettings = {
				ALWAYS_SEARCH_USER_PATHS = NO;
				CLANG_CXX_LANGUAGE_STANDARD = "gnu++0x";
				CLANG_CXX_LIBRARY = "libc++";
				CLANG_ENABLE_MODULES = YES;
				CLANG_ENABLE_OBJC_ARC = YES;
				CLANG_WARN_BOOL_CONVERSION = YES;
				CLANG_WARN_CONSTANT_CONVERSION = YES;
				CLANG_WARN_DIRECT_OBJC_ISA_USAGE = YES_ERROR;
				CLANG_WARN_EMPTY_BODY = YES;
				CLANG_WARN_ENUM_CONVERSION = YES;
				CLANG_WARN_INT_CONVERSION = YES;
				CLANG_WARN_OBJC_ROOT_CLASS = YES_ERROR;
				CLANG_WARN_UNREACHABLE_CODE = YES;
				CLANG_WARN__DUPLICATE_METHOD_MATCH = YES;
				CODE_SIGN_IDENTITY = "-";
				COPY_PHASE_STRIP = NO;
				DEBUG_INFORMATION_FORMAT = "dwarf-with-dsym";
				ENABLE_NS_ASSERTIONS = NO;
				ENABLE_STRICT_OBJC_MSGSEND = YES;
				GCC_C_LANGUAGE_STANDARD = c11;
				GCC_NO_COMMON_BLOCKS = YES;
				GCC_WARN_64_TO_32_BIT_CONVERSION = YES;
				GCC_WARN_ABOUT_RETURN_TYPE = YES_ERROR;
				GCC_WARN_UNDECLARED_SELECTOR = YES;
				GCC_WARN_UNINITIALIZED_AUTOS = YES_AGGRESSIVE;
				GCC_WARN_UNUSED_FUNCTION = YES;
				GCC_WARN_UNUSED_VARIABLE = YES;
				MACOSX_DEPLOYMENT_TARGET = 10.8;
				MTL_ENABLE_DEBUG_INFO = NO;
				SDKROOT = macosx;
			};
			name = Release;
		};
		D9112FB81CD7647C00540550 /* Debug */ = {
			isa = XCBuildConfiguration;
			buildSettings = {
				LIBRARY_SEARCH_PATHS = (
					"$(inherited)",
					"$(PROJECT_DIR)/LibSodium",
				);
				PRODUCT_NAME = "$(TARGET_NAME)";
			};
			name = Debug;
		};
		D9112FB91CD7647C00540550 /* Release */ = {
			isa = XCBuildConfiguration;
			buildSettings = {
				LIBRARY_SEARCH_PATHS = (
					"$(inherited)",
					"$(PROJECT_DIR)/LibSodium",
				);
				PRODUCT_NAME = "$(TARGET_NAME)";
			};
			name = Release;
		};
/* End XCBuildConfiguration section */

/* Begin XCConfigurationList section */
		D9112FAB1CD7647C00540550 /* Build configuration list for PBXProject "FileHash" */ = {
			isa = XCConfigurationList;
			buildConfigurations = (
				D9112FB51CD7647C00540550 /* Debug */,
				D9112FB61CD7647C00540550 /* Release */,
			);
			defaultConfigurationIsVisible = 0;
			defaultConfigurationName = Release;
		};
		D9112FB71CD7647C00540550 /* Build configuration list for PBXNativeTarget "FileHash" */ = {
			isa = XCConfigurationList;
			buildConfigurations = (
				D9112FB81CD7647C00540550 /* Debug */,
				D9112FB91CD7647C00540550 /* Release */,
			);
			defaultConfigurationIsVisible = 0;
			defaultConfigurationName = Release;
		};
/* End XCConfigurationList section */
	};
	rootObject = D9112FA81CD7647C00540550 /* Project object */;
}
