// !$*UTF8*$!
{
	archiveVersion = 1;
	classes = {
	};
	objectVersion = 51;
	objects = {

/* Begin PBXBuildFile section */
		D9112FA61CD7637100540550 /* libpcap.tbd in Frameworks */ = {isa = PBXBuildFile; fileRef = D9112FA51CD7637100540550 /* libpcap.tbd */; };
		D91C44A82262317100B9C41D /* Service.cpp in Sources */ = {isa = PBXBuildFile; fileRef = D91C449A2262316C00B9C41D /* Service.cpp */; };
		D91C44A92262317100B9C41D /* File.cpp in Sources */ = {isa = PBXBuildFile; fileRef = D91C449B2262316D00B9C41D /* File.cpp */; };
		D91C44AA2262317100B9C41D /* ReadConfiguration.cpp in Sources */ = {isa = PBXBuildFile; fileRef = D91C449C2262316D00B9C41D /* ReadConfiguration.cpp */; };
		D91C44AB2262317100B9C41D /* Text.cpp in Sources */ = {isa = PBXBuildFile; fileRef = D91C449D2262316D00B9C41D /* Text.cpp */; };
		D91C44AC2262317100B9C41D /* Pcap_DNSProxy.cpp in Sources */ = {isa = PBXBuildFile; fileRef = D91C449E2262316E00B9C41D /* Pcap_DNSProxy.cpp */; };
		D91C44AD2262317100B9C41D /* Monitor.cpp in Sources */ = {isa = PBXBuildFile; fileRef = D91C449F2262316E00B9C41D /* Monitor.cpp */; };
		D91C44AE2262317100B9C41D /* Destructor.cpp in Sources */ = {isa = PBXBuildFile; fileRef = D91C44A02262316E00B9C41D /* Destructor.cpp */; };
		D91C44AF2262317100B9C41D /* Environment.cpp in Sources */ = {isa = PBXBuildFile; fileRef = D91C44A12262316F00B9C41D /* Environment.cpp */; };
		D91C44B02262317100B9C41D /* Buffer.cpp in Sources */ = {isa = PBXBuildFile; fileRef = D91C44A22262316F00B9C41D /* Buffer.cpp */; };
		D91C44B12262317100B9C41D /* Network.cpp in Sources */ = {isa = PBXBuildFile; fileRef = D91C44A32262317000B9C41D /* Network.cpp */; };
		D91C44B22262317100B9C41D /* Constructor.cpp in Sources */ = {isa = PBXBuildFile; fileRef = D91C44A42262317000B9C41D /* Constructor.cpp */; };
		D91C44B32262317100B9C41D /* PrintLog.cpp in Sources */ = {isa = PBXBuildFile; fileRef = D91C44A52262317000B9C41D /* PrintLog.cpp */; };
		D91C44B42262317100B9C41D /* ReadCommand.cpp in Sources */ = {isa = PBXBuildFile; fileRef = D91C44A62262317000B9C41D /* ReadCommand.cpp */; };
		D91C44B52262317100B9C41D /* ReadSupport.cpp in Sources */ = {isa = PBXBuildFile; fileRef = D91C44A72262317100B9C41D /* ReadSupport.cpp */; };
		D98C9EA12094DB6F00F62D8A /* LibEvent_OpenSSL_macOS.a in Frameworks */ = {isa = PBXBuildFile; fileRef = D98C9E9F2094DB6F00F62D8A /* LibEvent_OpenSSL_macOS.a */; };
		D9C5DE1520666C5C0004F08D /* LibEvent_Core_macOS.a in Frameworks */ = {isa = PBXBuildFile; fileRef = D9C5DE1420666C5C0004F08D /* LibEvent_Core_macOS.a */; };
		D9EF117D1DDB53C7004E4B90 /* LibSodium_macOS.a in Frameworks */ = {isa = PBXBuildFile; fileRef = D9EF117C1DDB53C7004E4B90 /* LibSodium_macOS.a */; };
		D9EF11801DDB53D7004E4B90 /* LibCrypto_macOS.a in Frameworks */ = {isa = PBXBuildFile; fileRef = D9EF117E1DDB53D7004E4B90 /* LibCrypto_macOS.a */; settings = {ATTRIBUTES = (Required, ); }; };
		D9EF11811DDB53D7004E4B90 /* LibSSL_macOS.a in Frameworks */ = {isa = PBXBuildFile; fileRef = D9EF117F1DDB53D7004E4B90 /* LibSSL_macOS.a */; };
/* End PBXBuildFile section */

/* Begin PBXCopyFilesBuildPhase section */
		D93C46FC1CD7582600CD334A /* CopyFiles */ = {
			isa = PBXCopyFilesBuildPhase;
			buildActionMask = 2147483647;
			dstPath = /usr/share/man/man1/;
			dstSubfolderSpec = 0;
			files = (
			);
			runOnlyForDeploymentPostprocessing = 1;
		};
/* End PBXCopyFilesBuildPhase section */

/* Begin PBXFileReference section */
		D9112FA51CD7637100540550 /* libpcap.tbd */ = {isa = PBXFileReference; lastKnownFileType = "sourcecode.text-based-dylib-definition"; name = libpcap.tbd; path = usr/lib/libpcap.tbd; sourceTree = SDKROOT; };
		D9194C772222C90200254792 /* implementations.h */ = {isa = PBXFileReference; fileEncoding = 4; lastKnownFileType = sourcecode.c.h; name = implementations.h; path = Dependency/LibSodium/Include_macOS/private/implementations.h; sourceTree = "<group>"; };
		D9194C782222C90300254792 /* chacha20_ietf_ext.h */ = {isa = PBXFileReference; fileEncoding = 4; lastKnownFileType = sourcecode.c.h; name = chacha20_ietf_ext.h; path = Dependency/LibSodium/Include_macOS/private/chacha20_ietf_ext.h; sourceTree = "<group>"; };
		D9194C792222C90300254792 /* common.h */ = {isa = PBXFileReference; fileEncoding = 4; lastKnownFileType = sourcecode.c.h; name = common.h; path = Dependency/LibSodium/Include_macOS/private/common.h; sourceTree = "<group>"; };
		D9194C7A2222C90400254792 /* ed25519_ref10_fe_51.h */ = {isa = PBXFileReference; fileEncoding = 4; lastKnownFileType = sourcecode.c.h; name = ed25519_ref10_fe_51.h; path = Dependency/LibSodium/Include_macOS/private/ed25519_ref10_fe_51.h; sourceTree = "<group>"; };
		D9194C7B2222C90400254792 /* ed25519_ref10.h */ = {isa = PBXFileReference; fileEncoding = 4; lastKnownFileType = sourcecode.c.h; name = ed25519_ref10.h; path = Dependency/LibSodium/Include_macOS/private/ed25519_ref10.h; sourceTree = "<group>"; };
		D9194C7C2222C90400254792 /* sse2_64_32.h */ = {isa = PBXFileReference; fileEncoding = 4; lastKnownFileType = sourcecode.c.h; name = sse2_64_32.h; path = Dependency/LibSodium/Include_macOS/private/sse2_64_32.h; sourceTree = "<group>"; };
		D9194C7D2222C90400254792 /* ed25519_ref10_fe_25_5.h */ = {isa = PBXFileReference; fileEncoding = 4; lastKnownFileType = sourcecode.c.h; name = ed25519_ref10_fe_25_5.h; path = Dependency/LibSodium/Include_macOS/private/ed25519_ref10_fe_25_5.h; sourceTree = "<group>"; };
		D9194C7E2222C90400254792 /* mutex.h */ = {isa = PBXFileReference; fileEncoding = 4; lastKnownFileType = sourcecode.c.h; name = mutex.h; path = Dependency/LibSodium/Include_macOS/private/mutex.h; sourceTree = "<group>"; };
		D9194C7F2222C92A00254792 /* crypto_hash.h */ = {isa = PBXFileReference; fileEncoding = 4; lastKnownFileType = sourcecode.c.h; name = crypto_hash.h; path = Dependency/LibSodium/Include_macOS/crypto_hash.h; sourceTree = "<group>"; };
		D9194C802222C92B00254792 /* crypto_generichash_blake2b.h */ = {isa = PBXFileReference; fileEncoding = 4; lastKnownFileType = sourcecode.c.h; name = crypto_generichash_blake2b.h; path = Dependency/LibSodium/Include_macOS/crypto_generichash_blake2b.h; sourceTree = "<group>"; };
		D9194C812222C92B00254792 /* crypto_stream_salsa20.h */ = {isa = PBXFileReference; fileEncoding = 4; lastKnownFileType = sourcecode.c.h; name = crypto_stream_salsa20.h; path = Dependency/LibSodium/Include_macOS/crypto_stream_salsa20.h; sourceTree = "<group>"; };
		D9194C822222C92B00254792 /* crypto_core_hsalsa20.h */ = {isa = PBXFileReference; fileEncoding = 4; lastKnownFileType = sourcecode.c.h; name = crypto_core_hsalsa20.h; path = Dependency/LibSodium/Include_macOS/crypto_core_hsalsa20.h; sourceTree = "<group>"; };
		D9194C832222C92C00254792 /* crypto_shorthash.h */ = {isa = PBXFileReference; fileEncoding = 4; lastKnownFileType = sourcecode.c.h; name = crypto_shorthash.h; path = Dependency/LibSodium/Include_macOS/crypto_shorthash.h; sourceTree = "<group>"; };
		D9194C842222C92C00254792 /* crypto_core_hchacha20.h */ = {isa = PBXFileReference; fileEncoding = 4; lastKnownFileType = sourcecode.c.h; name = crypto_core_hchacha20.h; path = Dependency/LibSodium/Include_macOS/crypto_core_hchacha20.h; sourceTree = "<group>"; };
		D9194C852222C92C00254792 /* crypto_core_salsa20.h */ = {isa = PBXFileReference; fileEncoding = 4; lastKnownFileType = sourcecode.c.h; name = crypto_core_salsa20.h; path = Dependency/LibSodium/Include_macOS/crypto_core_salsa20.h; sourceTree = "<group>"; };
		D9194C862222C92C00254792 /* crypto_secretbox_xsalsa20poly1305.h */ = {isa = PBXFileReference; fileEncoding = 4; lastKnownFileType = sourcecode.c.h; name = crypto_secretbox_xsalsa20poly1305.h; path = Dependency/LibSodium/Include_macOS/crypto_secretbox_xsalsa20poly1305.h; sourceTree = "<group>"; };
		D9194C872222C92C00254792 /* crypto_auth_hmacsha256.h */ = {isa = PBXFileReference; fileEncoding = 4; lastKnownFileType = sourcecode.c.h; name = crypto_auth_hmacsha256.h; path = Dependency/LibSodium/Include_macOS/crypto_auth_hmacsha256.h; sourceTree = "<group>"; };
		D9194C882222C92D00254792 /* crypto_hash_sha512.h */ = {isa = PBXFileReference; fileEncoding = 4; lastKnownFileType = sourcecode.c.h; name = crypto_hash_sha512.h; path = Dependency/LibSodium/Include_macOS/crypto_hash_sha512.h; sourceTree = "<group>"; };
		D9194C892222C92D00254792 /* crypto_sign_ed25519.h */ = {isa = PBXFileReference; fileEncoding = 4; lastKnownFileType = sourcecode.c.h; name = crypto_sign_ed25519.h; path = Dependency/LibSodium/Include_macOS/crypto_sign_ed25519.h; sourceTree = "<group>"; };
		D9194C8A2222C92E00254792 /* crypto_shorthash_siphash24.h */ = {isa = PBXFileReference; fileEncoding = 4; lastKnownFileType = sourcecode.c.h; name = crypto_shorthash_siphash24.h; path = Dependency/LibSodium/Include_macOS/crypto_shorthash_siphash24.h; sourceTree = "<group>"; };
		D9194C8B2222C92E00254792 /* crypto_auth.h */ = {isa = PBXFileReference; fileEncoding = 4; lastKnownFileType = sourcecode.c.h; name = crypto_auth.h; path = Dependency/LibSodium/Include_macOS/crypto_auth.h; sourceTree = "<group>"; };
		D9194C8C2222C92E00254792 /* export.h */ = {isa = PBXFileReference; fileEncoding = 4; lastKnownFileType = sourcecode.c.h; name = export.h; path = Dependency/LibSodium/Include_macOS/export.h; sourceTree = "<group>"; };
		D9194C8D2222C92F00254792 /* crypto_pwhash_argon2id.h */ = {isa = PBXFileReference; fileEncoding = 4; lastKnownFileType = sourcecode.c.h; name = crypto_pwhash_argon2id.h; path = Dependency/LibSodium/Include_macOS/crypto_pwhash_argon2id.h; sourceTree = "<group>"; };
		D9194C8E2222C92F00254792 /* crypto_stream.h */ = {isa = PBXFileReference; fileEncoding = 4; lastKnownFileType = sourcecode.c.h; name = crypto_stream.h; path = Dependency/LibSodium/Include_macOS/crypto_stream.h; sourceTree = "<group>"; };
		D9194C8F2222C93000254792 /* crypto_onetimeauth.h */ = {isa = PBXFileReference; fileEncoding = 4; lastKnownFileType = sourcecode.c.h; name = crypto_onetimeauth.h; path = Dependency/LibSodium/Include_macOS/crypto_onetimeauth.h; sourceTree = "<group>"; };
		D9194C902222C93000254792 /* crypto_aead_xchacha20poly1305.h */ = {isa = PBXFileReference; fileEncoding = 4; lastKnownFileType = sourcecode.c.h; name = crypto_aead_xchacha20poly1305.h; path = Dependency/LibSodium/Include_macOS/crypto_aead_xchacha20poly1305.h; sourceTree = "<group>"; };
		D9194C912222C93000254792 /* crypto_auth_hmacsha512256.h */ = {isa = PBXFileReference; fileEncoding = 4; lastKnownFileType = sourcecode.c.h; name = crypto_auth_hmacsha512256.h; path = Dependency/LibSodium/Include_macOS/crypto_auth_hmacsha512256.h; sourceTree = "<group>"; };
		D9194C922222C93000254792 /* crypto_verify_64.h */ = {isa = PBXFileReference; fileEncoding = 4; lastKnownFileType = sourcecode.c.h; name = crypto_verify_64.h; path = Dependency/LibSodium/Include_macOS/crypto_verify_64.h; sourceTree = "<group>"; };
		D9194C932222C93100254792 /* crypto_core_salsa208.h */ = {isa = PBXFileReference; fileEncoding = 4; lastKnownFileType = sourcecode.c.h; name = crypto_core_salsa208.h; path = Dependency/LibSodium/Include_macOS/crypto_core_salsa208.h; sourceTree = "<group>"; };
		D9194C942222C93200254792 /* crypto_verify_32.h */ = {isa = PBXFileReference; fileEncoding = 4; lastKnownFileType = sourcecode.c.h; name = crypto_verify_32.h; path = Dependency/LibSodium/Include_macOS/crypto_verify_32.h; sourceTree = "<group>"; };
		D9194C952222C93300254792 /* crypto_kdf.h */ = {isa = PBXFileReference; fileEncoding = 4; lastKnownFileType = sourcecode.c.h; name = crypto_kdf.h; path = Dependency/LibSodium/Include_macOS/crypto_kdf.h; sourceTree = "<group>"; };
		D9194C962222C93300254792 /* crypto_aead_chacha20poly1305.h */ = {isa = PBXFileReference; fileEncoding = 4; lastKnownFileType = sourcecode.c.h; name = crypto_aead_chacha20poly1305.h; path = Dependency/LibSodium/Include_macOS/crypto_aead_chacha20poly1305.h; sourceTree = "<group>"; };
		D9194C972222C93300254792 /* crypto_stream_chacha20.h */ = {isa = PBXFileReference; fileEncoding = 4; lastKnownFileType = sourcecode.c.h; name = crypto_stream_chacha20.h; path = Dependency/LibSodium/Include_macOS/crypto_stream_chacha20.h; sourceTree = "<group>"; };
		D9194C982222C93400254792 /* crypto_core_ed25519.h */ = {isa = PBXFileReference; fileEncoding = 4; lastKnownFileType = sourcecode.c.h; name = crypto_core_ed25519.h; path = Dependency/LibSodium/Include_macOS/crypto_core_ed25519.h; sourceTree = "<group>"; };
		D9194C992222C93400254792 /* crypto_generichash.h */ = {isa = PBXFileReference; fileEncoding = 4; lastKnownFileType = sourcecode.c.h; name = crypto_generichash.h; path = Dependency/LibSodium/Include_macOS/crypto_generichash.h; sourceTree = "<group>"; };
		D9194C9A2222C93500254792 /* core.h */ = {isa = PBXFileReference; fileEncoding = 4; lastKnownFileType = sourcecode.c.h; name = core.h; path = Dependency/LibSodium/Include_macOS/core.h; sourceTree = "<group>"; };
		D9194C9B2222C93600254792 /* crypto_core_salsa2012.h */ = {isa = PBXFileReference; fileEncoding = 4; lastKnownFileType = sourcecode.c.h; name = crypto_core_salsa2012.h; path = Dependency/LibSodium/Include_macOS/crypto_core_salsa2012.h; sourceTree = "<group>"; };
		D9194C9C2222C93600254792 /* crypto_box_curve25519xsalsa20poly1305.h */ = {isa = PBXFileReference; fileEncoding = 4; lastKnownFileType = sourcecode.c.h; name = crypto_box_curve25519xsalsa20poly1305.h; path = Dependency/LibSodium/Include_macOS/crypto_box_curve25519xsalsa20poly1305.h; sourceTree = "<group>"; };
		D9194C9D2222C93600254792 /* crypto_scalarmult_ed25519.h */ = {isa = PBXFileReference; fileEncoding = 4; lastKnownFileType = sourcecode.c.h; name = crypto_scalarmult_ed25519.h; path = Dependency/LibSodium/Include_macOS/crypto_scalarmult_ed25519.h; sourceTree = "<group>"; };
		D9194C9E2222C93700254792 /* crypto_stream_xchacha20.h */ = {isa = PBXFileReference; fileEncoding = 4; lastKnownFileType = sourcecode.c.h; name = crypto_stream_xchacha20.h; path = Dependency/LibSodium/Include_macOS/crypto_stream_xchacha20.h; sourceTree = "<group>"; };
		D9194C9F2222C93700254792 /* crypto_box.h */ = {isa = PBXFileReference; fileEncoding = 4; lastKnownFileType = sourcecode.c.h; name = crypto_box.h; path = Dependency/LibSodium/Include_macOS/crypto_box.h; sourceTree = "<group>"; };
		D9194CA02222C93700254792 /* crypto_secretstream_xchacha20poly1305.h */ = {isa = PBXFileReference; fileEncoding = 4; lastKnownFileType = sourcecode.c.h; name = crypto_secretstream_xchacha20poly1305.h; path = Dependency/LibSodium/Include_macOS/crypto_secretstream_xchacha20poly1305.h; sourceTree = "<group>"; };
		D9194CA12222C93800254792 /* crypto_box_curve25519xchacha20poly1305.h */ = {isa = PBXFileReference; fileEncoding = 4; lastKnownFileType = sourcecode.c.h; name = crypto_box_curve25519xchacha20poly1305.h; path = Dependency/LibSodium/Include_macOS/crypto_box_curve25519xchacha20poly1305.h; sourceTree = "<group>"; };
		D9194CA22222C93800254792 /* crypto_scalarmult.h */ = {isa = PBXFileReference; fileEncoding = 4; lastKnownFileType = sourcecode.c.h; name = crypto_scalarmult.h; path = Dependency/LibSodium/Include_macOS/crypto_scalarmult.h; sourceTree = "<group>"; };
		D9194CA32222C93800254792 /* crypto_scalarmult_curve25519.h */ = {isa = PBXFileReference; fileEncoding = 4; lastKnownFileType = sourcecode.c.h; name = crypto_scalarmult_curve25519.h; path = Dependency/LibSodium/Include_macOS/crypto_scalarmult_curve25519.h; sourceTree = "<group>"; };
		D9194CA42222C93900254792 /* crypto_pwhash_scryptsalsa208sha256.h */ = {isa = PBXFileReference; fileEncoding = 4; lastKnownFileType = sourcecode.c.h; name = crypto_pwhash_scryptsalsa208sha256.h; path = Dependency/LibSodium/Include_macOS/crypto_pwhash_scryptsalsa208sha256.h; sourceTree = "<group>"; };
		D9194CA52222C93900254792 /* crypto_stream_salsa2012.h */ = {isa = PBXFileReference; fileEncoding = 4; lastKnownFileType = sourcecode.c.h; name = crypto_stream_salsa2012.h; path = Dependency/LibSodium/Include_macOS/crypto_stream_salsa2012.h; sourceTree = "<group>"; };
		D9194CA62222C93900254792 /* crypto_stream_salsa208.h */ = {isa = PBXFileReference; fileEncoding = 4; lastKnownFileType = sourcecode.c.h; name = crypto_stream_salsa208.h; path = Dependency/LibSodium/Include_macOS/crypto_stream_salsa208.h; sourceTree = "<group>"; };
		D9194CA72222C93A00254792 /* crypto_stream_xsalsa20.h */ = {isa = PBXFileReference; fileEncoding = 4; lastKnownFileType = sourcecode.c.h; name = crypto_stream_xsalsa20.h; path = Dependency/LibSodium/Include_macOS/crypto_stream_xsalsa20.h; sourceTree = "<group>"; };
		D9194CA82222C93A00254792 /* crypto_pwhash_argon2i.h */ = {isa = PBXFileReference; fileEncoding = 4; lastKnownFileType = sourcecode.c.h; name = crypto_pwhash_argon2i.h; path = Dependency/LibSodium/Include_macOS/crypto_pwhash_argon2i.h; sourceTree = "<group>"; };
		D9194CA92222C93A00254792 /* crypto_kx.h */ = {isa = PBXFileReference; fileEncoding = 4; lastKnownFileType = sourcecode.c.h; name = crypto_kx.h; path = Dependency/LibSodium/Include_macOS/crypto_kx.h; sourceTree = "<group>"; };
		D9194CAA2222C93B00254792 /* crypto_secretbox_xchacha20poly1305.h */ = {isa = PBXFileReference; fileEncoding = 4; lastKnownFileType = sourcecode.c.h; name = crypto_secretbox_xchacha20poly1305.h; path = Dependency/LibSodium/Include_macOS/crypto_secretbox_xchacha20poly1305.h; sourceTree = "<group>"; };
		D9194CAB2222C93B00254792 /* crypto_sign.h */ = {isa = PBXFileReference; fileEncoding = 4; lastKnownFileType = sourcecode.c.h; name = crypto_sign.h; path = Dependency/LibSodium/Include_macOS/crypto_sign.h; sourceTree = "<group>"; };
		D9194CAC2222C93B00254792 /* crypto_verify_16.h */ = {isa = PBXFileReference; fileEncoding = 4; lastKnownFileType = sourcecode.c.h; name = crypto_verify_16.h; path = Dependency/LibSodium/Include_macOS/crypto_verify_16.h; sourceTree = "<group>"; };
		D9194CAD2222C93C00254792 /* crypto_sign_edwards25519sha512batch.h */ = {isa = PBXFileReference; fileEncoding = 4; lastKnownFileType = sourcecode.c.h; name = crypto_sign_edwards25519sha512batch.h; path = Dependency/LibSodium/Include_macOS/crypto_sign_edwards25519sha512batch.h; sourceTree = "<group>"; };
		D9194CAE2222C93C00254792 /* crypto_hash_sha256.h */ = {isa = PBXFileReference; fileEncoding = 4; lastKnownFileType = sourcecode.c.h; name = crypto_hash_sha256.h; path = Dependency/LibSodium/Include_macOS/crypto_hash_sha256.h; sourceTree = "<group>"; };
		D9194CAF2222C93C00254792 /* crypto_aead_aes256gcm.h */ = {isa = PBXFileReference; fileEncoding = 4; lastKnownFileType = sourcecode.c.h; name = crypto_aead_aes256gcm.h; path = Dependency/LibSodium/Include_macOS/crypto_aead_aes256gcm.h; sourceTree = "<group>"; };
		D9194CB02222C93D00254792 /* crypto_onetimeauth_poly1305.h */ = {isa = PBXFileReference; fileEncoding = 4; lastKnownFileType = sourcecode.c.h; name = crypto_onetimeauth_poly1305.h; path = Dependency/LibSodium/Include_macOS/crypto_onetimeauth_poly1305.h; sourceTree = "<group>"; };
		D9194CB12222C93D00254792 /* crypto_secretbox.h */ = {isa = PBXFileReference; fileEncoding = 4; lastKnownFileType = sourcecode.c.h; name = crypto_secretbox.h; path = Dependency/LibSodium/Include_macOS/crypto_secretbox.h; sourceTree = "<group>"; };
		D9194CB22222C93D00254792 /* crypto_kdf_blake2b.h */ = {isa = PBXFileReference; fileEncoding = 4; lastKnownFileType = sourcecode.c.h; name = crypto_kdf_blake2b.h; path = Dependency/LibSodium/Include_macOS/crypto_kdf_blake2b.h; sourceTree = "<group>"; };
		D9194CB32222C93E00254792 /* crypto_auth_hmacsha512.h */ = {isa = PBXFileReference; fileEncoding = 4; lastKnownFileType = sourcecode.c.h; name = crypto_auth_hmacsha512.h; path = Dependency/LibSodium/Include_macOS/crypto_auth_hmacsha512.h; sourceTree = "<group>"; };
		D9194CB42222C93E00254792 /* crypto_pwhash.h */ = {isa = PBXFileReference; fileEncoding = 4; lastKnownFileType = sourcecode.c.h; name = crypto_pwhash.h; path = Dependency/LibSodium/Include_macOS/crypto_pwhash.h; sourceTree = "<group>"; };
		D9194CB62222C97400254792 /* utils.h */ = {isa = PBXFileReference; fileEncoding = 4; lastKnownFileType = sourcecode.c.h; name = utils.h; path = Dependency/LibSodium/Include_macOS/utils.h; sourceTree = "<group>"; };
		D9194CB72222C97600254792 /* randombytes_salsa20_random.h */ = {isa = PBXFileReference; fileEncoding = 4; lastKnownFileType = sourcecode.c.h; name = randombytes_salsa20_random.h; path = Dependency/LibSodium/Include_macOS/randombytes_salsa20_random.h; sourceTree = "<group>"; };
		D9194CB82222C97600254792 /* version.h */ = {isa = PBXFileReference; fileEncoding = 4; lastKnownFileType = sourcecode.c.h; name = version.h; path = Dependency/LibSodium/Include_macOS/version.h; sourceTree = "<group>"; };
		D9194CB92222C97600254792 /* randombytes.h */ = {isa = PBXFileReference; fileEncoding = 4; lastKnownFileType = sourcecode.c.h; name = randombytes.h; path = Dependency/LibSodium/Include_macOS/randombytes.h; sourceTree = "<group>"; };
		D9194CBA2222C97700254792 /* randombytes_nativeclient.h */ = {isa = PBXFileReference; fileEncoding = 4; lastKnownFileType = sourcecode.c.h; name = randombytes_nativeclient.h; path = Dependency/LibSodium/Include_macOS/randombytes_nativeclient.h; sourceTree = "<group>"; };
		D9194CBB2222C97700254792 /* randombytes_sysrandom.h */ = {isa = PBXFileReference; fileEncoding = 4; lastKnownFileType = sourcecode.c.h; name = randombytes_sysrandom.h; path = Dependency/LibSodium/Include_macOS/randombytes_sysrandom.h; sourceTree = "<group>"; };
		D9194CBC2222C97800254792 /* sodium.h */ = {isa = PBXFileReference; fileEncoding = 4; lastKnownFileType = sourcecode.c.h; name = sodium.h; path = Dependency/LibSodium/Include_macOS/sodium.h; sourceTree = "<group>"; };
		D9194CBD2222C97900254792 /* runtime.h */ = {isa = PBXFileReference; fileEncoding = 4; lastKnownFileType = sourcecode.c.h; name = runtime.h; path = Dependency/LibSodium/Include_macOS/runtime.h; sourceTree = "<group>"; };
		D91C44842262313F00B9C41D /* Include.h */ = {isa = PBXFileReference; fileEncoding = 4; lastKnownFileType = sourcecode.c.h; name = Include.h; path = Pcap_DNSProxy/Include/Include.h; sourceTree = SOURCE_ROOT; };
		D91C44852262313F00B9C41D /* Template.h */ = {isa = PBXFileReference; fileEncoding = 4; lastKnownFileType = sourcecode.c.h; name = Template.h; path = Pcap_DNSProxy/Include/Template.h; sourceTree = SOURCE_ROOT; };
		D91C44862262313F00B9C41D /* ReadCommand.h */ = {isa = PBXFileReference; fileEncoding = 4; lastKnownFileType = sourcecode.c.h; name = ReadCommand.h; path = Pcap_DNSProxy/Include/ReadCommand.h; sourceTree = SOURCE_ROOT; };
		D91C44872262313F00B9C41D /* Destructor.h */ = {isa = PBXFileReference; fileEncoding = 4; lastKnownFileType = sourcecode.c.h; name = Destructor.h; path = Pcap_DNSProxy/Include/Destructor.h; sourceTree = SOURCE_ROOT; };
		D91C44882262313F00B9C41D /* Buffer.h */ = {isa = PBXFileReference; fileEncoding = 4; lastKnownFileType = sourcecode.c.h; name = Buffer.h; path = Pcap_DNSProxy/Include/Buffer.h; sourceTree = SOURCE_ROOT; };
		D91C44892262314000B9C41D /* Type.h */ = {isa = PBXFileReference; fileEncoding = 4; lastKnownFileType = sourcecode.c.h; name = Type.h; path = Pcap_DNSProxy/Include/Type.h; sourceTree = SOURCE_ROOT; };
		D91C448A2262314000B9C41D /* Service.h */ = {isa = PBXFileReference; fileEncoding = 4; lastKnownFileType = sourcecode.c.h; name = Service.h; path = Pcap_DNSProxy/Include/Service.h; sourceTree = SOURCE_ROOT; };
		D91C448B2262314000B9C41D /* Constructor.h */ = {isa = PBXFileReference; fileEncoding = 4; lastKnownFileType = sourcecode.c.h; name = Constructor.h; path = Pcap_DNSProxy/Include/Constructor.h; sourceTree = SOURCE_ROOT; };
		D91C448C2262314100B9C41D /* Network.h */ = {isa = PBXFileReference; fileEncoding = 4; lastKnownFileType = sourcecode.c.h; name = Network.h; path = Pcap_DNSProxy/Include/Network.h; sourceTree = SOURCE_ROOT; };
		D91C448D2262314100B9C41D /* Environment.h */ = {isa = PBXFileReference; fileEncoding = 4; lastKnownFileType = sourcecode.c.h; name = Environment.h; path = Pcap_DNSProxy/Include/Environment.h; sourceTree = SOURCE_ROOT; };
		D91C448E2262314200B9C41D /* Definition.h */ = {isa = PBXFileReference; fileEncoding = 4; lastKnownFileType = sourcecode.c.h; name = Definition.h; path = Pcap_DNSProxy/Include/Definition.h; sourceTree = SOURCE_ROOT; };
		D91C448F2262314200B9C41D /* Pcap_DNSProxy.h */ = {isa = PBXFileReference; fileEncoding = 4; lastKnownFileType = sourcecode.c.h; name = Pcap_DNSProxy.h; path = Pcap_DNSProxy/Include/Pcap_DNSProxy.h; sourceTree = SOURCE_ROOT; };
		D91C44902262314300B9C41D /* Class.h */ = {isa = PBXFileReference; fileEncoding = 4; lastKnownFileType = sourcecode.c.h; name = Class.h; path = Pcap_DNSProxy/Include/Class.h; sourceTree = SOURCE_ROOT; };
		D91C44912262314300B9C41D /* Platform.h */ = {isa = PBXFileReference; fileEncoding = 4; lastKnownFileType = sourcecode.c.h; name = Platform.h; path = Pcap_DNSProxy/Include/Platform.h; sourceTree = SOURCE_ROOT; };
		D91C44922262314300B9C41D /* PrintLog.h */ = {isa = PBXFileReference; fileEncoding = 4; lastKnownFileType = sourcecode.c.h; name = PrintLog.h; path = Pcap_DNSProxy/Include/PrintLog.h; sourceTree = SOURCE_ROOT; };
		D91C44932262314400B9C41D /* File.h */ = {isa = PBXFileReference; fileEncoding = 4; lastKnownFileType = sourcecode.c.h; name = File.h; path = Pcap_DNSProxy/Include/File.h; sourceTree = SOURCE_ROOT; };
		D91C44942262314500B9C41D /* ReadConfiguration.h */ = {isa = PBXFileReference; fileEncoding = 4; lastKnownFileType = sourcecode.c.h; name = ReadConfiguration.h; path = Pcap_DNSProxy/Include/ReadConfiguration.h; sourceTree = SOURCE_ROOT; };
		D91C44952262314600B9C41D /* ReadSupport.h */ = {isa = PBXFileReference; fileEncoding = 4; lastKnownFileType = sourcecode.c.h; name = ReadSupport.h; path = Pcap_DNSProxy/Include/ReadSupport.h; sourceTree = SOURCE_ROOT; };
		D91C44962262314600B9C41D /* Monitor.h */ = {isa = PBXFileReference; fileEncoding = 4; lastKnownFileType = sourcecode.c.h; name = Monitor.h; path = Pcap_DNSProxy/Include/Monitor.h; sourceTree = SOURCE_ROOT; };
		D91C44972262314B00B9C41D /* Structure.h */ = {isa = PBXFileReference; fileEncoding = 4; lastKnownFileType = sourcecode.c.h; name = Structure.h; path = Pcap_DNSProxy/Include/Structure.h; sourceTree = SOURCE_ROOT; };
		D91C44982262314B00B9C41D /* Text.h */ = {isa = PBXFileReference; fileEncoding = 4; lastKnownFileType = sourcecode.c.h; name = Text.h; path = Pcap_DNSProxy/Include/Text.h; sourceTree = SOURCE_ROOT; };
		D91C44992262314C00B9C41D /* Version.h */ = {isa = PBXFileReference; fileEncoding = 4; lastKnownFileType = sourcecode.c.h; name = Version.h; path = Pcap_DNSProxy/Include/Version.h; sourceTree = SOURCE_ROOT; };
		D91C449A2262316C00B9C41D /* Service.cpp */ = {isa = PBXFileReference; fileEncoding = 4; lastKnownFileType = sourcecode.cpp.cpp; name = Service.cpp; path = Pcap_DNSProxy/Source/Service.cpp; sourceTree = SOURCE_ROOT; };
		D91C449B2262316D00B9C41D /* File.cpp */ = {isa = PBXFileReference; fileEncoding = 4; lastKnownFileType = sourcecode.cpp.cpp; name = File.cpp; path = Pcap_DNSProxy/Source/File.cpp; sourceTree = SOURCE_ROOT; };
		D91C449C2262316D00B9C41D /* ReadConfiguration.cpp */ = {isa = PBXFileReference; fileEncoding = 4; lastKnownFileType = sourcecode.cpp.cpp; name = ReadConfiguration.cpp; path = Pcap_DNSProxy/Source/ReadConfiguration.cpp; sourceTree = SOURCE_ROOT; };
		D91C449D2262316D00B9C41D /* Text.cpp */ = {isa = PBXFileReference; fileEncoding = 4; lastKnownFileType = sourcecode.cpp.cpp; name = Text.cpp; path = Pcap_DNSProxy/Source/Text.cpp; sourceTree = SOURCE_ROOT; };
		D91C449E2262316E00B9C41D /* Pcap_DNSProxy.cpp */ = {isa = PBXFileReference; fileEncoding = 4; lastKnownFileType = sourcecode.cpp.cpp; name = Pcap_DNSProxy.cpp; path = Pcap_DNSProxy/Source/Pcap_DNSProxy.cpp; sourceTree = SOURCE_ROOT; };
		D91C449F2262316E00B9C41D /* Monitor.cpp */ = {isa = PBXFileReference; fileEncoding = 4; lastKnownFileType = sourcecode.cpp.cpp; name = Monitor.cpp; path = Pcap_DNSProxy/Source/Monitor.cpp; sourceTree = SOURCE_ROOT; };
		D91C44A02262316E00B9C41D /* Destructor.cpp */ = {isa = PBXFileReference; fileEncoding = 4; lastKnownFileType = sourcecode.cpp.cpp; name = Destructor.cpp; path = Pcap_DNSProxy/Source/Destructor.cpp; sourceTree = SOURCE_ROOT; };
		D91C44A12262316F00B9C41D /* Environment.cpp */ = {isa = PBXFileReference; fileEncoding = 4; lastKnownFileType = sourcecode.cpp.cpp; name = Environment.cpp; path = Pcap_DNSProxy/Source/Environment.cpp; sourceTree = SOURCE_ROOT; };
		D91C44A22262316F00B9C41D /* Buffer.cpp */ = {isa = PBXFileReference; fileEncoding = 4; lastKnownFileType = sourcecode.cpp.cpp; name = Buffer.cpp; path = Pcap_DNSProxy/Source/Buffer.cpp; sourceTree = SOURCE_ROOT; };
		D91C44A32262317000B9C41D /* Network.cpp */ = {isa = PBXFileReference; fileEncoding = 4; lastKnownFileType = sourcecode.cpp.cpp; name = Network.cpp; path = Pcap_DNSProxy/Source/Network.cpp; sourceTree = SOURCE_ROOT; };
		D91C44A42262317000B9C41D /* Constructor.cpp */ = {isa = PBXFileReference; fileEncoding = 4; lastKnownFileType = sourcecode.cpp.cpp; name = Constructor.cpp; path = Pcap_DNSProxy/Source/Constructor.cpp; sourceTree = SOURCE_ROOT; };
		D91C44A52262317000B9C41D /* PrintLog.cpp */ = {isa = PBXFileReference; fileEncoding = 4; lastKnownFileType = sourcecode.cpp.cpp; name = PrintLog.cpp; path = Pcap_DNSProxy/Source/PrintLog.cpp; sourceTree = SOURCE_ROOT; };
		D91C44A62262317000B9C41D /* ReadCommand.cpp */ = {isa = PBXFileReference; fileEncoding = 4; lastKnownFileType = sourcecode.cpp.cpp; name = ReadCommand.cpp; path = Pcap_DNSProxy/Source/ReadCommand.cpp; sourceTree = SOURCE_ROOT; };
		D91C44A72262317100B9C41D /* ReadSupport.cpp */ = {isa = PBXFileReference; fileEncoding = 4; lastKnownFileType = sourcecode.cpp.cpp; name = ReadSupport.cpp; path = Pcap_DNSProxy/Source/ReadSupport.cpp; sourceTree = SOURCE_ROOT; };
		D93C46FE1CD7582600CD334A /* Pcap_DNSProxy */ = {isa = PBXFileReference; explicitFileType = "compiled.mach-o.executable"; includeInIndex = 0; path = Pcap_DNSProxy; sourceTree = BUILT_PRODUCTS_DIR; };
		D98C9E9F2094DB6F00F62D8A /* LibEvent_OpenSSL_macOS.a */ = {isa = PBXFileReference; lastKnownFileType = archive.ar; name = LibEvent_OpenSSL_macOS.a; path = Dependency/LibEvent/LibEvent_OpenSSL_macOS.a; sourceTree = "<group>"; };
		D9AE6F342222BEA500338098 /* event_compat.h */ = {isa = PBXFileReference; fileEncoding = 4; lastKnownFileType = sourcecode.c.h; name = event_compat.h; path = Dependency/LibEvent/Include_macOS/event2/event_compat.h; sourceTree = "<group>"; };
		D9AE6F352222BEA500338098 /* bufferevent_struct.h */ = {isa = PBXFileReference; fileEncoding = 4; lastKnownFileType = sourcecode.c.h; name = bufferevent_struct.h; path = Dependency/LibEvent/Include_macOS/event2/bufferevent_struct.h; sourceTree = "<group>"; };
		D9AE6F362222BEA500338098 /* dns_compat.h */ = {isa = PBXFileReference; fileEncoding = 4; lastKnownFileType = sourcecode.c.h; name = dns_compat.h; path = Dependency/LibEvent/Include_macOS/event2/dns_compat.h; sourceTree = "<group>"; };
		D9AE6F372222BEA600338098 /* event_struct.h */ = {isa = PBXFileReference; fileEncoding = 4; lastKnownFileType = sourcecode.c.h; name = event_struct.h; path = Dependency/LibEvent/Include_macOS/event2/event_struct.h; sourceTree = "<group>"; };
		D9AE6F382222BEA600338098 /* http_compat.h */ = {isa = PBXFileReference; fileEncoding = 4; lastKnownFileType = sourcecode.c.h; name = http_compat.h; path = Dependency/LibEvent/Include_macOS/event2/http_compat.h; sourceTree = "<group>"; };
		D9AE6F392222BEA600338098 /* rpc.h */ = {isa = PBXFileReference; fileEncoding = 4; lastKnownFileType = sourcecode.c.h; name = rpc.h; path = Dependency/LibEvent/Include_macOS/event2/rpc.h; sourceTree = "<group>"; };
		D9AE6F3A2222BEA700338098 /* util.h */ = {isa = PBXFileReference; fileEncoding = 4; lastKnownFileType = sourcecode.c.h; name = util.h; path = Dependency/LibEvent/Include_macOS/event2/util.h; sourceTree = "<group>"; };
		D9AE6F3B2222BEA700338098 /* http.h */ = {isa = PBXFileReference; fileEncoding = 4; lastKnownFileType = sourcecode.c.h; name = http.h; path = Dependency/LibEvent/Include_macOS/event2/http.h; sourceTree = "<group>"; };
		D9AE6F3C2222BEA700338098 /* dns_struct.h */ = {isa = PBXFileReference; fileEncoding = 4; lastKnownFileType = sourcecode.c.h; name = dns_struct.h; path = Dependency/LibEvent/Include_macOS/event2/dns_struct.h; sourceTree = "<group>"; };
		D9AE6F3D2222BEA800338098 /* buffer.h */ = {isa = PBXFileReference; fileEncoding = 4; lastKnownFileType = sourcecode.c.h; name = buffer.h; path = Dependency/LibEvent/Include_macOS/event2/buffer.h; sourceTree = "<group>"; };
		D9AE6F3E2222BEA800338098 /* bufferevent.h */ = {isa = PBXFileReference; fileEncoding = 4; lastKnownFileType = sourcecode.c.h; name = bufferevent.h; path = Dependency/LibEvent/Include_macOS/event2/bufferevent.h; sourceTree = "<group>"; };
		D9AE6F3F2222BEA800338098 /* tag.h */ = {isa = PBXFileReference; fileEncoding = 4; lastKnownFileType = sourcecode.c.h; name = tag.h; path = Dependency/LibEvent/Include_macOS/event2/tag.h; sourceTree = "<group>"; };
		D9AE6F402222BEA800338098 /* thread.h */ = {isa = PBXFileReference; fileEncoding = 4; lastKnownFileType = sourcecode.c.h; name = thread.h; path = Dependency/LibEvent/Include_macOS/event2/thread.h; sourceTree = "<group>"; };
		D9AE6F412222BEA800338098 /* rpc_compat.h */ = {isa = PBXFileReference; fileEncoding = 4; lastKnownFileType = sourcecode.c.h; name = rpc_compat.h; path = Dependency/LibEvent/Include_macOS/event2/rpc_compat.h; sourceTree = "<group>"; };
		D9AE6F422222BEA900338098 /* listener.h */ = {isa = PBXFileReference; fileEncoding = 4; lastKnownFileType = sourcecode.c.h; name = listener.h; path = Dependency/LibEvent/Include_macOS/event2/listener.h; sourceTree = "<group>"; };
		D9AE6F432222BEA900338098 /* tag_compat.h */ = {isa = PBXFileReference; fileEncoding = 4; lastKnownFileType = sourcecode.c.h; name = tag_compat.h; path = Dependency/LibEvent/Include_macOS/event2/tag_compat.h; sourceTree = "<group>"; };
		D9AE6F442222BEA900338098 /* http_struct.h */ = {isa = PBXFileReference; fileEncoding = 4; lastKnownFileType = sourcecode.c.h; name = http_struct.h; path = Dependency/LibEvent/Include_macOS/event2/http_struct.h; sourceTree = "<group>"; };
		D9AE6F452222BEA900338098 /* bufferevent_ssl.h */ = {isa = PBXFileReference; fileEncoding = 4; lastKnownFileType = sourcecode.c.h; name = bufferevent_ssl.h; path = Dependency/LibEvent/Include_macOS/event2/bufferevent_ssl.h; sourceTree = "<group>"; };
		D9AE6F462222BEA900338098 /* dns.h */ = {isa = PBXFileReference; fileEncoding = 4; lastKnownFileType = sourcecode.c.h; name = dns.h; path = Dependency/LibEvent/Include_macOS/event2/dns.h; sourceTree = "<group>"; };
		D9AE6F472222BEAA00338098 /* event.h */ = {isa = PBXFileReference; fileEncoding = 4; lastKnownFileType = sourcecode.c.h; name = event.h; path = Dependency/LibEvent/Include_macOS/event2/event.h; sourceTree = "<group>"; };
		D9AE6F482222BEAB00338098 /* bufferevent_compat.h */ = {isa = PBXFileReference; fileEncoding = 4; lastKnownFileType = sourcecode.c.h; name = bufferevent_compat.h; path = Dependency/LibEvent/Include_macOS/event2/bufferevent_compat.h; sourceTree = "<group>"; };
		D9AE6F492222BEAB00338098 /* keyvalq_struct.h */ = {isa = PBXFileReference; fileEncoding = 4; lastKnownFileType = sourcecode.c.h; name = keyvalq_struct.h; path = Dependency/LibEvent/Include_macOS/event2/keyvalq_struct.h; sourceTree = "<group>"; };
		D9AE6F4A2222BEAC00338098 /* buffer_compat.h */ = {isa = PBXFileReference; fileEncoding = 4; lastKnownFileType = sourcecode.c.h; name = buffer_compat.h; path = Dependency/LibEvent/Include_macOS/event2/buffer_compat.h; sourceTree = "<group>"; };
		D9AE6F4B2222BEAC00338098 /* visibility.h */ = {isa = PBXFileReference; fileEncoding = 4; lastKnownFileType = sourcecode.c.h; name = visibility.h; path = Dependency/LibEvent/Include_macOS/event2/visibility.h; sourceTree = "<group>"; };
		D9AE6F4C2222BEAD00338098 /* rpc_struct.h */ = {isa = PBXFileReference; fileEncoding = 4; lastKnownFileType = sourcecode.c.h; name = rpc_struct.h; path = Dependency/LibEvent/Include_macOS/event2/rpc_struct.h; sourceTree = "<group>"; };
		D9AE6F4D2222BEAD00338098 /* event-config.h */ = {isa = PBXFileReference; fileEncoding = 4; lastKnownFileType = sourcecode.c.h; name = "event-config.h"; path = "Dependency/LibEvent/Include_macOS/event2/event-config.h"; sourceTree = "<group>"; };
		D9AE6F4E2222BEFC00338098 /* event.h */ = {isa = PBXFileReference; fileEncoding = 4; lastKnownFileType = sourcecode.c.h; name = event.h; path = Dependency/LibEvent/Include_macOS/event.h; sourceTree = "<group>"; };
		D9AE6F4F2222BEFC00338098 /* evutil.h */ = {isa = PBXFileReference; fileEncoding = 4; lastKnownFileType = sourcecode.c.h; name = evutil.h; path = Dependency/LibEvent/Include_macOS/evutil.h; sourceTree = "<group>"; };
		D9AE6F512222BEFD00338098 /* evdns.h */ = {isa = PBXFileReference; fileEncoding = 4; lastKnownFileType = sourcecode.c.h; name = evdns.h; path = Dependency/LibEvent/Include_macOS/evdns.h; sourceTree = "<group>"; };
		D9AE6F522222BEFD00338098 /* evhttp.h */ = {isa = PBXFileReference; fileEncoding = 4; lastKnownFileType = sourcecode.c.h; name = evhttp.h; path = Dependency/LibEvent/Include_macOS/evhttp.h; sourceTree = "<group>"; };
		D9AE6F532222BEFD00338098 /* evrpc.h */ = {isa = PBXFileReference; fileEncoding = 4; lastKnownFileType = sourcecode.c.h; name = evrpc.h; path = Dependency/LibEvent/Include_macOS/evrpc.h; sourceTree = "<group>"; };
		D9AE6F572222BFDB00338098 /* dane.h */ = {isa = PBXFileReference; fileEncoding = 4; lastKnownFileType = sourcecode.c.h; name = dane.h; path = Dependency/OpenSSL/Include/internal/dane.h; sourceTree = "<group>"; };
		D9AE6F582222BFDB00338098 /* o_dir.h */ = {isa = PBXFileReference; fileEncoding = 4; lastKnownFileType = sourcecode.c.h; name = o_dir.h; path = Dependency/OpenSSL/Include/internal/o_dir.h; sourceTree = "<group>"; };
		D9AE6F592222BFDB00338098 /* sslconf.h */ = {isa = PBXFileReference; fileEncoding = 4; lastKnownFileType = sourcecode.c.h; name = sslconf.h; path = Dependency/OpenSSL/Include/internal/sslconf.h; sourceTree = "<group>"; };
		D9AE6F5A2222BFDB00338098 /* err.h */ = {isa = PBXFileReference; fileEncoding = 4; lastKnownFileType = sourcecode.c.h; name = err.h; path = Dependency/OpenSSL/Include/internal/err.h; sourceTree = "<group>"; };
		D9AE6F5B2222BFDB00338098 /* o_str.h */ = {isa = PBXFileReference; fileEncoding = 4; lastKnownFileType = sourcecode.c.h; name = o_str.h; path = Dependency/OpenSSL/Include/internal/o_str.h; sourceTree = "<group>"; };
		D9AE6F5C2222BFDC00338098 /* nelem.h */ = {isa = PBXFileReference; fileEncoding = 4; lastKnownFileType = sourcecode.c.h; name = nelem.h; path = Dependency/OpenSSL/Include/internal/nelem.h; sourceTree = "<group>"; };
		D9AE6F5D2222BFDC00338098 /* thread_once.h */ = {isa = PBXFileReference; fileEncoding = 4; lastKnownFileType = sourcecode.c.h; name = thread_once.h; path = Dependency/OpenSSL/Include/internal/thread_once.h; sourceTree = "<group>"; };
		D9AE6F5E2222BFDC00338098 /* bio.h */ = {isa = PBXFileReference; fileEncoding = 4; lastKnownFileType = sourcecode.c.h; name = bio.h; path = Dependency/OpenSSL/Include/internal/bio.h; sourceTree = "<group>"; };
		D9AE6F5F2222BFDC00338098 /* tsan_assist.h */ = {isa = PBXFileReference; fileEncoding = 4; lastKnownFileType = sourcecode.c.h; name = tsan_assist.h; path = Dependency/OpenSSL/Include/internal/tsan_assist.h; sourceTree = "<group>"; };
		D9AE6F602222BFDD00338098 /* refcount.h */ = {isa = PBXFileReference; fileEncoding = 4; lastKnownFileType = sourcecode.c.h; name = refcount.h; path = Dependency/OpenSSL/Include/internal/refcount.h; sourceTree = "<group>"; };
		D9AE6F612222BFDD00338098 /* __DECC_INCLUDE_EPILOGUE.H */ = {isa = PBXFileReference; fileEncoding = 4; lastKnownFileType = sourcecode.cpp.h; name = __DECC_INCLUDE_EPILOGUE.H; path = Dependency/OpenSSL/Include/internal/__DECC_INCLUDE_EPILOGUE.H; sourceTree = "<group>"; };
		D9AE6F622222BFDD00338098 /* comp.h */ = {isa = PBXFileReference; fileEncoding = 4; lastKnownFileType = sourcecode.c.h; name = comp.h; path = Dependency/OpenSSL/Include/internal/comp.h; sourceTree = "<group>"; };
		D9AE6F632222BFDE00338098 /* cryptlib.h */ = {isa = PBXFileReference; fileEncoding = 4; lastKnownFileType = sourcecode.c.h; name = cryptlib.h; path = Dependency/OpenSSL/Include/internal/cryptlib.h; sourceTree = "<group>"; };
		D9AE6F642222BFDE00338098 /* numbers.h */ = {isa = PBXFileReference; fileEncoding = 4; lastKnownFileType = sourcecode.c.h; name = numbers.h; path = Dependency/OpenSSL/Include/internal/numbers.h; sourceTree = "<group>"; };
		D9AE6F652222BFDE00338098 /* dso.h */ = {isa = PBXFileReference; fileEncoding = 4; lastKnownFileType = sourcecode.c.h; name = dso.h; path = Dependency/OpenSSL/Include/internal/dso.h; sourceTree = "<group>"; };
		D9AE6F662222BFDE00338098 /* sockets.h */ = {isa = PBXFileReference; fileEncoding = 4; lastKnownFileType = sourcecode.c.h; name = sockets.h; path = Dependency/OpenSSL/Include/internal/sockets.h; sourceTree = "<group>"; };
		D9AE6F672222BFDF00338098 /* conf.h */ = {isa = PBXFileReference; fileEncoding = 4; lastKnownFileType = sourcecode.c.h; name = conf.h; path = Dependency/OpenSSL/Include/internal/conf.h; sourceTree = "<group>"; };
		D9AE6F682222BFDF00338098 /* dsoerr.h */ = {isa = PBXFileReference; fileEncoding = 4; lastKnownFileType = sourcecode.c.h; name = dsoerr.h; path = Dependency/OpenSSL/Include/internal/dsoerr.h; sourceTree = "<group>"; };
		D9AE6F692222BFDF00338098 /* __DECC_INCLUDE_PROLOGUE.H */ = {isa = PBXFileReference; fileEncoding = 4; lastKnownFileType = sourcecode.cpp.h; name = __DECC_INCLUDE_PROLOGUE.H; path = Dependency/OpenSSL/Include/internal/__DECC_INCLUDE_PROLOGUE.H; sourceTree = "<group>"; };
		D9AE6F6A2222BFE000338098 /* constant_time_locl.h */ = {isa = PBXFileReference; fileEncoding = 4; lastKnownFileType = sourcecode.c.h; name = constant_time_locl.h; path = Dependency/OpenSSL/Include/internal/constant_time_locl.h; sourceTree = "<group>"; };
		D9AE6F6C2222C00E00338098 /* ssl3.h */ = {isa = PBXFileReference; fileEncoding = 4; lastKnownFileType = sourcecode.c.h; name = ssl3.h; path = Dependency/OpenSSL/Include/openssl/ssl3.h; sourceTree = "<group>"; };
		D9AE6F6D2222C00E00338098 /* engineerr.h */ = {isa = PBXFileReference; fileEncoding = 4; lastKnownFileType = sourcecode.c.h; name = engineerr.h; path = Dependency/OpenSSL/Include/openssl/engineerr.h; sourceTree = "<group>"; };
		D9AE6F6E2222C00F00338098 /* sha.h */ = {isa = PBXFileReference; fileEncoding = 4; lastKnownFileType = sourcecode.c.h; name = sha.h; path = Dependency/OpenSSL/Include/openssl/sha.h; sourceTree = "<group>"; };
		D9AE6F6F2222C00F00338098 /* ts.h */ = {isa = PBXFileReference; fileEncoding = 4; lastKnownFileType = sourcecode.c.h; name = ts.h; path = Dependency/OpenSSL/Include/openssl/ts.h; sourceTree = "<group>"; };
		D9AE6F702222C00F00338098 /* uierr.h */ = {isa = PBXFileReference; fileEncoding = 4; lastKnownFileType = sourcecode.c.h; name = uierr.h; path = Dependency/OpenSSL/Include/openssl/uierr.h; sourceTree = "<group>"; };
		D9AE6F712222C00F00338098 /* ssl2.h */ = {isa = PBXFileReference; fileEncoding = 4; lastKnownFileType = sourcecode.c.h; name = ssl2.h; path = Dependency/OpenSSL/Include/openssl/ssl2.h; sourceTree = "<group>"; };
		D9AE6F722222C00F00338098 /* md2.h */ = {isa = PBXFileReference; fileEncoding = 4; lastKnownFileType = sourcecode.c.h; name = md2.h; path = Dependency/OpenSSL/Include/openssl/md2.h; sourceTree = "<group>"; };
		D9AE6F732222C00F00338098 /* asn1t.h */ = {isa = PBXFileReference; fileEncoding = 4; lastKnownFileType = sourcecode.c.h; name = asn1t.h; path = Dependency/OpenSSL/Include/openssl/asn1t.h; sourceTree = "<group>"; };
		D9AE6F742222C01000338098 /* evp.h */ = {isa = PBXFileReference; fileEncoding = 4; lastKnownFileType = sourcecode.c.h; name = evp.h; path = Dependency/OpenSSL/Include/openssl/evp.h; sourceTree = "<group>"; };
		D9AE6F752222C01000338098 /* comp.h */ = {isa = PBXFileReference; fileEncoding = 4; lastKnownFileType = sourcecode.c.h; name = comp.h; path = Dependency/OpenSSL/Include/openssl/comp.h; sourceTree = "<group>"; };
		D9AE6F762222C01000338098 /* ossl_typ.h */ = {isa = PBXFileReference; fileEncoding = 4; lastKnownFileType = sourcecode.c.h; name = ossl_typ.h; path = Dependency/OpenSSL/Include/openssl/ossl_typ.h; sourceTree = "<group>"; };
		D9AE6F772222C01000338098 /* __DECC_INCLUDE_EPILOGUE.H */ = {isa = PBXFileReference; fileEncoding = 4; lastKnownFileType = sourcecode.cpp.h; name = __DECC_INCLUDE_EPILOGUE.H; path = Dependency/OpenSSL/Include/openssl/__DECC_INCLUDE_EPILOGUE.H; sourceTree = "<group>"; };
		D9AE6F782222C01000338098 /* randerr.h */ = {isa = PBXFileReference; fileEncoding = 4; lastKnownFileType = sourcecode.c.h; name = randerr.h; path = Dependency/OpenSSL/Include/openssl/randerr.h; sourceTree = "<group>"; };
		D9AE6F792222C01000338098 /* pkcs12err.h */ = {isa = PBXFileReference; fileEncoding = 4; lastKnownFileType = sourcecode.c.h; name = pkcs12err.h; path = Dependency/OpenSSL/Include/openssl/pkcs12err.h; sourceTree = "<group>"; };
		D9AE6F7A2222C01000338098 /* dtls1.h */ = {isa = PBXFileReference; fileEncoding = 4; lastKnownFileType = sourcecode.c.h; name = dtls1.h; path = Dependency/OpenSSL/Include/openssl/dtls1.h; sourceTree = "<group>"; };
		D9AE6F7B2222C01100338098 /* idea.h */ = {isa = PBXFileReference; fileEncoding = 4; lastKnownFileType = sourcecode.c.h; name = idea.h; path = Dependency/OpenSSL/Include/openssl/idea.h; sourceTree = "<group>"; };
		D9AE6F7C2222C01100338098 /* cryptoerr.h */ = {isa = PBXFileReference; fileEncoding = 4; lastKnownFileType = sourcecode.c.h; name = cryptoerr.h; path = Dependency/OpenSSL/Include/openssl/cryptoerr.h; sourceTree = "<group>"; };
		D9AE6F7D2222C01100338098 /* seed.h */ = {isa = PBXFileReference; fileEncoding = 4; lastKnownFileType = sourcecode.c.h; name = seed.h; path = Dependency/OpenSSL/Include/openssl/seed.h; sourceTree = "<group>"; };
		D9AE6F7E2222C01100338098 /* rsaerr.h */ = {isa = PBXFileReference; fileEncoding = 4; lastKnownFileType = sourcecode.c.h; name = rsaerr.h; path = Dependency/OpenSSL/Include/openssl/rsaerr.h; sourceTree = "<group>"; };
		D9AE6F7F2222C01200338098 /* conferr.h */ = {isa = PBXFileReference; fileEncoding = 4; lastKnownFileType = sourcecode.c.h; name = conferr.h; path = Dependency/OpenSSL/Include/openssl/conferr.h; sourceTree = "<group>"; };
		D9AE6F802222C01200338098 /* sslerr.h */ = {isa = PBXFileReference; fileEncoding = 4; lastKnownFileType = sourcecode.c.h; name = sslerr.h; path = Dependency/OpenSSL/Include/openssl/sslerr.h; sourceTree = "<group>"; };
		D9AE6F812222C01300338098 /* ssl.h */ = {isa = PBXFileReference; fileEncoding = 4; lastKnownFileType = sourcecode.c.h; name = ssl.h; path = Dependency/OpenSSL/Include/openssl/ssl.h; sourceTree = "<group>"; };
		D9AE6F822222C01300338098 /* storeerr.h */ = {isa = PBXFileReference; fileEncoding = 4; lastKnownFileType = sourcecode.c.h; name = storeerr.h; path = Dependency/OpenSSL/Include/openssl/storeerr.h; sourceTree = "<group>"; };
		D9AE6F832222C01300338098 /* mdc2.h */ = {isa = PBXFileReference; fileEncoding = 4; lastKnownFileType = sourcecode.c.h; name = mdc2.h; path = Dependency/OpenSSL/Include/openssl/mdc2.h; sourceTree = "<group>"; };
		D9AE6F842222C01300338098 /* ecdh.h */ = {isa = PBXFileReference; fileEncoding = 4; lastKnownFileType = sourcecode.c.h; name = ecdh.h; path = Dependency/OpenSSL/Include/openssl/ecdh.h; sourceTree = "<group>"; };
		D9AE6F852222C01400338098 /* blowfish.h */ = {isa = PBXFileReference; fileEncoding = 4; lastKnownFileType = sourcecode.c.h; name = blowfish.h; path = Dependency/OpenSSL/Include/openssl/blowfish.h; sourceTree = "<group>"; };
		D9AE6F862222C01400338098 /* camellia.h */ = {isa = PBXFileReference; fileEncoding = 4; lastKnownFileType = sourcecode.c.h; name = camellia.h; path = Dependency/OpenSSL/Include/openssl/camellia.h; sourceTree = "<group>"; };
		D9AE6F872222C01400338098 /* dsa.h */ = {isa = PBXFileReference; fileEncoding = 4; lastKnownFileType = sourcecode.c.h; name = dsa.h; path = Dependency/OpenSSL/Include/openssl/dsa.h; sourceTree = "<group>"; };
		D9AE6F882222C01400338098 /* asn1.h */ = {isa = PBXFileReference; fileEncoding = 4; lastKnownFileType = sourcecode.c.h; name = asn1.h; path = Dependency/OpenSSL/Include/openssl/asn1.h; sourceTree = "<group>"; };
		D9AE6F892222C01500338098 /* ec.h */ = {isa = PBXFileReference; fileEncoding = 4; lastKnownFileType = sourcecode.c.h; name = ec.h; path = Dependency/OpenSSL/Include/openssl/ec.h; sourceTree = "<group>"; };
		D9AE6F8A2222C01500338098 /* obj_mac.h */ = {isa = PBXFileReference; fileEncoding = 4; lastKnownFileType = sourcecode.c.h; name = obj_mac.h; path = Dependency/OpenSSL/Include/openssl/obj_mac.h; sourceTree = "<group>"; };
		D9AE6F8B2222C01500338098 /* bioerr.h */ = {isa = PBXFileReference; fileEncoding = 4; lastKnownFileType = sourcecode.c.h; name = bioerr.h; path = Dependency/OpenSSL/Include/openssl/bioerr.h; sourceTree = "<group>"; };
		D9AE6F8C2222C01500338098 /* kdferr.h */ = {isa = PBXFileReference; fileEncoding = 4; lastKnownFileType = sourcecode.c.h; name = kdferr.h; path = Dependency/OpenSSL/Include/openssl/kdferr.h; sourceTree = "<group>"; };
		D9AE6F8D2222C01600338098 /* pkcs7.h */ = {isa = PBXFileReference; fileEncoding = 4; lastKnownFileType = sourcecode.c.h; name = pkcs7.h; path = Dependency/OpenSSL/Include/openssl/pkcs7.h; sourceTree = "<group>"; };
		D9AE6F8E2222C01600338098 /* ocsperr.h */ = {isa = PBXFileReference; fileEncoding = 4; lastKnownFileType = sourcecode.c.h; name = ocsperr.h; path = Dependency/OpenSSL/Include/openssl/ocsperr.h; sourceTree = "<group>"; };
		D9AE6F8F2222C01600338098 /* cast.h */ = {isa = PBXFileReference; fileEncoding = 4; lastKnownFileType = sourcecode.c.h; name = cast.h; path = Dependency/OpenSSL/Include/openssl/cast.h; sourceTree = "<group>"; };
		D9AE6F902222C01700338098 /* objectserr.h */ = {isa = PBXFileReference; fileEncoding = 4; lastKnownFileType = sourcecode.c.h; name = objectserr.h; path = Dependency/OpenSSL/Include/openssl/objectserr.h; sourceTree = "<group>"; };
		D9AE6F912222C01700338098 /* aes.h */ = {isa = PBXFileReference; fileEncoding = 4; lastKnownFileType = sourcecode.c.h; name = aes.h; path = Dependency/OpenSSL/Include/openssl/aes.h; sourceTree = "<group>"; };
		D9AE6F922222C01700338098 /* md5.h */ = {isa = PBXFileReference; fileEncoding = 4; lastKnownFileType = sourcecode.c.h; name = md5.h; path = Dependency/OpenSSL/Include/openssl/md5.h; sourceTree = "<group>"; };
		D9AE6F932222C01700338098 /* cms.h */ = {isa = PBXFileReference; fileEncoding = 4; lastKnownFileType = sourcecode.c.h; name = cms.h; path = Dependency/OpenSSL/Include/openssl/cms.h; sourceTree = "<group>"; };
		D9AE6F942222C01800338098 /* conf.h */ = {isa = PBXFileReference; fileEncoding = 4; lastKnownFileType = sourcecode.c.h; name = conf.h; path = Dependency/OpenSSL/Include/openssl/conf.h; sourceTree = "<group>"; };
		D9AE6F952222C01800338098 /* ebcdic.h */ = {isa = PBXFileReference; fileEncoding = 4; lastKnownFileType = sourcecode.c.h; name = ebcdic.h; path = Dependency/OpenSSL/Include/openssl/ebcdic.h; sourceTree = "<group>"; };
		D9AE6F962222C01800338098 /* bio.h */ = {isa = PBXFileReference; fileEncoding = 4; lastKnownFileType = sourcecode.c.h; name = bio.h; path = Dependency/OpenSSL/Include/openssl/bio.h; sourceTree = "<group>"; };
		D9AE6F972222C01800338098 /* dherr.h */ = {isa = PBXFileReference; fileEncoding = 4; lastKnownFileType = sourcecode.c.h; name = dherr.h; path = Dependency/OpenSSL/Include/openssl/dherr.h; sourceTree = "<group>"; };
		D9AE6F982222C01900338098 /* whrlpool.h */ = {isa = PBXFileReference; fileEncoding = 4; lastKnownFileType = sourcecode.c.h; name = whrlpool.h; path = Dependency/OpenSSL/Include/openssl/whrlpool.h; sourceTree = "<group>"; };
		D9AE6F992222C01900338098 /* ecerr.h */ = {isa = PBXFileReference; fileEncoding = 4; lastKnownFileType = sourcecode.c.h; name = ecerr.h; path = Dependency/OpenSSL/Include/openssl/ecerr.h; sourceTree = "<group>"; };
		D9AE6F9A2222C01900338098 /* dh.h */ = {isa = PBXFileReference; fileEncoding = 4; lastKnownFileType = sourcecode.c.h; name = dh.h; path = Dependency/OpenSSL/Include/openssl/dh.h; sourceTree = "<group>"; };
		D9AE6F9B2222C01900338098 /* rc4.h */ = {isa = PBXFileReference; fileEncoding = 4; lastKnownFileType = sourcecode.c.h; name = rc4.h; path = Dependency/OpenSSL/Include/openssl/rc4.h; sourceTree = "<group>"; };
		D9AE6F9C2222C01A00338098 /* ocsp.h */ = {isa = PBXFileReference; fileEncoding = 4; lastKnownFileType = sourcecode.c.h; name = ocsp.h; path = Dependency/OpenSSL/Include/openssl/ocsp.h; sourceTree = "<group>"; };
		D9AE6F9D2222C01A00338098 /* objects.h */ = {isa = PBXFileReference; fileEncoding = 4; lastKnownFileType = sourcecode.c.h; name = objects.h; path = Dependency/OpenSSL/Include/openssl/objects.h; sourceTree = "<group>"; };
		D9AE6F9E2222C01A00338098 /* ui.h */ = {isa = PBXFileReference; fileEncoding = 4; lastKnownFileType = sourcecode.c.h; name = ui.h; path = Dependency/OpenSSL/Include/openssl/ui.h; sourceTree = "<group>"; };
		D9AE6F9F2222C01A00338098 /* dsaerr.h */ = {isa = PBXFileReference; fileEncoding = 4; lastKnownFileType = sourcecode.c.h; name = dsaerr.h; path = Dependency/OpenSSL/Include/openssl/dsaerr.h; sourceTree = "<group>"; };
		D9AE6FA02222C01A00338098 /* asn1err.h */ = {isa = PBXFileReference; fileEncoding = 4; lastKnownFileType = sourcecode.c.h; name = asn1err.h; path = Dependency/OpenSSL/Include/openssl/asn1err.h; sourceTree = "<group>"; };
		D9AE6FA12222C01B00338098 /* rand_drbg.h */ = {isa = PBXFileReference; fileEncoding = 4; lastKnownFileType = sourcecode.c.h; name = rand_drbg.h; path = Dependency/OpenSSL/Include/openssl/rand_drbg.h; sourceTree = "<group>"; };
		D9AE6FA22222C01B00338098 /* async.h */ = {isa = PBXFileReference; fileEncoding = 4; lastKnownFileType = sourcecode.c.h; name = async.h; path = Dependency/OpenSSL/Include/openssl/async.h; sourceTree = "<group>"; };
		D9AE6FA32222C01B00338098 /* pkcs7err.h */ = {isa = PBXFileReference; fileEncoding = 4; lastKnownFileType = sourcecode.c.h; name = pkcs7err.h; path = Dependency/OpenSSL/Include/openssl/pkcs7err.h; sourceTree = "<group>"; };
		D9AE6FA42222C01C00338098 /* ripemd.h */ = {isa = PBXFileReference; fileEncoding = 4; lastKnownFileType = sourcecode.c.h; name = ripemd.h; path = Dependency/OpenSSL/Include/openssl/ripemd.h; sourceTree = "<group>"; };
		D9AE6FA52222C01C00338098 /* modes.h */ = {isa = PBXFileReference; fileEncoding = 4; lastKnownFileType = sourcecode.c.h; name = modes.h; path = Dependency/OpenSSL/Include/openssl/modes.h; sourceTree = "<group>"; };
		D9AE6FA62222C01C00338098 /* txt_db.h */ = {isa = PBXFileReference; fileEncoding = 4; lastKnownFileType = sourcecode.c.h; name = txt_db.h; path = Dependency/OpenSSL/Include/openssl/txt_db.h; sourceTree = "<group>"; };
		D9AE6FA72222C01D00338098 /* kdf.h */ = {isa = PBXFileReference; fileEncoding = 4; lastKnownFileType = sourcecode.c.h; name = kdf.h; path = Dependency/OpenSSL/Include/openssl/kdf.h; sourceTree = "<group>"; };
		D9AE6FA82222C01D00338098 /* pkcs12.h */ = {isa = PBXFileReference; fileEncoding = 4; lastKnownFileType = sourcecode.c.h; name = pkcs12.h; path = Dependency/OpenSSL/Include/openssl/pkcs12.h; sourceTree = "<group>"; };
		D9AE6FA92222C01D00338098 /* bn.h */ = {isa = PBXFileReference; fileEncoding = 4; lastKnownFileType = sourcecode.c.h; name = bn.h; path = Dependency/OpenSSL/Include/openssl/bn.h; sourceTree = "<group>"; };
		D9AE6FAA2222C01E00338098 /* safestack.h */ = {isa = PBXFileReference; fileEncoding = 4; lastKnownFileType = sourcecode.c.h; name = safestack.h; path = Dependency/OpenSSL/Include/openssl/safestack.h; sourceTree = "<group>"; };
		D9AE6FAB2222C01E00338098 /* cmac.h */ = {isa = PBXFileReference; fileEncoding = 4; lastKnownFileType = sourcecode.c.h; name = cmac.h; path = Dependency/OpenSSL/Include/openssl/cmac.h; sourceTree = "<group>"; };
		D9AE6FAC2222C01E00338098 /* err.h */ = {isa = PBXFileReference; fileEncoding = 4; lastKnownFileType = sourcecode.c.h; name = err.h; path = Dependency/OpenSSL/Include/openssl/err.h; sourceTree = "<group>"; };
		D9AE6FAD2222C01E00338098 /* md4.h */ = {isa = PBXFileReference; fileEncoding = 4; lastKnownFileType = sourcecode.c.h; name = md4.h; path = Dependency/OpenSSL/Include/openssl/md4.h; sourceTree = "<group>"; };
		D9AE6FAE2222C01F00338098 /* ct.h */ = {isa = PBXFileReference; fileEncoding = 4; lastKnownFileType = sourcecode.c.h; name = ct.h; path = Dependency/OpenSSL/Include/openssl/ct.h; sourceTree = "<group>"; };
		D9AE6FAF2222C01F00338098 /* rand.h */ = {isa = PBXFileReference; fileEncoding = 4; lastKnownFileType = sourcecode.c.h; name = rand.h; path = Dependency/OpenSSL/Include/openssl/rand.h; sourceTree = "<group>"; };
		D9AE6FB02222C01F00338098 /* buffer.h */ = {isa = PBXFileReference; fileEncoding = 4; lastKnownFileType = sourcecode.c.h; name = buffer.h; path = Dependency/OpenSSL/Include/openssl/buffer.h; sourceTree = "<group>"; };
		D9AE6FB12222C01F00338098 /* des.h */ = {isa = PBXFileReference; fileEncoding = 4; lastKnownFileType = sourcecode.c.h; name = des.h; path = Dependency/OpenSSL/Include/openssl/des.h; sourceTree = "<group>"; };
		D9AE6FB22222C02000338098 /* engine.h */ = {isa = PBXFileReference; fileEncoding = 4; lastKnownFileType = sourcecode.c.h; name = engine.h; path = Dependency/OpenSSL/Include/openssl/engine.h; sourceTree = "<group>"; };
		D9AE6FB32222C02000338098 /* tls1.h */ = {isa = PBXFileReference; fileEncoding = 4; lastKnownFileType = sourcecode.c.h; name = tls1.h; path = Dependency/OpenSSL/Include/openssl/tls1.h; sourceTree = "<group>"; };
		D9AE6FB42222C02100338098 /* opensslv.h */ = {isa = PBXFileReference; fileEncoding = 4; lastKnownFileType = sourcecode.c.h; name = opensslv.h; path = Dependency/OpenSSL/Include/openssl/opensslv.h; sourceTree = "<group>"; };
		D9AE6FB52222C02100338098 /* cterr.h */ = {isa = PBXFileReference; fileEncoding = 4; lastKnownFileType = sourcecode.c.h; name = cterr.h; path = Dependency/OpenSSL/Include/openssl/cterr.h; sourceTree = "<group>"; };
		D9AE6FB62222C02100338098 /* srtp.h */ = {isa = PBXFileReference; fileEncoding = 4; lastKnownFileType = sourcecode.c.h; name = srtp.h; path = Dependency/OpenSSL/Include/openssl/srtp.h; sourceTree = "<group>"; };
		D9AE6FB72222C02100338098 /* evperr.h */ = {isa = PBXFileReference; fileEncoding = 4; lastKnownFileType = sourcecode.c.h; name = evperr.h; path = Dependency/OpenSSL/Include/openssl/evperr.h; sourceTree = "<group>"; };
		D9AE6FB82222C02200338098 /* conf_api.h */ = {isa = PBXFileReference; fileEncoding = 4; lastKnownFileType = sourcecode.c.h; name = conf_api.h; path = Dependency/OpenSSL/Include/openssl/conf_api.h; sourceTree = "<group>"; };
		D9AE6FB92222C02200338098 /* lhash.h */ = {isa = PBXFileReference; fileEncoding = 4; lastKnownFileType = sourcecode.c.h; name = lhash.h; path = Dependency/OpenSSL/Include/openssl/lhash.h; sourceTree = "<group>"; };
		D9AE6FBA2222C02200338098 /* stack.h */ = {isa = PBXFileReference; fileEncoding = 4; lastKnownFileType = sourcecode.c.h; name = stack.h; path = Dependency/OpenSSL/Include/openssl/stack.h; sourceTree = "<group>"; };
		D9AE6FBB2222C02300338098 /* asn1_mac.h */ = {isa = PBXFileReference; fileEncoding = 4; lastKnownFileType = sourcecode.c.h; name = asn1_mac.h; path = Dependency/OpenSSL/Include/openssl/asn1_mac.h; sourceTree = "<group>"; };
		D9AE6FBC2222C02300338098 /* symhacks.h */ = {isa = PBXFileReference; fileEncoding = 4; lastKnownFileType = sourcecode.c.h; name = symhacks.h; path = Dependency/OpenSSL/Include/openssl/symhacks.h; sourceTree = "<group>"; };
		D9AE6FBD2222C02300338098 /* rsa.h */ = {isa = PBXFileReference; fileEncoding = 4; lastKnownFileType = sourcecode.c.h; name = rsa.h; path = Dependency/OpenSSL/Include/openssl/rsa.h; sourceTree = "<group>"; };
		D9AE6FBE2222C02300338098 /* pem2.h */ = {isa = PBXFileReference; fileEncoding = 4; lastKnownFileType = sourcecode.c.h; name = pem2.h; path = Dependency/OpenSSL/Include/openssl/pem2.h; sourceTree = "<group>"; };
		D9AE6FBF2222C02400338098 /* x509.h */ = {isa = PBXFileReference; fileEncoding = 4; lastKnownFileType = sourcecode.c.h; name = x509.h; path = Dependency/OpenSSL/Include/openssl/x509.h; sourceTree = "<group>"; };
		D9AE6FC02222C02400338098 /* bnerr.h */ = {isa = PBXFileReference; fileEncoding = 4; lastKnownFileType = sourcecode.c.h; name = bnerr.h; path = Dependency/OpenSSL/Include/openssl/bnerr.h; sourceTree = "<group>"; };
		D9AE6FC12222C02400338098 /* x509_vfy.h */ = {isa = PBXFileReference; fileEncoding = 4; lastKnownFileType = sourcecode.c.h; name = x509_vfy.h; path = Dependency/OpenSSL/Include/openssl/x509_vfy.h; sourceTree = "<group>"; };
		D9AE6FC22222C02400338098 /* ecdsa.h */ = {isa = PBXFileReference; fileEncoding = 4; lastKnownFileType = sourcecode.c.h; name = ecdsa.h; path = Dependency/OpenSSL/Include/openssl/ecdsa.h; sourceTree = "<group>"; };
		D9AE6FC32222C02400338098 /* x509err.h */ = {isa = PBXFileReference; fileEncoding = 4; lastKnownFileType = sourcecode.c.h; name = x509err.h; path = Dependency/OpenSSL/Include/openssl/x509err.h; sourceTree = "<group>"; };
		D9AE6FC42222C02500338098 /* crypto.h */ = {isa = PBXFileReference; fileEncoding = 4; lastKnownFileType = sourcecode.c.h; name = crypto.h; path = Dependency/OpenSSL/Include/openssl/crypto.h; sourceTree = "<group>"; };
		D9AE6FC52222C02500338098 /* comperr.h */ = {isa = PBXFileReference; fileEncoding = 4; lastKnownFileType = sourcecode.c.h; name = comperr.h; path = Dependency/OpenSSL/Include/openssl/comperr.h; sourceTree = "<group>"; };
		D9AE6FC62222C02500338098 /* rc2.h */ = {isa = PBXFileReference; fileEncoding = 4; lastKnownFileType = sourcecode.c.h; name = rc2.h; path = Dependency/OpenSSL/Include/openssl/rc2.h; sourceTree = "<group>"; };
		D9AE6FC72222C02500338098 /* asyncerr.h */ = {isa = PBXFileReference; fileEncoding = 4; lastKnownFileType = sourcecode.c.h; name = asyncerr.h; path = Dependency/OpenSSL/Include/openssl/asyncerr.h; sourceTree = "<group>"; };
		D9AE6FC82222C02500338098 /* hmac.h */ = {isa = PBXFileReference; fileEncoding = 4; lastKnownFileType = sourcecode.c.h; name = hmac.h; path = Dependency/OpenSSL/Include/openssl/hmac.h; sourceTree = "<group>"; };
		D9AE6FC92222C02600338098 /* opensslconf.h */ = {isa = PBXFileReference; fileEncoding = 4; lastKnownFileType = sourcecode.c.h; name = opensslconf.h; path = Dependency/OpenSSL/Include/openssl/opensslconf.h; sourceTree = "<group>"; };
		D9AE6FCA2222C02600338098 /* x509v3err.h */ = {isa = PBXFileReference; fileEncoding = 4; lastKnownFileType = sourcecode.c.h; name = x509v3err.h; path = Dependency/OpenSSL/Include/openssl/x509v3err.h; sourceTree = "<group>"; };
		D9AE6FCB2222C02600338098 /* pemerr.h */ = {isa = PBXFileReference; fileEncoding = 4; lastKnownFileType = sourcecode.c.h; name = pemerr.h; path = Dependency/OpenSSL/Include/openssl/pemerr.h; sourceTree = "<group>"; };
		D9AE6FCC2222C02600338098 /* srp.h */ = {isa = PBXFileReference; fileEncoding = 4; lastKnownFileType = sourcecode.c.h; name = srp.h; path = Dependency/OpenSSL/Include/openssl/srp.h; sourceTree = "<group>"; };
		D9AE6FCD2222C02700338098 /* __DECC_INCLUDE_PROLOGUE.H */ = {isa = PBXFileReference; fileEncoding = 4; lastKnownFileType = sourcecode.cpp.h; name = __DECC_INCLUDE_PROLOGUE.H; path = Dependency/OpenSSL/Include/openssl/__DECC_INCLUDE_PROLOGUE.H; sourceTree = "<group>"; };
		D9AE6FCE2222C02700338098 /* pem.h */ = {isa = PBXFileReference; fileEncoding = 4; lastKnownFileType = sourcecode.c.h; name = pem.h; path = Dependency/OpenSSL/Include/openssl/pem.h; sourceTree = "<group>"; };
		D9AE6FCF2222C02700338098 /* x509v3.h */ = {isa = PBXFileReference; fileEncoding = 4; lastKnownFileType = sourcecode.c.h; name = x509v3.h; path = Dependency/OpenSSL/Include/openssl/x509v3.h; sourceTree = "<group>"; };
		D9AE6FD02222C02700338098 /* tserr.h */ = {isa = PBXFileReference; fileEncoding = 4; lastKnownFileType = sourcecode.c.h; name = tserr.h; path = Dependency/OpenSSL/Include/openssl/tserr.h; sourceTree = "<group>"; };
		D9AE6FD12222C02700338098 /* buffererr.h */ = {isa = PBXFileReference; fileEncoding = 4; lastKnownFileType = sourcecode.c.h; name = buffererr.h; path = Dependency/OpenSSL/Include/openssl/buffererr.h; sourceTree = "<group>"; };
		D9AE6FD22222C02800338098 /* e_os2.h */ = {isa = PBXFileReference; fileEncoding = 4; lastKnownFileType = sourcecode.c.h; name = e_os2.h; path = Dependency/OpenSSL/Include/openssl/e_os2.h; sourceTree = "<group>"; };
		D9AE6FD32222C02800338098 /* cmserr.h */ = {isa = PBXFileReference; fileEncoding = 4; lastKnownFileType = sourcecode.c.h; name = cmserr.h; path = Dependency/OpenSSL/Include/openssl/cmserr.h; sourceTree = "<group>"; };
		D9AE6FD42222C02800338098 /* store.h */ = {isa = PBXFileReference; fileEncoding = 4; lastKnownFileType = sourcecode.c.h; name = store.h; path = Dependency/OpenSSL/Include/openssl/store.h; sourceTree = "<group>"; };
		D9AE6FD52222C02800338098 /* rc5.h */ = {isa = PBXFileReference; fileEncoding = 4; lastKnownFileType = sourcecode.c.h; name = rc5.h; path = Dependency/OpenSSL/Include/openssl/rc5.h; sourceTree = "<group>"; };
		D9C5DE1420666C5C0004F08D /* LibEvent_Core_macOS.a */ = {isa = PBXFileReference; lastKnownFileType = archive.ar; name = LibEvent_Core_macOS.a; path = Dependency/LibEvent/LibEvent_Core_macOS.a; sourceTree = "<group>"; };
		D9EF117C1DDB53C7004E4B90 /* LibSodium_macOS.a */ = {isa = PBXFileReference; lastKnownFileType = archive.ar; name = LibSodium_macOS.a; path = Dependency/LibSodium/LibSodium_macOS.a; sourceTree = "<group>"; };
		D9EF117E1DDB53D7004E4B90 /* LibCrypto_macOS.a */ = {isa = PBXFileReference; lastKnownFileType = archive.ar; name = LibCrypto_macOS.a; path = Dependency/OpenSSL/LibCrypto_macOS.a; sourceTree = "<group>"; };
		D9EF117F1DDB53D7004E4B90 /* LibSSL_macOS.a */ = {isa = PBXFileReference; lastKnownFileType = archive.ar; name = LibSSL_macOS.a; path = Dependency/OpenSSL/LibSSL_macOS.a; sourceTree = "<group>"; };
/* End PBXFileReference section */

/* Begin PBXFrameworksBuildPhase section */
		D93C46FB1CD7582600CD334A /* Frameworks */ = {
			isa = PBXFrameworksBuildPhase;
			buildActionMask = 2147483647;
			files = (
				D9C5DE1520666C5C0004F08D /* LibEvent_Core_macOS.a in Frameworks */,
				D9EF11801DDB53D7004E4B90 /* LibCrypto_macOS.a in Frameworks */,
				D9EF11811DDB53D7004E4B90 /* LibSSL_macOS.a in Frameworks */,
				D9EF117D1DDB53C7004E4B90 /* LibSodium_macOS.a in Frameworks */,
				D98C9EA12094DB6F00F62D8A /* LibEvent_OpenSSL_macOS.a in Frameworks */,
				D9112FA61CD7637100540550 /* libpcap.tbd in Frameworks */,
			);
			runOnlyForDeploymentPostprocessing = 0;
		};
/* End PBXFrameworksBuildPhase section */

/* Begin PBXGroup section */
		D91C446C2262308B00B9C41D /* Include */ = {
			isa = PBXGroup;
			children = (
				D91C44882262313F00B9C41D /* Buffer.h */,
				D91C44902262314300B9C41D /* Class.h */,
				D91C448B2262314000B9C41D /* Constructor.h */,
				D91C448E2262314200B9C41D /* Definition.h */,
				D91C44872262313F00B9C41D /* Destructor.h */,
				D91C448D2262314100B9C41D /* Environment.h */,
				D91C44932262314400B9C41D /* File.h */,
				D91C44842262313F00B9C41D /* Include.h */,
				D91C44962262314600B9C41D /* Monitor.h */,
				D91C448C2262314100B9C41D /* Network.h */,
				D91C448F2262314200B9C41D /* Pcap_DNSProxy.h */,
				D91C44912262314300B9C41D /* Platform.h */,
				D91C44922262314300B9C41D /* PrintLog.h */,
				D91C44862262313F00B9C41D /* ReadCommand.h */,
				D91C44942262314500B9C41D /* ReadConfiguration.h */,
				D91C44952262314600B9C41D /* ReadSupport.h */,
				D91C448A2262314000B9C41D /* Service.h */,
				D91C44972262314B00B9C41D /* Structure.h */,
				D91C44852262313F00B9C41D /* Template.h */,
				D91C44982262314B00B9C41D /* Text.h */,
				D91C44892262314000B9C41D /* Type.h */,
				D91C44992262314C00B9C41D /* Version.h */,
			);
			name = Include;
			path = "New Group";
			sourceTree = "<group>";
		};
		D91C446D2262309D00B9C41D /* Source */ = {
			isa = PBXGroup;
			children = (
				D91C44A22262316F00B9C41D /* Buffer.cpp */,
				D91C44A42262317000B9C41D /* Constructor.cpp */,
				D91C44A02262316E00B9C41D /* Destructor.cpp */,
				D91C44A12262316F00B9C41D /* Environment.cpp */,
				D91C449B2262316D00B9C41D /* File.cpp */,
				D91C449F2262316E00B9C41D /* Monitor.cpp */,
				D91C44A32262317000B9C41D /* Network.cpp */,
				D91C449E2262316E00B9C41D /* Pcap_DNSProxy.cpp */,
				D91C44A52262317000B9C41D /* PrintLog.cpp */,
				D91C44A62262317000B9C41D /* ReadCommand.cpp */,
				D91C449C2262316D00B9C41D /* ReadConfiguration.cpp */,
				D91C44A72262317100B9C41D /* ReadSupport.cpp */,
				D91C449A2262316C00B9C41D /* Service.cpp */,
				D91C449D2262316D00B9C41D /* Text.cpp */,
			);
			name = Source;
			path = "New Group1";
			sourceTree = "<group>";
		};
		D93355062066636A00744BD8 /* LibSodium */ = {
			isa = PBXGroup;
			children = (
				D93355072066637800744BD8 /* Include_macOS */,
			);
			name = LibSodium;
			sourceTree = "<group>";
		};
		D93355072066637800744BD8 /* Include_macOS */ = {
			isa = PBXGroup;
			children = (
				D9194C9A2222C93500254792 /* core.h */,
				D9194CAF2222C93C00254792 /* crypto_aead_aes256gcm.h */,
				D9194C962222C93300254792 /* crypto_aead_chacha20poly1305.h */,
				D9194C902222C93000254792 /* crypto_aead_xchacha20poly1305.h */,
				D9194C872222C92C00254792 /* crypto_auth_hmacsha256.h */,
				D9194CB32222C93E00254792 /* crypto_auth_hmacsha512.h */,
				D9194C912222C93000254792 /* crypto_auth_hmacsha512256.h */,
				D9194C8B2222C92E00254792 /* crypto_auth.h */,
				D9194CA12222C93800254792 /* crypto_box_curve25519xchacha20poly1305.h */,
				D9194C9C2222C93600254792 /* crypto_box_curve25519xsalsa20poly1305.h */,
				D9194C9F2222C93700254792 /* crypto_box.h */,
				D9194C982222C93400254792 /* crypto_core_ed25519.h */,
				D9194C842222C92C00254792 /* crypto_core_hchacha20.h */,
				D9194C822222C92B00254792 /* crypto_core_hsalsa20.h */,
				D9194C852222C92C00254792 /* crypto_core_salsa20.h */,
				D9194C932222C93100254792 /* crypto_core_salsa208.h */,
				D9194C9B2222C93600254792 /* crypto_core_salsa2012.h */,
				D9194C802222C92B00254792 /* crypto_generichash_blake2b.h */,
				D9194C992222C93400254792 /* crypto_generichash.h */,
				D9194CAE2222C93C00254792 /* crypto_hash_sha256.h */,
				D9194C882222C92D00254792 /* crypto_hash_sha512.h */,
				D9194C7F2222C92A00254792 /* crypto_hash.h */,
				D9194CB22222C93D00254792 /* crypto_kdf_blake2b.h */,
				D9194C952222C93300254792 /* crypto_kdf.h */,
				D9194CA92222C93A00254792 /* crypto_kx.h */,
				D9194CB02222C93D00254792 /* crypto_onetimeauth_poly1305.h */,
				D9194C8F2222C93000254792 /* crypto_onetimeauth.h */,
				D9194CA82222C93A00254792 /* crypto_pwhash_argon2i.h */,
				D9194C8D2222C92F00254792 /* crypto_pwhash_argon2id.h */,
				D9194CA42222C93900254792 /* crypto_pwhash_scryptsalsa208sha256.h */,
				D9194CB42222C93E00254792 /* crypto_pwhash.h */,
				D9194CA32222C93800254792 /* crypto_scalarmult_curve25519.h */,
				D9194C9D2222C93600254792 /* crypto_scalarmult_ed25519.h */,
				D9194CA22222C93800254792 /* crypto_scalarmult.h */,
				D9194CAA2222C93B00254792 /* crypto_secretbox_xchacha20poly1305.h */,
				D9194C862222C92C00254792 /* crypto_secretbox_xsalsa20poly1305.h */,
				D9194CB12222C93D00254792 /* crypto_secretbox.h */,
				D9194CA02222C93700254792 /* crypto_secretstream_xchacha20poly1305.h */,
				D9194C8A2222C92E00254792 /* crypto_shorthash_siphash24.h */,
				D9194C832222C92C00254792 /* crypto_shorthash.h */,
				D9194C892222C92D00254792 /* crypto_sign_ed25519.h */,
				D9194CAD2222C93C00254792 /* crypto_sign_edwards25519sha512batch.h */,
				D9194CAB2222C93B00254792 /* crypto_sign.h */,
				D9194C972222C93300254792 /* crypto_stream_chacha20.h */,
				D9194C812222C92B00254792 /* crypto_stream_salsa20.h */,
				D9194CA62222C93900254792 /* crypto_stream_salsa208.h */,
				D9194CA52222C93900254792 /* crypto_stream_salsa2012.h */,
				D9194C9E2222C93700254792 /* crypto_stream_xchacha20.h */,
				D9194CA72222C93A00254792 /* crypto_stream_xsalsa20.h */,
				D9194C8E2222C92F00254792 /* crypto_stream.h */,
				D9194CAC2222C93B00254792 /* crypto_verify_16.h */,
				D9194C942222C93200254792 /* crypto_verify_32.h */,
				D9194C922222C93000254792 /* crypto_verify_64.h */,
				D9194C8C2222C92E00254792 /* export.h */,
				D9335547206663D000744BD8 /* private */,
				D9194CBA2222C97700254792 /* randombytes_nativeclient.h */,
				D9194CB72222C97600254792 /* randombytes_salsa20_random.h */,
				D9194CBB2222C97700254792 /* randombytes_sysrandom.h */,
				D9194CB92222C97600254792 /* randombytes.h */,
				D9194CBD2222C97900254792 /* runtime.h */,
				D9194CBC2222C97800254792 /* sodium.h */,
				D9194CB62222C97400254792 /* utils.h */,
				D9194CB82222C97600254792 /* version.h */,
			);
			name = Include_macOS;
			sourceTree = "<group>";
		};
		D9335547206663D000744BD8 /* private */ = {
			isa = PBXGroup;
			children = (
				D9194C782222C90300254792 /* chacha20_ietf_ext.h */,
				D9194C792222C90300254792 /* common.h */,
				D9194C7D2222C90400254792 /* ed25519_ref10_fe_25_5.h */,
				D9194C7A2222C90400254792 /* ed25519_ref10_fe_51.h */,
				D9194C7B2222C90400254792 /* ed25519_ref10.h */,
				D9194C772222C90200254792 /* implementations.h */,
				D9194C7E2222C90400254792 /* mutex.h */,
				D9194C7C2222C90400254792 /* sse2_64_32.h */,
			);
			name = private;
			sourceTree = "<group>";
		};
		D933554F206663FF00744BD8 /* LibEvent */ = {
			isa = PBXGroup;
			children = (
				D93355502066640700744BD8 /* Include_macOS */,
			);
			name = LibEvent;
			sourceTree = "<group>";
		};
		D93355502066640700744BD8 /* Include_macOS */ = {
			isa = PBXGroup;
			children = (
				D93355532066642C00744BD8 /* event2 */,
				D9AE6F512222BEFD00338098 /* evdns.h */,
				D9AE6F4E2222BEFC00338098 /* event.h */,
				D9AE6F522222BEFD00338098 /* evhttp.h */,
				D9AE6F532222BEFD00338098 /* evrpc.h */,
				D9AE6F4F2222BEFC00338098 /* evutil.h */,
			);
			name = Include_macOS;
			sourceTree = "<group>";
		};
		D93355532066642C00744BD8 /* event2 */ = {
			isa = PBXGroup;
			children = (
				D9AE6F4A2222BEAC00338098 /* buffer_compat.h */,
				D9AE6F3D2222BEA800338098 /* buffer.h */,
				D9AE6F482222BEAB00338098 /* bufferevent_compat.h */,
				D9AE6F452222BEA900338098 /* bufferevent_ssl.h */,
				D9AE6F352222BEA500338098 /* bufferevent_struct.h */,
				D9AE6F3E2222BEA800338098 /* bufferevent.h */,
				D9AE6F362222BEA500338098 /* dns_compat.h */,
				D9AE6F3C2222BEA700338098 /* dns_struct.h */,
				D9AE6F462222BEA900338098 /* dns.h */,
				D9AE6F342222BEA500338098 /* event_compat.h */,
				D9AE6F372222BEA600338098 /* event_struct.h */,
				D9AE6F4D2222BEAD00338098 /* event-config.h */,
				D9AE6F472222BEAA00338098 /* event.h */,
				D9AE6F382222BEA600338098 /* http_compat.h */,
				D9AE6F442222BEA900338098 /* http_struct.h */,
				D9AE6F3B2222BEA700338098 /* http.h */,
				D9AE6F492222BEAB00338098 /* keyvalq_struct.h */,
				D9AE6F422222BEA900338098 /* listener.h */,
				D9AE6F412222BEA800338098 /* rpc_compat.h */,
				D9AE6F4C2222BEAD00338098 /* rpc_struct.h */,
				D9AE6F392222BEA600338098 /* rpc.h */,
				D9AE6F432222BEA900338098 /* tag_compat.h */,
				D9AE6F3F2222BEA800338098 /* tag.h */,
				D9AE6F402222BEA800338098 /* thread.h */,
				D9AE6F3A2222BEA700338098 /* util.h */,
				D9AE6F4B2222BEAC00338098 /* visibility.h */,
			);
			name = event2;
			sourceTree = "<group>";
		};
		D93C46F51CD7582600CD334A = {
			isa = PBXGroup;
			children = (
				D93C478D1CD75B0700CD334A /* Dependency */,
				D93C47001CD7582600CD334A /* Pcap_DNSProxy */,
				D93C46FF1CD7582600CD334A /* Products */,
			);
			sourceTree = "<group>";
			usesTabs = 1;
		};
		D93C46FF1CD7582600CD334A /* Products */ = {
			isa = PBXGroup;
			children = (
				D93C46FE1CD7582600CD334A /* Pcap_DNSProxy */,
			);
			name = Products;
			sourceTree = "<group>";
		};
		D93C47001CD7582600CD334A /* Pcap_DNSProxy */ = {
			isa = PBXGroup;
			children = (
				D91C446C2262308B00B9C41D /* Include */,
				D91C446D2262309D00B9C41D /* Source */,
			);
			path = Pcap_DNSProxy;
			sourceTree = "<group>";
		};
		D93C478D1CD75B0700CD334A /* Dependency */ = {
			isa = PBXGroup;
			children = (
				D96B09B41DABB1DF001AC633 /* Frameworks */,
				D933554F206663FF00744BD8 /* LibEvent */,
				D93355062066636A00744BD8 /* LibSodium */,
				D9CECB321DD3869C00B5991D /* OpenSSL */,
			);
			name = Dependency;
			sourceTree = "<group>";
		};
		D96B09B41DABB1DF001AC633 /* Frameworks */ = {
			isa = PBXGroup;
			children = (
				D9EF117E1DDB53D7004E4B90 /* LibCrypto_macOS.a */,
				D9C5DE1420666C5C0004F08D /* LibEvent_Core_macOS.a */,
				D98C9E9F2094DB6F00F62D8A /* LibEvent_OpenSSL_macOS.a */,
				D9112FA51CD7637100540550 /* libpcap.tbd */,
				D9EF117C1DDB53C7004E4B90 /* LibSodium_macOS.a */,
				D9EF117F1DDB53D7004E4B90 /* LibSSL_macOS.a */,
			);
			name = Frameworks;
			sourceTree = "<group>";
		};
		D9AE6F542222BF6900338098 /* Include */ = {
			isa = PBXGroup;
			children = (
				D9AE6F6B2222BFF000338098 /* openssl */,
				D9AE6F552222BF7300338098 /* internal */,
			);
			name = Include;
			sourceTree = "<group>";
		};
		D9AE6F552222BF7300338098 /* internal */ = {
			isa = PBXGroup;
			children = (
				D9AE6F612222BFDD00338098 /* __DECC_INCLUDE_EPILOGUE.H */,
				D9AE6F692222BFDF00338098 /* __DECC_INCLUDE_PROLOGUE.H */,
				D9AE6F5E2222BFDC00338098 /* bio.h */,
				D9AE6F622222BFDD00338098 /* comp.h */,
				D9AE6F672222BFDF00338098 /* conf.h */,
				D9AE6F6A2222BFE000338098 /* constant_time_locl.h */,
				D9AE6F632222BFDE00338098 /* cryptlib.h */,
				D9AE6F572222BFDB00338098 /* dane.h */,
				D9AE6F652222BFDE00338098 /* dso.h */,
				D9AE6F682222BFDF00338098 /* dsoerr.h */,
				D9AE6F5A2222BFDB00338098 /* err.h */,
				D9AE6F5C2222BFDC00338098 /* nelem.h */,
				D9AE6F642222BFDE00338098 /* numbers.h */,
				D9AE6F582222BFDB00338098 /* o_dir.h */,
				D9AE6F5B2222BFDB00338098 /* o_str.h */,
				D9AE6F602222BFDD00338098 /* refcount.h */,
				D9AE6F662222BFDE00338098 /* sockets.h */,
				D9AE6F592222BFDB00338098 /* sslconf.h */,
				D9AE6F5D2222BFDC00338098 /* thread_once.h */,
				D9AE6F5F2222BFDC00338098 /* tsan_assist.h */,
			);
			name = internal;
			sourceTree = "<group>";
		};
		D9AE6F6B2222BFF000338098 /* openssl */ = {
			isa = PBXGroup;
			children = (
				D9AE6F772222C01000338098 /* __DECC_INCLUDE_EPILOGUE.H */,
				D9AE6FCD2222C02700338098 /* __DECC_INCLUDE_PROLOGUE.H */,
				D9AE6F912222C01700338098 /* aes.h */,
				D9AE6FBB2222C02300338098 /* asn1_mac.h */,
				D9AE6F882222C01400338098 /* asn1.h */,
				D9AE6FA02222C01A00338098 /* asn1err.h */,
				D9AE6F732222C00F00338098 /* asn1t.h */,
				D9AE6FA22222C01B00338098 /* async.h */,
				D9AE6FC72222C02500338098 /* asyncerr.h */,
				D9AE6F962222C01800338098 /* bio.h */,
				D9AE6F8B2222C01500338098 /* bioerr.h */,
				D9AE6F852222C01400338098 /* blowfish.h */,
				D9AE6FA92222C01D00338098 /* bn.h */,
				D9AE6FC02222C02400338098 /* bnerr.h */,
				D9AE6FB02222C01F00338098 /* buffer.h */,
				D9AE6FD12222C02700338098 /* buffererr.h */,
				D9AE6F862222C01400338098 /* camellia.h */,
				D9AE6F8F2222C01600338098 /* cast.h */,
				D9AE6FAB2222C01E00338098 /* cmac.h */,
				D9AE6F932222C01700338098 /* cms.h */,
				D9AE6FD32222C02800338098 /* cmserr.h */,
				D9AE6F752222C01000338098 /* comp.h */,
				D9AE6FC52222C02500338098 /* comperr.h */,
				D9AE6FB82222C02200338098 /* conf_api.h */,
				D9AE6F942222C01800338098 /* conf.h */,
				D9AE6F7F2222C01200338098 /* conferr.h */,
				D9AE6FC42222C02500338098 /* crypto.h */,
				D9AE6F7C2222C01100338098 /* cryptoerr.h */,
				D9AE6FAE2222C01F00338098 /* ct.h */,
				D9AE6FB52222C02100338098 /* cterr.h */,
				D9AE6FB12222C01F00338098 /* des.h */,
				D9AE6F9A2222C01900338098 /* dh.h */,
				D9AE6F972222C01800338098 /* dherr.h */,
				D9AE6F872222C01400338098 /* dsa.h */,
				D9AE6F9F2222C01A00338098 /* dsaerr.h */,
				D9AE6F7A2222C01000338098 /* dtls1.h */,
				D9AE6FD22222C02800338098 /* e_os2.h */,
				D9AE6F952222C01800338098 /* ebcdic.h */,
				D9AE6F892222C01500338098 /* ec.h */,
				D9AE6F842222C01300338098 /* ecdh.h */,
				D9AE6FC22222C02400338098 /* ecdsa.h */,
				D9AE6F992222C01900338098 /* ecerr.h */,
				D9AE6FB22222C02000338098 /* engine.h */,
				D9AE6F6D2222C00E00338098 /* engineerr.h */,
				D9AE6FAC2222C01E00338098 /* err.h */,
				D9AE6F742222C01000338098 /* evp.h */,
				D9AE6FB72222C02100338098 /* evperr.h */,
				D9AE6FC82222C02500338098 /* hmac.h */,
				D9AE6F7B2222C01100338098 /* idea.h */,
				D9AE6FA72222C01D00338098 /* kdf.h */,
				D9AE6F8C2222C01500338098 /* kdferr.h */,
				D9AE6FB92222C02200338098 /* lhash.h */,
				D9AE6F722222C00F00338098 /* md2.h */,
				D9AE6FAD2222C01E00338098 /* md4.h */,
				D9AE6F922222C01700338098 /* md5.h */,
				D9AE6F832222C01300338098 /* mdc2.h */,
				D9AE6FA52222C01C00338098 /* modes.h */,
				D9AE6F8A2222C01500338098 /* obj_mac.h */,
				D9AE6F9D2222C01A00338098 /* objects.h */,
				D9AE6F902222C01700338098 /* objectserr.h */,
				D9AE6F9C2222C01A00338098 /* ocsp.h */,
				D9AE6F8E2222C01600338098 /* ocsperr.h */,
				D9AE6FC92222C02600338098 /* opensslconf.h */,
				D9AE6FB42222C02100338098 /* opensslv.h */,
				D9AE6F762222C01000338098 /* ossl_typ.h */,
				D9AE6FCE2222C02700338098 /* pem.h */,
				D9AE6FBE2222C02300338098 /* pem2.h */,
				D9AE6FCB2222C02600338098 /* pemerr.h */,
				D9AE6F8D2222C01600338098 /* pkcs7.h */,
				D9AE6FA32222C01B00338098 /* pkcs7err.h */,
				D9AE6FA82222C01D00338098 /* pkcs12.h */,
				D9AE6F792222C01000338098 /* pkcs12err.h */,
				D9AE6FA12222C01B00338098 /* rand_drbg.h */,
				D9AE6FAF2222C01F00338098 /* rand.h */,
				D9AE6F782222C01000338098 /* randerr.h */,
				D9AE6FC62222C02500338098 /* rc2.h */,
				D9AE6F9B2222C01900338098 /* rc4.h */,
				D9AE6FD52222C02800338098 /* rc5.h */,
				D9AE6FA42222C01C00338098 /* ripemd.h */,
				D9AE6FBD2222C02300338098 /* rsa.h */,
				D9AE6F7E2222C01100338098 /* rsaerr.h */,
				D9AE6FAA2222C01E00338098 /* safestack.h */,
				D9AE6F7D2222C01100338098 /* seed.h */,
				D9AE6F6E2222C00F00338098 /* sha.h */,
				D9AE6FCC2222C02600338098 /* srp.h */,
				D9AE6FB62222C02100338098 /* srtp.h */,
				D9AE6F812222C01300338098 /* ssl.h */,
				D9AE6F712222C00F00338098 /* ssl2.h */,
				D9AE6F6C2222C00E00338098 /* ssl3.h */,
				D9AE6F802222C01200338098 /* sslerr.h */,
				D9AE6FBA2222C02200338098 /* stack.h */,
				D9AE6FD42222C02800338098 /* store.h */,
				D9AE6F822222C01300338098 /* storeerr.h */,
				D9AE6FBC2222C02300338098 /* symhacks.h */,
				D9AE6FB32222C02000338098 /* tls1.h */,
				D9AE6F6F2222C00F00338098 /* ts.h */,
				D9AE6FD02222C02700338098 /* tserr.h */,
				D9AE6FA62222C01C00338098 /* txt_db.h */,
				D9AE6F9E2222C01A00338098 /* ui.h */,
				D9AE6F702222C00F00338098 /* uierr.h */,
				D9AE6F982222C01900338098 /* whrlpool.h */,
				D9AE6FC12222C02400338098 /* x509_vfy.h */,
				D9AE6FBF2222C02400338098 /* x509.h */,
				D9AE6FC32222C02400338098 /* x509err.h */,
				D9AE6FCF2222C02700338098 /* x509v3.h */,
				D9AE6FCA2222C02600338098 /* x509v3err.h */,
			);
			name = openssl;
			sourceTree = "<group>";
		};
		D9CECB321DD3869C00B5991D /* OpenSSL */ = {
			isa = PBXGroup;
			children = (
				D9AE6F542222BF6900338098 /* Include */,
			);
			name = OpenSSL;
			sourceTree = "<group>";
		};
/* End PBXGroup section */

/* Begin PBXNativeTarget section */
		D93C46FD1CD7582600CD334A /* Pcap_DNSProxy */ = {
			isa = PBXNativeTarget;
			buildConfigurationList = D93C47051CD7582600CD334A /* Build configuration list for PBXNativeTarget "Pcap_DNSProxy" */;
			buildPhases = (
				D93C46FA1CD7582600CD334A /* Sources */,
				D93C46FB1CD7582600CD334A /* Frameworks */,
				D93C46FC1CD7582600CD334A /* CopyFiles */,
			);
			buildRules = (
			);
			dependencies = (
			);
			name = Pcap_DNSProxy;
			productName = Pcap_DNSProxy;
			productReference = D93C46FE1CD7582600CD334A /* Pcap_DNSProxy */;
			productType = "com.apple.product-type.tool";
		};
/* End PBXNativeTarget section */

/* Begin PBXProject section */
		D93C46F61CD7582600CD334A /* Project object */ = {
			isa = PBXProject;
			attributes = {
				LastUpgradeCheck = 1000;
				ORGANIZATIONNAME = Chengr28;
				TargetAttributes = {
					D93C46FD1CD7582600CD334A = {
						CreatedOnToolsVersion = 7.2.1;
					};
				};
			};
			buildConfigurationList = D93C46F91CD7582600CD334A /* Build configuration list for PBXProject "Pcap_DNSProxy" */;
			compatibilityVersion = "Xcode 10.0";
			developmentRegion = English;
			hasScannedForEncodings = 0;
			knownRegions = (
				en,
			);
			mainGroup = D93C46F51CD7582600CD334A;
			productRefGroup = D93C46FF1CD7582600CD334A /* Products */;
			projectDirPath = "";
			projectRoot = "";
			targets = (
				D93C46FD1CD7582600CD334A /* Pcap_DNSProxy */,
			);
		};
/* End PBXProject section */

/* Begin PBXSourcesBuildPhase section */
		D93C46FA1CD7582600CD334A /* Sources */ = {
			isa = PBXSourcesBuildPhase;
			buildActionMask = 2147483647;
			files = (
				D91C44B22262317100B9C41D /* Constructor.cpp in Sources */,
				D91C44AD2262317100B9C41D /* Monitor.cpp in Sources */,
				D91C44AE2262317100B9C41D /* Destructor.cpp in Sources */,
				D91C44A82262317100B9C41D /* Service.cpp in Sources */,
				D91C44B32262317100B9C41D /* PrintLog.cpp in Sources */,
				D91C44AA2262317100B9C41D /* ReadConfiguration.cpp in Sources */,
				D91C44AC2262317100B9C41D /* Pcap_DNSProxy.cpp in Sources */,
				D91C44AF2262317100B9C41D /* Environment.cpp in Sources */,
				D91C44AB2262317100B9C41D /* Text.cpp in Sources */,
				D91C44B02262317100B9C41D /* Buffer.cpp in Sources */,
				D91C44B12262317100B9C41D /* Network.cpp in Sources */,
				D91C44B42262317100B9C41D /* ReadCommand.cpp in Sources */,
				D91C44A92262317100B9C41D /* File.cpp in Sources */,
				D91C44B52262317100B9C41D /* ReadSupport.cpp in Sources */,
			);
			runOnlyForDeploymentPostprocessing = 0;
		};
/* End PBXSourcesBuildPhase section */

/* Begin XCBuildConfiguration section */
		D93C47031CD7582600CD334A /* Debug */ = {
			isa = XCBuildConfiguration;
			buildSettings = {
				ALWAYS_SEARCH_USER_PATHS = NO;
				CLANG_ADDRESS_SANITIZER_CONTAINER_OVERFLOW = YES;
				CLANG_CXX_LANGUAGE_STANDARD = "c++14";
				CLANG_CXX_LIBRARY = "libc++";
				CLANG_ENABLE_MODULES = YES;
				CLANG_ENABLE_OBJC_ARC = YES;
				CLANG_UNDEFINED_BEHAVIOR_SANITIZER_INTEGER = YES;
				CLANG_UNDEFINED_BEHAVIOR_SANITIZER_NULLABILITY = YES;
				CLANG_WARN_BLOCK_CAPTURE_AUTORELEASING = YES;
				CLANG_WARN_BOOL_CONVERSION = YES;
				CLANG_WARN_COMMA = YES;
				CLANG_WARN_CONSTANT_CONVERSION = YES;
				CLANG_WARN_DEPRECATED_OBJC_IMPLEMENTATIONS = YES;
				CLANG_WARN_DIRECT_OBJC_ISA_USAGE = YES_ERROR;
				CLANG_WARN_EMPTY_BODY = YES;
				CLANG_WARN_ENUM_CONVERSION = YES;
				CLANG_WARN_INFINITE_RECURSION = YES;
				CLANG_WARN_INT_CONVERSION = YES;
				CLANG_WARN_NON_LITERAL_NULL_CONVERSION = YES;
				CLANG_WARN_OBJC_IMPLICIT_RETAIN_SELF = YES;
				CLANG_WARN_OBJC_LITERAL_CONVERSION = YES;
				CLANG_WARN_OBJC_ROOT_CLASS = YES_ERROR;
				CLANG_WARN_RANGE_LOOP_ANALYSIS = YES;
				CLANG_WARN_STRICT_PROTOTYPES = YES;
				CLANG_WARN_SUSPICIOUS_MOVE = YES;
				CLANG_WARN_UNREACHABLE_CODE = YES;
				CLANG_WARN__DUPLICATE_METHOD_MATCH = YES;
				CODE_SIGN_IDENTITY = "-";
				COPY_PHASE_STRIP = NO;
				DEBUG_INFORMATION_FORMAT = dwarf;
				ENABLE_STRICT_OBJC_MSGSEND = YES;
				ENABLE_TESTABILITY = YES;
				GCC_C_LANGUAGE_STANDARD = c11;
				GCC_DYNAMIC_NO_PIC = NO;
				GCC_NO_COMMON_BLOCKS = YES;
				GCC_OPTIMIZATION_LEVEL = 0;
				GCC_PREPROCESSOR_DEFINITIONS = (
					"DEBUG=1",
					"$(inherited)",
				);
				GCC_WARN_64_TO_32_BIT_CONVERSION = YES;
				GCC_WARN_ABOUT_RETURN_TYPE = YES_ERROR;
				GCC_WARN_UNDECLARED_SELECTOR = YES;
				GCC_WARN_UNINITIALIZED_AUTOS = YES_AGGRESSIVE;
				GCC_WARN_UNUSED_FUNCTION = YES;
				GCC_WARN_UNUSED_VARIABLE = YES;
				LLVM_LTO = YES;
				MACH_O_TYPE = mh_execute;
				MACOSX_DEPLOYMENT_TARGET = 10.9;
				MTL_ENABLE_DEBUG_INFO = YES;
				ONLY_ACTIVE_ARCH = YES;
				SDKROOT = macosx;
			};
			name = Debug;
		};
		D93C47041CD7582600CD334A /* Release */ = {
			isa = XCBuildConfiguration;
			buildSettings = {
				ALWAYS_SEARCH_USER_PATHS = NO;
				CLANG_ADDRESS_SANITIZER_CONTAINER_OVERFLOW = YES;
				CLANG_CXX_LANGUAGE_STANDARD = "c++14";
				CLANG_CXX_LIBRARY = "libc++";
				CLANG_ENABLE_MODULES = YES;
				CLANG_ENABLE_OBJC_ARC = YES;
				CLANG_UNDEFINED_BEHAVIOR_SANITIZER_INTEGER = YES;
				CLANG_UNDEFINED_BEHAVIOR_SANITIZER_NULLABILITY = YES;
				CLANG_WARN_BLOCK_CAPTURE_AUTORELEASING = YES;
				CLANG_WARN_BOOL_CONVERSION = YES;
				CLANG_WARN_COMMA = YES;
				CLANG_WARN_CONSTANT_CONVERSION = YES;
				CLANG_WARN_DEPRECATED_OBJC_IMPLEMENTATIONS = YES;
				CLANG_WARN_DIRECT_OBJC_ISA_USAGE = YES_ERROR;
				CLANG_WARN_EMPTY_BODY = YES;
				CLANG_WARN_ENUM_CONVERSION = YES;
				CLANG_WARN_INFINITE_RECURSION = YES;
				CLANG_WARN_INT_CONVERSION = YES;
				CLANG_WARN_NON_LITERAL_NULL_CONVERSION = YES;
				CLANG_WARN_OBJC_IMPLICIT_RETAIN_SELF = YES;
				CLANG_WARN_OBJC_LITERAL_CONVERSION = YES;
				CLANG_WARN_OBJC_ROOT_CLASS = YES_ERROR;
				CLANG_WARN_RANGE_LOOP_ANALYSIS = YES;
				CLANG_WARN_STRICT_PROTOTYPES = YES;
				CLANG_WARN_SUSPICIOUS_MOVE = YES;
				CLANG_WARN_UNREACHABLE_CODE = YES;
				CLANG_WARN__DUPLICATE_METHOD_MATCH = YES;
				CODE_SIGN_IDENTITY = "-";
				COPY_PHASE_STRIP = NO;
				DEBUG_INFORMATION_FORMAT = "dwarf-with-dsym";
				ENABLE_NS_ASSERTIONS = NO;
				ENABLE_STRICT_OBJC_MSGSEND = YES;
				GCC_C_LANGUAGE_STANDARD = c11;
				GCC_NO_COMMON_BLOCKS = YES;
				GCC_OPTIMIZATION_LEVEL = 3;
				GCC_WARN_64_TO_32_BIT_CONVERSION = YES;
				GCC_WARN_ABOUT_RETURN_TYPE = YES_ERROR;
				GCC_WARN_UNDECLARED_SELECTOR = YES;
				GCC_WARN_UNINITIALIZED_AUTOS = YES_AGGRESSIVE;
				GCC_WARN_UNUSED_FUNCTION = YES;
				GCC_WARN_UNUSED_VARIABLE = YES;
				LLVM_LTO = YES;
				MACH_O_TYPE = mh_execute;
				MACOSX_DEPLOYMENT_TARGET = 10.9;
				MTL_ENABLE_DEBUG_INFO = NO;
				ONLY_ACTIVE_ARCH = YES;
				SDKROOT = macosx;
			};
			name = Release;
		};
		D93C47061CD7582600CD334A /* Debug */ = {
			isa = XCBuildConfiguration;
			buildSettings = {
				LIBRARY_SEARCH_PATHS = (
					"$(inherited)",
					"$(PROJECT_DIR)/Dependency/LibSodium",
					"$(PROJECT_DIR)/Dependency/OpenSSL",
					"$(PROJECT_DIR)/Dependency/LibEvent",
				);
				PRODUCT_NAME = "$(TARGET_NAME)";
			};
			name = Debug;
		};
		D93C47071CD7582600CD334A /* Release */ = {
			isa = XCBuildConfiguration;
			buildSettings = {
				GCC_PREPROCESSOR_DEFINITIONS = PLATFORM_MACOS_XCODE;
				LIBRARY_SEARCH_PATHS = (
					"$(inherited)",
					"$(PROJECT_DIR)/Dependency/LibSodium",
					"$(PROJECT_DIR)/Dependency/OpenSSL",
					"$(PROJECT_DIR)/Dependency/LibEvent",
				);
				PRODUCT_NAME = "$(TARGET_NAME)";
			};
			name = Release;
		};
/* End XCBuildConfiguration section */

/* Begin XCConfigurationList section */
		D93C46F91CD7582600CD334A /* Build configuration list for PBXProject "Pcap_DNSProxy" */ = {
			isa = XCConfigurationList;
			buildConfigurations = (
				D93C47031CD7582600CD334A /* Debug */,
				D93C47041CD7582600CD334A /* Release */,
			);
			defaultConfigurationIsVisible = 0;
			defaultConfigurationName = Release;
		};
		D93C47051CD7582600CD334A /* Build configuration list for PBXNativeTarget "Pcap_DNSProxy" */ = {
			isa = XCConfigurationList;
			buildConfigurations = (
				D93C47061CD7582600CD334A /* Debug */,
				D93C47071CD7582600CD334A /* Release */,
			);
			defaultConfigurationIsVisible = 0;
			defaultConfigurationName = Release;
		};
/* End XCConfigurationList section */
	};
	rootObject = D93C46F61CD7582600CD334A /* Project object */;
}
