
Microsoft Visual Studio Solution File, Format Version 12.00
# Visual Studio 15
VisualStudioVersion = 15.0.27004.2010
MinimumVisualStudioVersion = 10.0.40219.1
Project("{8BC9CEB8-8B4A-11D0-8D11-00A0C91BC942}") = "Pcap_DNSProxy", "Pcap_DNSProxy\Pcap_DNSProxy.vcxproj", "{9221C40D-99FA-447B-BB53-767F9C6945EB}"
EndProject
Project("{2150E333-8FDC-42A3-9474-1A3956D46DE8}") = "Dependency", "Dependency", "{58893CCA-04E3-4D8F-9D25-3720EFE9F9B6}"
	ProjectSection(SolutionItems) = preProject
		Dependency\CMakeLists.txt = Dependency\CMakeLists.txt
	EndProjectSection
EndProject
Project("{2150E333-8FDC-42A3-9474-1A3956D46DE8}") = "Auxiliary", "Auxiliary", "{CF55D226-2035-48C6-ABDA-7186B4EAA9B4}"
EndProject
Project("{2150E333-8FDC-42A3-9474-1A3956D46DE8}") = "LibEvent", "LibEvent", "{4DD36304-2C38-4DBD-86E1-43D37A6F34CF}"
	ProjectSection(SolutionItems) = preProject
		Dependency\LibEvent\LibEvent_Core_macOS.a = Dependency\LibEvent\LibEvent_Core_macOS.a
		Dependency\LibEvent\LibEvent_Core_x64.lib = Dependency\LibEvent\LibEvent_Core_x64.lib
		Dependency\LibEvent\LibEvent_Core_x86.lib = Dependency\LibEvent\LibEvent_Core_x86.lib
		Dependency\LibEvent\LibEvent_Extra_macOS.a = Dependency\LibEvent\LibEvent_Extra_macOS.a
		Dependency\LibEvent\LibEvent_Extra_x64.lib = Dependency\LibEvent\LibEvent_Extra_x64.lib
		Dependency\LibEvent\LibEvent_Extra_x86.lib = Dependency\LibEvent\LibEvent_Extra_x86.lib
		Dependency\LibEvent\LibEvent_macOS.a = Dependency\LibEvent\LibEvent_macOS.a
		Dependency\LibEvent\LibEvent_OpenSSL_macOS.a = Dependency\LibEvent\LibEvent_OpenSSL_macOS.a
		Dependency\LibEvent\LibEvent_Pthreads_macOS.a = Dependency\LibEvent\LibEvent_Pthreads_macOS.a
		Dependency\LibEvent\LibEvent_x64.lib = Dependency\LibEvent\LibEvent_x64.lib
		Dependency\LibEvent\LibEvent_x86.lib = Dependency\LibEvent\LibEvent_x86.lib
	EndProjectSection
EndProject
Project("{2150E333-8FDC-42A3-9474-1A3956D46DE8}") = "Include_macOS", "Include_macOS", "{A728037D-42EF-46E5-96E2-9ADA30DCF38C}"
	ProjectSection(SolutionItems) = preProject
		Dependency\LibEvent\Include_macOS\evdns.h = Dependency\LibEvent\Include_macOS\evdns.h
		Dependency\LibEvent\Include_macOS\event.h = Dependency\LibEvent\Include_macOS\event.h
		Dependency\LibEvent\Include_macOS\evhttp.h = Dependency\LibEvent\Include_macOS\evhttp.h
		Dependency\LibEvent\Include_macOS\evrpc.h = Dependency\LibEvent\Include_macOS\evrpc.h
		Dependency\LibEvent\Include_macOS\evutil.h = Dependency\LibEvent\Include_macOS\evutil.h
	EndProjectSection
EndProject
Project("{2150E333-8FDC-42A3-9474-1A3956D46DE8}") = "Include_Windows", "Include_Windows", "{111A8C4A-468F-44A7-9E33-15E028D79B28}"
	ProjectSection(SolutionItems) = preProject
		Dependency\LibEvent\Include_Windows\evdns.h = Dependency\LibEvent\Include_Windows\evdns.h
		Dependency\LibEvent\Include_Windows\event.h = Dependency\LibEvent\Include_Windows\event.h
		Dependency\LibEvent\Include_Windows\evhttp.h = Dependency\LibEvent\Include_Windows\evhttp.h
		Dependency\LibEvent\Include_Windows\evrpc.h = Dependency\LibEvent\Include_Windows\evrpc.h
		Dependency\LibEvent\Include_Windows\evutil.h = Dependency\LibEvent\Include_Windows\evutil.h
	EndProjectSection
EndProject
Project("{2150E333-8FDC-42A3-9474-1A3956D46DE8}") = "event2", "event2", "{4707D302-E293-46FF-8D27-C1040182AE43}"
	ProjectSection(SolutionItems) = preProject
		Dependency\LibEvent\Include_macOS\event2\buffer.h = Dependency\LibEvent\Include_macOS\event2\buffer.h
		Dependency\LibEvent\Include_macOS\event2\buffer_compat.h = Dependency\LibEvent\Include_macOS\event2\buffer_compat.h
		Dependency\LibEvent\Include_macOS\event2\bufferevent.h = Dependency\LibEvent\Include_macOS\event2\bufferevent.h
		Dependency\LibEvent\Include_macOS\event2\bufferevent_compat.h = Dependency\LibEvent\Include_macOS\event2\bufferevent_compat.h
		Dependency\LibEvent\Include_macOS\event2\bufferevent_ssl.h = Dependency\LibEvent\Include_macOS\event2\bufferevent_ssl.h
		Dependency\LibEvent\Include_macOS\event2\bufferevent_struct.h = Dependency\LibEvent\Include_macOS\event2\bufferevent_struct.h
		Dependency\LibEvent\Include_macOS\event2\dns.h = Dependency\LibEvent\Include_macOS\event2\dns.h
		Dependency\LibEvent\Include_macOS\event2\dns_compat.h = Dependency\LibEvent\Include_macOS\event2\dns_compat.h
		Dependency\LibEvent\Include_macOS\event2\dns_struct.h = Dependency\LibEvent\Include_macOS\event2\dns_struct.h
		Dependency\LibEvent\Include_macOS\event2\event-config.h = Dependency\LibEvent\Include_macOS\event2\event-config.h
		Dependency\LibEvent\Include_macOS\event2\event.h = Dependency\LibEvent\Include_macOS\event2\event.h
		Dependency\LibEvent\Include_macOS\event2\event_compat.h = Dependency\LibEvent\Include_macOS\event2\event_compat.h
		Dependency\LibEvent\Include_macOS\event2\event_struct.h = Dependency\LibEvent\Include_macOS\event2\event_struct.h
		Dependency\LibEvent\Include_macOS\event2\http.h = Dependency\LibEvent\Include_macOS\event2\http.h
		Dependency\LibEvent\Include_macOS\event2\http_compat.h = Dependency\LibEvent\Include_macOS\event2\http_compat.h
		Dependency\LibEvent\Include_macOS\event2\http_struct.h = Dependency\LibEvent\Include_macOS\event2\http_struct.h
		Dependency\LibEvent\Include_macOS\event2\keyvalq_struct.h = Dependency\LibEvent\Include_macOS\event2\keyvalq_struct.h
		Dependency\LibEvent\Include_macOS\event2\listener.h = Dependency\LibEvent\Include_macOS\event2\listener.h
		Dependency\LibEvent\Include_macOS\event2\rpc.h = Dependency\LibEvent\Include_macOS\event2\rpc.h
		Dependency\LibEvent\Include_macOS\event2\rpc_compat.h = Dependency\LibEvent\Include_macOS\event2\rpc_compat.h
		Dependency\LibEvent\Include_macOS\event2\rpc_struct.h = Dependency\LibEvent\Include_macOS\event2\rpc_struct.h
		Dependency\LibEvent\Include_macOS\event2\tag.h = Dependency\LibEvent\Include_macOS\event2\tag.h
		Dependency\LibEvent\Include_macOS\event2\tag_compat.h = Dependency\LibEvent\Include_macOS\event2\tag_compat.h
		Dependency\LibEvent\Include_macOS\event2\thread.h = Dependency\LibEvent\Include_macOS\event2\thread.h
		Dependency\LibEvent\Include_macOS\event2\util.h = Dependency\LibEvent\Include_macOS\event2\util.h
		Dependency\LibEvent\Include_macOS\event2\visibility.h = Dependency\LibEvent\Include_macOS\event2\visibility.h
	EndProjectSection
EndProject
Project("{2150E333-8FDC-42A3-9474-1A3956D46DE8}") = "event2", "event2", "{FECD5CA0-80E4-4C9C-ACA9-28AAD370716B}"
	ProjectSection(SolutionItems) = preProject
		Dependency\LibEvent\Include_Windows\event2\buffer.h = Dependency\LibEvent\Include_Windows\event2\buffer.h
		Dependency\LibEvent\Include_Windows\event2\buffer_compat.h = Dependency\LibEvent\Include_Windows\event2\buffer_compat.h
		Dependency\LibEvent\Include_Windows\event2\bufferevent.h = Dependency\LibEvent\Include_Windows\event2\bufferevent.h
		Dependency\LibEvent\Include_Windows\event2\bufferevent_compat.h = Dependency\LibEvent\Include_Windows\event2\bufferevent_compat.h
		Dependency\LibEvent\Include_Windows\event2\bufferevent_ssl.h = Dependency\LibEvent\Include_Windows\event2\bufferevent_ssl.h
		Dependency\LibEvent\Include_Windows\event2\bufferevent_struct.h = Dependency\LibEvent\Include_Windows\event2\bufferevent_struct.h
		Dependency\LibEvent\Include_Windows\event2\dns.h = Dependency\LibEvent\Include_Windows\event2\dns.h
		Dependency\LibEvent\Include_Windows\event2\dns_compat.h = Dependency\LibEvent\Include_Windows\event2\dns_compat.h
		Dependency\LibEvent\Include_Windows\event2\dns_struct.h = Dependency\LibEvent\Include_Windows\event2\dns_struct.h
		Dependency\LibEvent\Include_Windows\event2\event-config.h = Dependency\LibEvent\Include_Windows\event2\event-config.h
		Dependency\LibEvent\Include_Windows\event2\event.h = Dependency\LibEvent\Include_Windows\event2\event.h
		Dependency\LibEvent\Include_Windows\event2\event_compat.h = Dependency\LibEvent\Include_Windows\event2\event_compat.h
		Dependency\LibEvent\Include_Windows\event2\event_struct.h = Dependency\LibEvent\Include_Windows\event2\event_struct.h
		Dependency\LibEvent\Include_Windows\event2\http.h = Dependency\LibEvent\Include_Windows\event2\http.h
		Dependency\LibEvent\Include_Windows\event2\http_compat.h = Dependency\LibEvent\Include_Windows\event2\http_compat.h
		Dependency\LibEvent\Include_Windows\event2\http_struct.h = Dependency\LibEvent\Include_Windows\event2\http_struct.h
		Dependency\LibEvent\Include_Windows\event2\keyvalq_struct.h = Dependency\LibEvent\Include_Windows\event2\keyvalq_struct.h
		Dependency\LibEvent\Include_Windows\event2\listener.h = Dependency\LibEvent\Include_Windows\event2\listener.h
		Dependency\LibEvent\Include_Windows\event2\rpc.h = Dependency\LibEvent\Include_Windows\event2\rpc.h
		Dependency\LibEvent\Include_Windows\event2\rpc_compat.h = Dependency\LibEvent\Include_Windows\event2\rpc_compat.h
		Dependency\LibEvent\Include_Windows\event2\rpc_struct.h = Dependency\LibEvent\Include_Windows\event2\rpc_struct.h
		Dependency\LibEvent\Include_Windows\event2\tag.h = Dependency\LibEvent\Include_Windows\event2\tag.h
		Dependency\LibEvent\Include_Windows\event2\tag_compat.h = Dependency\LibEvent\Include_Windows\event2\tag_compat.h
		Dependency\LibEvent\Include_Windows\event2\thread.h = Dependency\LibEvent\Include_Windows\event2\thread.h
		Dependency\LibEvent\Include_Windows\event2\util.h = Dependency\LibEvent\Include_Windows\event2\util.h
		Dependency\LibEvent\Include_Windows\event2\visibility.h = Dependency\LibEvent\Include_Windows\event2\visibility.h
	EndProjectSection
EndProject
Project("{2150E333-8FDC-42A3-9474-1A3956D46DE8}") = "LibSodium", "LibSodium", "{ABE55552-7B8A-4D92-89ED-2A1398AA20B1}"
	ProjectSection(SolutionItems) = preProject
		Dependency\LibSodium\LibSodium_macOS.a = Dependency\LibSodium\LibSodium_macOS.a
		Dependency\LibSodium\LibSodium_x64.lib = Dependency\LibSodium\LibSodium_x64.lib
		Dependency\LibSodium\LibSodium_x86.lib = Dependency\LibSodium\LibSodium_x86.lib
	EndProjectSection
EndProject
Project("{2150E333-8FDC-42A3-9474-1A3956D46DE8}") = "Include_macOS", "Include_macOS", "{4D197AA5-DBB8-482C-9028-5E8181936371}"
	ProjectSection(SolutionItems) = preProject
		Dependency\LibSodium\Include_macOS\core.h = Dependency\LibSodium\Include_macOS\core.h
		Dependency\LibSodium\Include_macOS\crypto_aead_aes256gcm.h = Dependency\LibSodium\Include_macOS\crypto_aead_aes256gcm.h
		Dependency\LibSodium\Include_macOS\crypto_aead_chacha20poly1305.h = Dependency\LibSodium\Include_macOS\crypto_aead_chacha20poly1305.h
		Dependency\LibSodium\Include_macOS\crypto_aead_xchacha20poly1305.h = Dependency\LibSodium\Include_macOS\crypto_aead_xchacha20poly1305.h
		Dependency\LibSodium\Include_macOS\crypto_auth.h = Dependency\LibSodium\Include_macOS\crypto_auth.h
		Dependency\LibSodium\Include_macOS\crypto_auth_hmacsha256.h = Dependency\LibSodium\Include_macOS\crypto_auth_hmacsha256.h
		Dependency\LibSodium\Include_macOS\crypto_auth_hmacsha512.h = Dependency\LibSodium\Include_macOS\crypto_auth_hmacsha512.h
		Dependency\LibSodium\Include_macOS\crypto_auth_hmacsha512256.h = Dependency\LibSodium\Include_macOS\crypto_auth_hmacsha512256.h
		Dependency\LibSodium\Include_macOS\crypto_box.h = Dependency\LibSodium\Include_macOS\crypto_box.h
		Dependency\LibSodium\Include_macOS\crypto_box_curve25519xchacha20poly1305.h = Dependency\LibSodium\Include_macOS\crypto_box_curve25519xchacha20poly1305.h
		Dependency\LibSodium\Include_macOS\crypto_box_curve25519xsalsa20poly1305.h = Dependency\LibSodium\Include_macOS\crypto_box_curve25519xsalsa20poly1305.h
		Dependency\LibSodium\Include_macOS\crypto_core_ed25519.h = Dependency\LibSodium\Include_macOS\crypto_core_ed25519.h
		Dependency\LibSodium\Include_macOS\crypto_core_hchacha20.h = Dependency\LibSodium\Include_macOS\crypto_core_hchacha20.h
		Dependency\LibSodium\Include_macOS\crypto_core_hsalsa20.h = Dependency\LibSodium\Include_macOS\crypto_core_hsalsa20.h
		Dependency\LibSodium\Include_macOS\crypto_core_salsa20.h = Dependency\LibSodium\Include_macOS\crypto_core_salsa20.h
		Dependency\LibSodium\Include_macOS\crypto_core_salsa2012.h = Dependency\LibSodium\Include_macOS\crypto_core_salsa2012.h
		Dependency\LibSodium\Include_macOS\crypto_core_salsa208.h = Dependency\LibSodium\Include_macOS\crypto_core_salsa208.h
		Dependency\LibSodium\Include_macOS\crypto_generichash.h = Dependency\LibSodium\Include_macOS\crypto_generichash.h
		Dependency\LibSodium\Include_macOS\crypto_generichash_blake2b.h = Dependency\LibSodium\Include_macOS\crypto_generichash_blake2b.h
		Dependency\LibSodium\Include_macOS\crypto_hash.h = Dependency\LibSodium\Include_macOS\crypto_hash.h
		Dependency\LibSodium\Include_macOS\crypto_hash_sha256.h = Dependency\LibSodium\Include_macOS\crypto_hash_sha256.h
		Dependency\LibSodium\Include_macOS\crypto_hash_sha512.h = Dependency\LibSodium\Include_macOS\crypto_hash_sha512.h
		Dependency\LibSodium\Include_macOS\crypto_kdf.h = Dependency\LibSodium\Include_macOS\crypto_kdf.h
		Dependency\LibSodium\Include_macOS\crypto_kdf_blake2b.h = Dependency\LibSodium\Include_macOS\crypto_kdf_blake2b.h
		Dependency\LibSodium\Include_macOS\crypto_kx.h = Dependency\LibSodium\Include_macOS\crypto_kx.h
		Dependency\LibSodium\Include_macOS\crypto_onetimeauth.h = Dependency\LibSodium\Include_macOS\crypto_onetimeauth.h
		Dependency\LibSodium\Include_macOS\crypto_onetimeauth_poly1305.h = Dependency\LibSodium\Include_macOS\crypto_onetimeauth_poly1305.h
		Dependency\LibSodium\Include_macOS\crypto_pwhash.h = Dependency\LibSodium\Include_macOS\crypto_pwhash.h
		Dependency\LibSodium\Include_macOS\crypto_pwhash_argon2i.h = Dependency\LibSodium\Include_macOS\crypto_pwhash_argon2i.h
		Dependency\LibSodium\Include_macOS\crypto_pwhash_argon2id.h = Dependency\LibSodium\Include_macOS\crypto_pwhash_argon2id.h
		Dependency\LibSodium\Include_macOS\crypto_pwhash_scryptsalsa208sha256.h = Dependency\LibSodium\Include_macOS\crypto_pwhash_scryptsalsa208sha256.h
		Dependency\LibSodium\Include_macOS\crypto_scalarmult.h = Dependency\LibSodium\Include_macOS\crypto_scalarmult.h
		Dependency\LibSodium\Include_macOS\crypto_scalarmult_curve25519.h = Dependency\LibSodium\Include_macOS\crypto_scalarmult_curve25519.h
		Dependency\LibSodium\Include_macOS\crypto_scalarmult_ed25519.h = Dependency\LibSodium\Include_macOS\crypto_scalarmult_ed25519.h
		Dependency\LibSodium\Include_macOS\crypto_secretbox.h = Dependency\LibSodium\Include_macOS\crypto_secretbox.h
		Dependency\LibSodium\Include_macOS\crypto_secretbox_xchacha20poly1305.h = Dependency\LibSodium\Include_macOS\crypto_secretbox_xchacha20poly1305.h
		Dependency\LibSodium\Include_macOS\crypto_secretbox_xsalsa20poly1305.h = Dependency\LibSodium\Include_macOS\crypto_secretbox_xsalsa20poly1305.h
		Dependency\LibSodium\Include_macOS\crypto_secretstream_xchacha20poly1305.h = Dependency\LibSodium\Include_macOS\crypto_secretstream_xchacha20poly1305.h
		Dependency\LibSodium\Include_macOS\crypto_shorthash.h = Dependency\LibSodium\Include_macOS\crypto_shorthash.h
		Dependency\LibSodium\Include_macOS\crypto_shorthash_siphash24.h = Dependency\LibSodium\Include_macOS\crypto_shorthash_siphash24.h
		Dependency\LibSodium\Include_macOS\crypto_sign.h = Dependency\LibSodium\Include_macOS\crypto_sign.h
		Dependency\LibSodium\Include_macOS\crypto_sign_ed25519.h = Dependency\LibSodium\Include_macOS\crypto_sign_ed25519.h
		Dependency\LibSodium\Include_macOS\crypto_sign_edwards25519sha512batch.h = Dependency\LibSodium\Include_macOS\crypto_sign_edwards25519sha512batch.h
		Dependency\LibSodium\Include_macOS\crypto_stream.h = Dependency\LibSodium\Include_macOS\crypto_stream.h
		Dependency\LibSodium\Include_macOS\crypto_stream_chacha20.h = Dependency\LibSodium\Include_macOS\crypto_stream_chacha20.h
		Dependency\LibSodium\Include_macOS\crypto_stream_salsa20.h = Dependency\LibSodium\Include_macOS\crypto_stream_salsa20.h
		Dependency\LibSodium\Include_macOS\crypto_stream_salsa2012.h = Dependency\LibSodium\Include_macOS\crypto_stream_salsa2012.h
		Dependency\LibSodium\Include_macOS\crypto_stream_salsa208.h = Dependency\LibSodium\Include_macOS\crypto_stream_salsa208.h
		Dependency\LibSodium\Include_macOS\crypto_stream_xchacha20.h = Dependency\LibSodium\Include_macOS\crypto_stream_xchacha20.h
		Dependency\LibSodium\Include_macOS\crypto_stream_xsalsa20.h = Dependency\LibSodium\Include_macOS\crypto_stream_xsalsa20.h
		Dependency\LibSodium\Include_macOS\crypto_verify_16.h = Dependency\LibSodium\Include_macOS\crypto_verify_16.h
		Dependency\LibSodium\Include_macOS\crypto_verify_32.h = Dependency\LibSodium\Include_macOS\crypto_verify_32.h
		Dependency\LibSodium\Include_macOS\crypto_verify_64.h = Dependency\LibSodium\Include_macOS\crypto_verify_64.h
		Dependency\LibSodium\Include_macOS\export.h = Dependency\LibSodium\Include_macOS\export.h
		Dependency\LibSodium\Include_macOS\randombytes.h = Dependency\LibSodium\Include_macOS\randombytes.h
		Dependency\LibSodium\Include_macOS\randombytes_nativeclient.h = Dependency\LibSodium\Include_macOS\randombytes_nativeclient.h
		Dependency\LibSodium\Include_macOS\randombytes_salsa20_random.h = Dependency\LibSodium\Include_macOS\randombytes_salsa20_random.h
		Dependency\LibSodium\Include_macOS\randombytes_sysrandom.h = Dependency\LibSodium\Include_macOS\randombytes_sysrandom.h
		Dependency\LibSodium\Include_macOS\runtime.h = Dependency\LibSodium\Include_macOS\runtime.h
		Dependency\LibSodium\Include_macOS\sodium.h = Dependency\LibSodium\Include_macOS\sodium.h
		Dependency\LibSodium\Include_macOS\utils.h = Dependency\LibSodium\Include_macOS\utils.h
		Dependency\LibSodium\Include_macOS\version.h = Dependency\LibSodium\Include_macOS\version.h
	EndProjectSection
EndProject
Project("{2150E333-8FDC-42A3-9474-1A3956D46DE8}") = "Include_Windows", "Include_Windows", "{0544F017-08B3-4A9B-A6AB-B5231A9AA09F}"
	ProjectSection(SolutionItems) = preProject
		Dependency\LibSodium\Include_Windows\core.h = Dependency\LibSodium\Include_Windows\core.h
		Dependency\LibSodium\Include_Windows\crypto_aead_aes256gcm.h = Dependency\LibSodium\Include_Windows\crypto_aead_aes256gcm.h
		Dependency\LibSodium\Include_Windows\crypto_aead_chacha20poly1305.h = Dependency\LibSodium\Include_Windows\crypto_aead_chacha20poly1305.h
		Dependency\LibSodium\Include_Windows\crypto_aead_xchacha20poly1305.h = Dependency\LibSodium\Include_Windows\crypto_aead_xchacha20poly1305.h
		Dependency\LibSodium\Include_Windows\crypto_auth.h = Dependency\LibSodium\Include_Windows\crypto_auth.h
		Dependency\LibSodium\Include_Windows\crypto_auth_hmacsha256.h = Dependency\LibSodium\Include_Windows\crypto_auth_hmacsha256.h
		Dependency\LibSodium\Include_Windows\crypto_auth_hmacsha512.h = Dependency\LibSodium\Include_Windows\crypto_auth_hmacsha512.h
		Dependency\LibSodium\Include_Windows\crypto_auth_hmacsha512256.h = Dependency\LibSodium\Include_Windows\crypto_auth_hmacsha512256.h
		Dependency\LibSodium\Include_Windows\crypto_box.h = Dependency\LibSodium\Include_Windows\crypto_box.h
		Dependency\LibSodium\Include_Windows\crypto_box_curve25519xchacha20poly1305.h = Dependency\LibSodium\Include_Windows\crypto_box_curve25519xchacha20poly1305.h
		Dependency\LibSodium\Include_Windows\crypto_box_curve25519xsalsa20poly1305.h = Dependency\LibSodium\Include_Windows\crypto_box_curve25519xsalsa20poly1305.h
		Dependency\LibSodium\Include_Windows\crypto_core_ed25519.h = Dependency\LibSodium\Include_Windows\crypto_core_ed25519.h
		Dependency\LibSodium\Include_Windows\crypto_core_hchacha20.h = Dependency\LibSodium\Include_Windows\crypto_core_hchacha20.h
		Dependency\LibSodium\Include_Windows\crypto_core_hsalsa20.h = Dependency\LibSodium\Include_Windows\crypto_core_hsalsa20.h
		Dependency\LibSodium\Include_Windows\crypto_core_salsa20.h = Dependency\LibSodium\Include_Windows\crypto_core_salsa20.h
		Dependency\LibSodium\Include_Windows\crypto_core_salsa2012.h = Dependency\LibSodium\Include_Windows\crypto_core_salsa2012.h
		Dependency\LibSodium\Include_Windows\crypto_core_salsa208.h = Dependency\LibSodium\Include_Windows\crypto_core_salsa208.h
		Dependency\LibSodium\Include_Windows\crypto_generichash.h = Dependency\LibSodium\Include_Windows\crypto_generichash.h
		Dependency\LibSodium\Include_Windows\crypto_generichash_blake2b.h = Dependency\LibSodium\Include_Windows\crypto_generichash_blake2b.h
		Dependency\LibSodium\Include_Windows\crypto_hash.h = Dependency\LibSodium\Include_Windows\crypto_hash.h
		Dependency\LibSodium\Include_Windows\crypto_hash_sha256.h = Dependency\LibSodium\Include_Windows\crypto_hash_sha256.h
		Dependency\LibSodium\Include_Windows\crypto_hash_sha512.h = Dependency\LibSodium\Include_Windows\crypto_hash_sha512.h
		Dependency\LibSodium\Include_Windows\crypto_kdf.h = Dependency\LibSodium\Include_Windows\crypto_kdf.h
		Dependency\LibSodium\Include_Windows\crypto_kdf_blake2b.h = Dependency\LibSodium\Include_Windows\crypto_kdf_blake2b.h
		Dependency\LibSodium\Include_Windows\crypto_kx.h = Dependency\LibSodium\Include_Windows\crypto_kx.h
		Dependency\LibSodium\Include_Windows\crypto_onetimeauth.h = Dependency\LibSodium\Include_Windows\crypto_onetimeauth.h
		Dependency\LibSodium\Include_Windows\crypto_onetimeauth_poly1305.h = Dependency\LibSodium\Include_Windows\crypto_onetimeauth_poly1305.h
		Dependency\LibSodium\Include_Windows\crypto_pwhash.h = Dependency\LibSodium\Include_Windows\crypto_pwhash.h
		Dependency\LibSodium\Include_Windows\crypto_pwhash_argon2i.h = Dependency\LibSodium\Include_Windows\crypto_pwhash_argon2i.h
		Dependency\LibSodium\Include_Windows\crypto_pwhash_argon2id.h = Dependency\LibSodium\Include_Windows\crypto_pwhash_argon2id.h
		Dependency\LibSodium\Include_Windows\crypto_pwhash_scryptsalsa208sha256.h = Dependency\LibSodium\Include_Windows\crypto_pwhash_scryptsalsa208sha256.h
		Dependency\LibSodium\Include_Windows\crypto_scalarmult.h = Dependency\LibSodium\Include_Windows\crypto_scalarmult.h
		Dependency\LibSodium\Include_Windows\crypto_scalarmult_curve25519.h = Dependency\LibSodium\Include_Windows\crypto_scalarmult_curve25519.h
		Dependency\LibSodium\Include_Windows\crypto_scalarmult_ed25519.h = Dependency\LibSodium\Include_Windows\crypto_scalarmult_ed25519.h
		Dependency\LibSodium\Include_Windows\crypto_secretbox.h = Dependency\LibSodium\Include_Windows\crypto_secretbox.h
		Dependency\LibSodium\Include_Windows\crypto_secretbox_xchacha20poly1305.h = Dependency\LibSodium\Include_Windows\crypto_secretbox_xchacha20poly1305.h
		Dependency\LibSodium\Include_Windows\crypto_secretbox_xsalsa20poly1305.h = Dependency\LibSodium\Include_Windows\crypto_secretbox_xsalsa20poly1305.h
		Dependency\LibSodium\Include_Windows\crypto_secretstream_xchacha20poly1305.h = Dependency\LibSodium\Include_Windows\crypto_secretstream_xchacha20poly1305.h
		Dependency\LibSodium\Include_Windows\crypto_shorthash.h = Dependency\LibSodium\Include_Windows\crypto_shorthash.h
		Dependency\LibSodium\Include_Windows\crypto_shorthash_siphash24.h = Dependency\LibSodium\Include_Windows\crypto_shorthash_siphash24.h
		Dependency\LibSodium\Include_Windows\crypto_sign.h = Dependency\LibSodium\Include_Windows\crypto_sign.h
		Dependency\LibSodium\Include_Windows\crypto_sign_ed25519.h = Dependency\LibSodium\Include_Windows\crypto_sign_ed25519.h
		Dependency\LibSodium\Include_Windows\crypto_sign_edwards25519sha512batch.h = Dependency\LibSodium\Include_Windows\crypto_sign_edwards25519sha512batch.h
		Dependency\LibSodium\Include_Windows\crypto_stream.h = Dependency\LibSodium\Include_Windows\crypto_stream.h
		Dependency\LibSodium\Include_Windows\crypto_stream_chacha20.h = Dependency\LibSodium\Include_Windows\crypto_stream_chacha20.h
		Dependency\LibSodium\Include_Windows\crypto_stream_salsa20.h = Dependency\LibSodium\Include_Windows\crypto_stream_salsa20.h
		Dependency\LibSodium\Include_Windows\crypto_stream_salsa2012.h = Dependency\LibSodium\Include_Windows\crypto_stream_salsa2012.h
		Dependency\LibSodium\Include_Windows\crypto_stream_salsa208.h = Dependency\LibSodium\Include_Windows\crypto_stream_salsa208.h
		Dependency\LibSodium\Include_Windows\crypto_stream_xchacha20.h = Dependency\LibSodium\Include_Windows\crypto_stream_xchacha20.h
		Dependency\LibSodium\Include_Windows\crypto_stream_xsalsa20.h = Dependency\LibSodium\Include_Windows\crypto_stream_xsalsa20.h
		Dependency\LibSodium\Include_Windows\crypto_verify_16.h = Dependency\LibSodium\Include_Windows\crypto_verify_16.h
		Dependency\LibSodium\Include_Windows\crypto_verify_32.h = Dependency\LibSodium\Include_Windows\crypto_verify_32.h
		Dependency\LibSodium\Include_Windows\crypto_verify_64.h = Dependency\LibSodium\Include_Windows\crypto_verify_64.h
		Dependency\LibSodium\Include_Windows\export.h = Dependency\LibSodium\Include_Windows\export.h
		Dependency\LibSodium\Include_Windows\randombytes.h = Dependency\LibSodium\Include_Windows\randombytes.h
		Dependency\LibSodium\Include_Windows\randombytes_nativeclient.h = Dependency\LibSodium\Include_Windows\randombytes_nativeclient.h
		Dependency\LibSodium\Include_Windows\randombytes_salsa20_random.h = Dependency\LibSodium\Include_Windows\randombytes_salsa20_random.h
		Dependency\LibSodium\Include_Windows\randombytes_sysrandom.h = Dependency\LibSodium\Include_Windows\randombytes_sysrandom.h
		Dependency\LibSodium\Include_Windows\runtime.h = Dependency\LibSodium\Include_Windows\runtime.h
		Dependency\LibSodium\Include_Windows\sodium.h = Dependency\LibSodium\Include_Windows\sodium.h
		Dependency\LibSodium\Include_Windows\utils.h = Dependency\LibSodium\Include_Windows\utils.h
		Dependency\LibSodium\Include_Windows\version.h = Dependency\LibSodium\Include_Windows\version.h
	EndProjectSection
EndProject
Project("{2150E333-8FDC-42A3-9474-1A3956D46DE8}") = "private", "private", "{B6D1EBD9-9E67-44D0-947E-D7BE96D21B3E}"
	ProjectSection(SolutionItems) = preProject
		Dependency\LibSodium\Include_macOS\private\common.h = Dependency\LibSodium\Include_macOS\private\common.h
		Dependency\LibSodium\Include_macOS\private\ed25519_ref10.h = Dependency\LibSodium\Include_macOS\private\ed25519_ref10.h
		Dependency\LibSodium\Include_macOS\private\ed25519_ref10_fe_25_5.h = Dependency\LibSodium\Include_macOS\private\ed25519_ref10_fe_25_5.h
		Dependency\LibSodium\Include_macOS\private\ed25519_ref10_fe_51.h = Dependency\LibSodium\Include_macOS\private\ed25519_ref10_fe_51.h
		Dependency\LibSodium\Include_macOS\private\implementations.h = Dependency\LibSodium\Include_macOS\private\implementations.h
		Dependency\LibSodium\Include_macOS\private\mutex.h = Dependency\LibSodium\Include_macOS\private\mutex.h
		Dependency\LibSodium\Include_macOS\private\sse2_64_32.h = Dependency\LibSodium\Include_macOS\private\sse2_64_32.h
	EndProjectSection
EndProject
Project("{2150E333-8FDC-42A3-9474-1A3956D46DE8}") = "private", "private", "{7C45985B-0FE7-483D-B790-91EBBC22B630}"
	ProjectSection(SolutionItems) = preProject
		Dependency\LibSodium\Include_Windows\private\chacha20_ietf_ext.h = Dependency\LibSodium\Include_Windows\private\chacha20_ietf_ext.h
		Dependency\LibSodium\Include_Windows\private\common.h = Dependency\LibSodium\Include_Windows\private\common.h
		Dependency\LibSodium\Include_Windows\private\ed25519_ref10.h = Dependency\LibSodium\Include_Windows\private\ed25519_ref10.h
		Dependency\LibSodium\Include_Windows\private\ed25519_ref10_fe_25_5.h = Dependency\LibSodium\Include_Windows\private\ed25519_ref10_fe_25_5.h
		Dependency\LibSodium\Include_Windows\private\ed25519_ref10_fe_51.h = Dependency\LibSodium\Include_Windows\private\ed25519_ref10_fe_51.h
		Dependency\LibSodium\Include_Windows\private\implementations.h = Dependency\LibSodium\Include_Windows\private\implementations.h
		Dependency\LibSodium\Include_Windows\private\mutex.h = Dependency\LibSodium\Include_Windows\private\mutex.h
		Dependency\LibSodium\Include_Windows\private\sse2_64_32.h = Dependency\LibSodium\Include_Windows\private\sse2_64_32.h
	EndProjectSection
EndProject
Project("{2150E333-8FDC-42A3-9474-1A3956D46DE8}") = "OpenSSL", "OpenSSL", "{C87764FC-B3CE-4464-9CA2-389DD7C3E3CC}"
	ProjectSection(SolutionItems) = preProject
		Dependency\OpenSSL\LibCrypto_macOS.a = Dependency\OpenSSL\LibCrypto_macOS.a
		Dependency\OpenSSL\LibSSL_macOS.a = Dependency\OpenSSL\LibSSL_macOS.a
	EndProjectSection
EndProject
Project("{2150E333-8FDC-42A3-9474-1A3956D46DE8}") = "Npcap", "Npcap", "{42645084-F768-449A-A925-7BE959132D66}"
	ProjectSection(SolutionItems) = preProject
		Dependency\Npcap\Packet_x64.lib = Dependency\Npcap\Packet_x64.lib
		Dependency\Npcap\Packet_x86.lib = Dependency\Npcap\Packet_x86.lib
		Dependency\Npcap\WPCAP_x64.lib = Dependency\Npcap\WPCAP_x64.lib
		Dependency\Npcap\WPCAP_x86.lib = Dependency\Npcap\WPCAP_x86.lib
	EndProjectSection
EndProject
Project("{2150E333-8FDC-42A3-9474-1A3956D46DE8}") = "Include", "Include", "{53707539-5D83-44B0-85CB-A1409708CB87}"
	ProjectSection(SolutionItems) = preProject
		Dependency\Npcap\Include\Packet32.h = Dependency\Npcap\Include\Packet32.h
		Dependency\Npcap\Include\pcap-bpf.h = Dependency\Npcap\Include\pcap-bpf.h
		Dependency\Npcap\Include\pcap-namedb.h = Dependency\Npcap\Include\pcap-namedb.h
		Dependency\Npcap\Include\pcap-stdinc.h = Dependency\Npcap\Include\pcap-stdinc.h
		Dependency\Npcap\Include\pcap.h = Dependency\Npcap\Include\pcap.h
		Dependency\Npcap\Include\remote-ext.h = Dependency\Npcap\Include\remote-ext.h
	EndProjectSection
EndProject
Project("{2150E333-8FDC-42A3-9474-1A3956D46DE8}") = "pcap", "pcap", "{B47D0EC6-B602-401E-B860-5BB87FD7E589}"
	ProjectSection(SolutionItems) = preProject
		Dependency\Npcap\Include\pcap\bluetooth.h = Dependency\Npcap\Include\pcap\bluetooth.h
		Dependency\Npcap\Include\pcap\bpf.h = Dependency\Npcap\Include\pcap\bpf.h
		Dependency\Npcap\Include\pcap\can_socketcan.h = Dependency\Npcap\Include\pcap\can_socketcan.h
		Dependency\Npcap\Include\pcap\dlt.h = Dependency\Npcap\Include\pcap\dlt.h
		Dependency\Npcap\Include\pcap\export-defs.h = Dependency\Npcap\Include\pcap\export-defs.h
		Dependency\Npcap\Include\pcap\ipnet.h = Dependency\Npcap\Include\pcap\ipnet.h
		Dependency\Npcap\Include\pcap\namedb.h = Dependency\Npcap\Include\pcap\namedb.h
		Dependency\Npcap\Include\pcap\nflog.h = Dependency\Npcap\Include\pcap\nflog.h
		Dependency\Npcap\Include\pcap\pcap.h = Dependency\Npcap\Include\pcap\pcap.h
		Dependency\Npcap\Include\pcap\sll.h = Dependency\Npcap\Include\pcap\sll.h
		Dependency\Npcap\Include\pcap\usb.h = Dependency\Npcap\Include\pcap\usb.h
		Dependency\Npcap\Include\pcap\vlan.h = Dependency\Npcap\Include\pcap\vlan.h
	EndProjectSection
EndProject
Project("{2150E333-8FDC-42A3-9474-1A3956D46DE8}") = "Include", "Include", "{FF40A2D8-8CA3-4392-84C7-A5754C98A2E3}"
EndProject
Project("{2150E333-8FDC-42A3-9474-1A3956D46DE8}") = "ExampleConfig", "ExampleConfig", "{D2883F98-9F41-43A6-B417-6272FF771999}"
	ProjectSection(SolutionItems) = preProject
		Auxiliary\ExampleConfig\ServiceControl.bat = Auxiliary\ExampleConfig\ServiceControl.bat
	EndProjectSection
EndProject
Project("{2150E333-8FDC-42A3-9474-1A3956D46DE8}") = "Documents", "Documents", "{D3FC1577-B576-4BAB-8239-3727498B66D1}"
	ProjectSection(SolutionItems) = preProject
		Auxiliary\Documents\ReadMe.en.md = Auxiliary\Documents\ReadMe.en.md
		Auxiliary\Documents\ReadMe.zh-Hans.md = Auxiliary\Documents\ReadMe.zh-Hans.md
		Auxiliary\Documents\ReadMe.zh-Hant.md = Auxiliary\Documents\ReadMe.zh-Hant.md
	EndProjectSection
EndProject
Project("{2150E333-8FDC-42A3-9474-1A3956D46DE8}") = "Markdown", "Markdown", "{62FADAF0-0B5B-4C34-BC8B-6EB5A3CA9F5F}"
	ProjectSection(SolutionItems) = preProject
		Auxiliary\Markdown\.gitattributes = Auxiliary\Markdown\.gitattributes
		Auxiliary\Markdown\ISSUE_TEMPLATE.md = Auxiliary\Markdown\ISSUE_TEMPLATE.md
		Auxiliary\Markdown\LICENSE = Auxiliary\Markdown\LICENSE
		Auxiliary\Markdown\README.md = Auxiliary\Markdown\README.md
		Auxiliary\Markdown\README.zh-Hans.md = Auxiliary\Markdown\README.zh-Hans.md
		Auxiliary\Markdown\README.zh-Hant.md = Auxiliary\Markdown\README.zh-Hant.md
	EndProjectSection
EndProject
Project("{2150E333-8FDC-42A3-9474-1A3956D46DE8}") = "Scripts", "Scripts", "{996064CC-05DD-41AB-B350-C5A31A8D2ECB}"
	ProjectSection(SolutionItems) = preProject
		Auxiliary\Scripts\CMake_Build.sh = Auxiliary\Scripts\CMake_Build.sh
	EndProjectSection
EndProject
Project("{2150E333-8FDC-42A3-9474-1A3956D46DE8}") = "Tools", "Tools", "{250A61FB-7789-486E-88D9-2D01830C2558}"
	ProjectSection(SolutionItems) = preProject
		Auxiliary\Tools\Npcap-0.99-r9.exe = Auxiliary\Tools\Npcap-0.99-r9.exe
	EndProjectSection
EndProject
Project("{2150E333-8FDC-42A3-9474-1A3956D46DE8}") = "Support", "Support", "{15D309AE-B803-4815-AEDF-BCD597081883}"
	ProjectSection(SolutionItems) = preProject
		Auxiliary\Tools\Support\CCase.exe = Auxiliary\Tools\Support\CCase.exe
		Auxiliary\Tools\Support\curl.exe = Auxiliary\Tools\Support\curl.exe
		Auxiliary\Tools\Support\md5.exe = Auxiliary\Tools\Support\md5.exe
		Auxiliary\Tools\Support\sed.exe = Auxiliary\Tools\Support\sed.exe
	EndProjectSection
EndProject
Project("{2150E333-8FDC-42A3-9474-1A3956D46DE8}") = "Update_Routing", "Update_Routing", "{BCCFFD87-72E3-4628-8E6B-6ACF521D99A9}"
	ProjectSection(SolutionItems) = preProject
		Auxiliary\Tools\Update_Routing\Log_Lib = Auxiliary\Tools\Update_Routing\Log_Lib
		Auxiliary\Tools\Update_Routing\ReadMe.md = Auxiliary\Tools\Update_Routing\ReadMe.md
		Auxiliary\Tools\Update_Routing\ReadMe.zh-Hans.md = Auxiliary\Tools\Update_Routing\ReadMe.zh-Hans.md
		Auxiliary\Tools\Update_Routing\ReadMe.zh-Hant.md = Auxiliary\Tools\Update_Routing\ReadMe.zh-Hant.md
		Auxiliary\Tools\Update_Routing\Update.bat = Auxiliary\Tools\Update_Routing\Update.bat
		Auxiliary\Tools\Update_Routing\Update_Big5.bat = Auxiliary\Tools\Update_Routing\Update_Big5.bat
		Auxiliary\Tools\Update_Routing\Update_GB2312.bat = Auxiliary\Tools\Update_Routing\Update_GB2312.bat
	EndProjectSection
EndProject
Project("{2150E333-8FDC-42A3-9474-1A3956D46DE8}") = "Update_WhiteList", "Update_WhiteList", "{67AFD69B-237D-4E14-B99B-71EF5BDF65BD}"
	ProjectSection(SolutionItems) = preProject
		Auxiliary\Tools\Update_WhiteList\Update_WhiteList.bat = Auxiliary\Tools\Update_WhiteList\Update_WhiteList.bat
	EndProjectSection
EndProject
Project("{2150E333-8FDC-42A3-9474-1A3956D46DE8}") = "internal", "internal", "{3CDB057C-0734-4BAA-A952-7DE18C78C3F3}"
	ProjectSection(SolutionItems) = preProject
		Dependency\OpenSSL\Include\internal\__DECC_INCLUDE_EPILOGUE.H = Dependency\OpenSSL\Include\internal\__DECC_INCLUDE_EPILOGUE.H
		Dependency\OpenSSL\Include\internal\__DECC_INCLUDE_PROLOGUE.H = Dependency\OpenSSL\Include\internal\__DECC_INCLUDE_PROLOGUE.H
		Dependency\OpenSSL\Include\internal\bio.h = Dependency\OpenSSL\Include\internal\bio.h
		Dependency\OpenSSL\Include\internal\comp.h = Dependency\OpenSSL\Include\internal\comp.h
		Dependency\OpenSSL\Include\internal\conf.h = Dependency\OpenSSL\Include\internal\conf.h
		Dependency\OpenSSL\Include\internal\constant_time_locl.h = Dependency\OpenSSL\Include\internal\constant_time_locl.h
		Dependency\OpenSSL\Include\internal\cryptlib.h = Dependency\OpenSSL\Include\internal\cryptlib.h
		Dependency\OpenSSL\Include\internal\dane.h = Dependency\OpenSSL\Include\internal\dane.h
		Dependency\OpenSSL\Include\internal\dso.h = Dependency\OpenSSL\Include\internal\dso.h
		Dependency\OpenSSL\Include\internal\dsoerr.h = Dependency\OpenSSL\Include\internal\dsoerr.h
		Dependency\OpenSSL\Include\internal\err.h = Dependency\OpenSSL\Include\internal\err.h
		Dependency\OpenSSL\Include\internal\nelem.h = Dependency\OpenSSL\Include\internal\nelem.h
		Dependency\OpenSSL\Include\internal\numbers.h = Dependency\OpenSSL\Include\internal\numbers.h
		Dependency\OpenSSL\Include\internal\o_dir.h = Dependency\OpenSSL\Include\internal\o_dir.h
		Dependency\OpenSSL\Include\internal\o_str.h = Dependency\OpenSSL\Include\internal\o_str.h
		Dependency\OpenSSL\Include\internal\refcount.h = Dependency\OpenSSL\Include\internal\refcount.h
		Dependency\OpenSSL\Include\internal\sockets.h = Dependency\OpenSSL\Include\internal\sockets.h
		Dependency\OpenSSL\Include\internal\sslconf.h = Dependency\OpenSSL\Include\internal\sslconf.h
		Dependency\OpenSSL\Include\internal\thread_once.h = Dependency\OpenSSL\Include\internal\thread_once.h
		Dependency\OpenSSL\Include\internal\tsan_assist.h = Dependency\OpenSSL\Include\internal\tsan_assist.h
	EndProjectSection
EndProject
Project("{2150E333-8FDC-42A3-9474-1A3956D46DE8}") = "openssl", "openssl", "{29473DFB-2FFD-4894-8E33-10DF7A1F0464}"
	ProjectSection(SolutionItems) = preProject
		Dependency\OpenSSL\Include\openssl\__DECC_INCLUDE_EPILOGUE.H = Dependency\OpenSSL\Include\openssl\__DECC_INCLUDE_EPILOGUE.H
		Dependency\OpenSSL\Include\openssl\__DECC_INCLUDE_PROLOGUE.H = Dependency\OpenSSL\Include\openssl\__DECC_INCLUDE_PROLOGUE.H
		Dependency\OpenSSL\Include\openssl\aes.h = Dependency\OpenSSL\Include\openssl\aes.h
		Dependency\OpenSSL\Include\openssl\asn1.h = Dependency\OpenSSL\Include\openssl\asn1.h
		Dependency\OpenSSL\Include\openssl\asn1_mac.h = Dependency\OpenSSL\Include\openssl\asn1_mac.h
		Dependency\OpenSSL\Include\openssl\asn1err.h = Dependency\OpenSSL\Include\openssl\asn1err.h
		Dependency\OpenSSL\Include\openssl\asn1t.h = Dependency\OpenSSL\Include\openssl\asn1t.h
		Dependency\OpenSSL\Include\openssl\async.h = Dependency\OpenSSL\Include\openssl\async.h
		Dependency\OpenSSL\Include\openssl\asyncerr.h = Dependency\OpenSSL\Include\openssl\asyncerr.h
		Dependency\OpenSSL\Include\openssl\bio.h = Dependency\OpenSSL\Include\openssl\bio.h
		Dependency\OpenSSL\Include\openssl\bioerr.h = Dependency\OpenSSL\Include\openssl\bioerr.h
		Dependency\OpenSSL\Include\openssl\blowfish.h = Dependency\OpenSSL\Include\openssl\blowfish.h
		Dependency\OpenSSL\Include\openssl\bn.h = Dependency\OpenSSL\Include\openssl\bn.h
		Dependency\OpenSSL\Include\openssl\bnerr.h = Dependency\OpenSSL\Include\openssl\bnerr.h
		Dependency\OpenSSL\Include\openssl\buffer.h = Dependency\OpenSSL\Include\openssl\buffer.h
		Dependency\OpenSSL\Include\openssl\buffererr.h = Dependency\OpenSSL\Include\openssl\buffererr.h
		Dependency\OpenSSL\Include\openssl\camellia.h = Dependency\OpenSSL\Include\openssl\camellia.h
		Dependency\OpenSSL\Include\openssl\cast.h = Dependency\OpenSSL\Include\openssl\cast.h
		Dependency\OpenSSL\Include\openssl\cmac.h = Dependency\OpenSSL\Include\openssl\cmac.h
		Dependency\OpenSSL\Include\openssl\cms.h = Dependency\OpenSSL\Include\openssl\cms.h
		Dependency\OpenSSL\Include\openssl\cmserr.h = Dependency\OpenSSL\Include\openssl\cmserr.h
		Dependency\OpenSSL\Include\openssl\comp.h = Dependency\OpenSSL\Include\openssl\comp.h
		Dependency\OpenSSL\Include\openssl\comperr.h = Dependency\OpenSSL\Include\openssl\comperr.h
		Dependency\OpenSSL\Include\openssl\conf.h = Dependency\OpenSSL\Include\openssl\conf.h
		Dependency\OpenSSL\Include\openssl\conf_api.h = Dependency\OpenSSL\Include\openssl\conf_api.h
		Dependency\OpenSSL\Include\openssl\conferr.h = Dependency\OpenSSL\Include\openssl\conferr.h
		Dependency\OpenSSL\Include\openssl\crypto.h = Dependency\OpenSSL\Include\openssl\crypto.h
		Dependency\OpenSSL\Include\openssl\cryptoerr.h = Dependency\OpenSSL\Include\openssl\cryptoerr.h
		Dependency\OpenSSL\Include\openssl\ct.h = Dependency\OpenSSL\Include\openssl\ct.h
		Dependency\OpenSSL\Include\openssl\cterr.h = Dependency\OpenSSL\Include\openssl\cterr.h
		Dependency\OpenSSL\Include\openssl\des.h = Dependency\OpenSSL\Include\openssl\des.h
		Dependency\OpenSSL\Include\openssl\dh.h = Dependency\OpenSSL\Include\openssl\dh.h
		Dependency\OpenSSL\Include\openssl\dherr.h = Dependency\OpenSSL\Include\openssl\dherr.h
		Dependency\OpenSSL\Include\openssl\dsa.h = Dependency\OpenSSL\Include\openssl\dsa.h
		Dependency\OpenSSL\Include\openssl\dsaerr.h = Dependency\OpenSSL\Include\openssl\dsaerr.h
		Dependency\OpenSSL\Include\openssl\dtls1.h = Dependency\OpenSSL\Include\openssl\dtls1.h
		Dependency\OpenSSL\Include\openssl\e_os2.h = Dependency\OpenSSL\Include\openssl\e_os2.h
		Dependency\OpenSSL\Include\openssl\ebcdic.h = Dependency\OpenSSL\Include\openssl\ebcdic.h
		Dependency\OpenSSL\Include\openssl\ec.h = Dependency\OpenSSL\Include\openssl\ec.h
		Dependency\OpenSSL\Include\openssl\ecdh.h = Dependency\OpenSSL\Include\openssl\ecdh.h
		Dependency\OpenSSL\Include\openssl\ecdsa.h = Dependency\OpenSSL\Include\openssl\ecdsa.h
		Dependency\OpenSSL\Include\openssl\ecerr.h = Dependency\OpenSSL\Include\openssl\ecerr.h
		Dependency\OpenSSL\Include\openssl\engine.h = Dependency\OpenSSL\Include\openssl\engine.h
		Dependency\OpenSSL\Include\openssl\engineerr.h = Dependency\OpenSSL\Include\openssl\engineerr.h
		Dependency\OpenSSL\Include\openssl\err.h = Dependency\OpenSSL\Include\openssl\err.h
		Dependency\OpenSSL\Include\openssl\evp.h = Dependency\OpenSSL\Include\openssl\evp.h
		Dependency\OpenSSL\Include\openssl\evperr.h = Dependency\OpenSSL\Include\openssl\evperr.h
		Dependency\OpenSSL\Include\openssl\hmac.h = Dependency\OpenSSL\Include\openssl\hmac.h
		Dependency\OpenSSL\Include\openssl\idea.h = Dependency\OpenSSL\Include\openssl\idea.h
		Dependency\OpenSSL\Include\openssl\kdf.h = Dependency\OpenSSL\Include\openssl\kdf.h
		Dependency\OpenSSL\Include\openssl\kdferr.h = Dependency\OpenSSL\Include\openssl\kdferr.h
		Dependency\OpenSSL\Include\openssl\lhash.h = Dependency\OpenSSL\Include\openssl\lhash.h
		Dependency\OpenSSL\Include\openssl\md2.h = Dependency\OpenSSL\Include\openssl\md2.h
		Dependency\OpenSSL\Include\openssl\md4.h = Dependency\OpenSSL\Include\openssl\md4.h
		Dependency\OpenSSL\Include\openssl\md5.h = Dependency\OpenSSL\Include\openssl\md5.h
		Dependency\OpenSSL\Include\openssl\mdc2.h = Dependency\OpenSSL\Include\openssl\mdc2.h
		Dependency\OpenSSL\Include\openssl\modes.h = Dependency\OpenSSL\Include\openssl\modes.h
		Dependency\OpenSSL\Include\openssl\obj_mac.h = Dependency\OpenSSL\Include\openssl\obj_mac.h
		Dependency\OpenSSL\Include\openssl\objects.h = Dependency\OpenSSL\Include\openssl\objects.h
		Dependency\OpenSSL\Include\openssl\objectserr.h = Dependency\OpenSSL\Include\openssl\objectserr.h
		Dependency\OpenSSL\Include\openssl\ocsp.h = Dependency\OpenSSL\Include\openssl\ocsp.h
		Dependency\OpenSSL\Include\openssl\ocsperr.h = Dependency\OpenSSL\Include\openssl\ocsperr.h
		Dependency\OpenSSL\Include\openssl\opensslconf.h = Dependency\OpenSSL\Include\openssl\opensslconf.h
		Dependency\OpenSSL\Include\openssl\opensslv.h = Dependency\OpenSSL\Include\openssl\opensslv.h
		Dependency\OpenSSL\Include\openssl\ossl_typ.h = Dependency\OpenSSL\Include\openssl\ossl_typ.h
		Dependency\OpenSSL\Include\openssl\pem.h = Dependency\OpenSSL\Include\openssl\pem.h
		Dependency\OpenSSL\Include\openssl\pem2.h = Dependency\OpenSSL\Include\openssl\pem2.h
		Dependency\OpenSSL\Include\openssl\pemerr.h = Dependency\OpenSSL\Include\openssl\pemerr.h
		Dependency\OpenSSL\Include\openssl\pkcs12.h = Dependency\OpenSSL\Include\openssl\pkcs12.h
		Dependency\OpenSSL\Include\openssl\pkcs12err.h = Dependency\OpenSSL\Include\openssl\pkcs12err.h
		Dependency\OpenSSL\Include\openssl\pkcs7.h = Dependency\OpenSSL\Include\openssl\pkcs7.h
		Dependency\OpenSSL\Include\openssl\pkcs7err.h = Dependency\OpenSSL\Include\openssl\pkcs7err.h
		Dependency\OpenSSL\Include\openssl\rand.h = Dependency\OpenSSL\Include\openssl\rand.h
		Dependency\OpenSSL\Include\openssl\rand_drbg.h = Dependency\OpenSSL\Include\openssl\rand_drbg.h
		Dependency\OpenSSL\Include\openssl\randerr.h = Dependency\OpenSSL\Include\openssl\randerr.h
		Dependency\OpenSSL\Include\openssl\rc2.h = Dependency\OpenSSL\Include\openssl\rc2.h
		Dependency\OpenSSL\Include\openssl\rc4.h = Dependency\OpenSSL\Include\openssl\rc4.h
		Dependency\OpenSSL\Include\openssl\rc5.h = Dependency\OpenSSL\Include\openssl\rc5.h
		Dependency\OpenSSL\Include\openssl\ripemd.h = Dependency\OpenSSL\Include\openssl\ripemd.h
		Dependency\OpenSSL\Include\openssl\rsa.h = Dependency\OpenSSL\Include\openssl\rsa.h
		Dependency\OpenSSL\Include\openssl\rsaerr.h = Dependency\OpenSSL\Include\openssl\rsaerr.h
		Dependency\OpenSSL\Include\openssl\safestack.h = Dependency\OpenSSL\Include\openssl\safestack.h
		Dependency\OpenSSL\Include\openssl\seed.h = Dependency\OpenSSL\Include\openssl\seed.h
		Dependency\OpenSSL\Include\openssl\sha.h = Dependency\OpenSSL\Include\openssl\sha.h
		Dependency\OpenSSL\Include\openssl\srp.h = Dependency\OpenSSL\Include\openssl\srp.h
		Dependency\OpenSSL\Include\openssl\srtp.h = Dependency\OpenSSL\Include\openssl\srtp.h
		Dependency\OpenSSL\Include\openssl\ssl.h = Dependency\OpenSSL\Include\openssl\ssl.h
		Dependency\OpenSSL\Include\openssl\ssl2.h = Dependency\OpenSSL\Include\openssl\ssl2.h
		Dependency\OpenSSL\Include\openssl\ssl3.h = Dependency\OpenSSL\Include\openssl\ssl3.h
		Dependency\OpenSSL\Include\openssl\sslerr.h = Dependency\OpenSSL\Include\openssl\sslerr.h
		Dependency\OpenSSL\Include\openssl\stack.h = Dependency\OpenSSL\Include\openssl\stack.h
		Dependency\OpenSSL\Include\openssl\store.h = Dependency\OpenSSL\Include\openssl\store.h
		Dependency\OpenSSL\Include\openssl\storeerr.h = Dependency\OpenSSL\Include\openssl\storeerr.h
		Dependency\OpenSSL\Include\openssl\symhacks.h = Dependency\OpenSSL\Include\openssl\symhacks.h
		Dependency\OpenSSL\Include\openssl\tls1.h = Dependency\OpenSSL\Include\openssl\tls1.h
		Dependency\OpenSSL\Include\openssl\ts.h = Dependency\OpenSSL\Include\openssl\ts.h
		Dependency\OpenSSL\Include\openssl\tserr.h = Dependency\OpenSSL\Include\openssl\tserr.h
		Dependency\OpenSSL\Include\openssl\txt_db.h = Dependency\OpenSSL\Include\openssl\txt_db.h
		Dependency\OpenSSL\Include\openssl\ui.h = Dependency\OpenSSL\Include\openssl\ui.h
		Dependency\OpenSSL\Include\openssl\uierr.h = Dependency\OpenSSL\Include\openssl\uierr.h
		Dependency\OpenSSL\Include\openssl\whrlpool.h = Dependency\OpenSSL\Include\openssl\whrlpool.h
		Dependency\OpenSSL\Include\openssl\x509.h = Dependency\OpenSSL\Include\openssl\x509.h
		Dependency\OpenSSL\Include\openssl\x509_vfy.h = Dependency\OpenSSL\Include\openssl\x509_vfy.h
		Dependency\OpenSSL\Include\openssl\x509err.h = Dependency\OpenSSL\Include\openssl\x509err.h
		Dependency\OpenSSL\Include\openssl\x509v3.h = Dependency\OpenSSL\Include\openssl\x509v3.h
		Dependency\OpenSSL\Include\openssl\x509v3err.h = Dependency\OpenSSL\Include\openssl\x509v3err.h
	EndProjectSection
EndProject
Global
	GlobalSection(SolutionConfigurationPlatforms) = preSolution
		Debug|x64 = Debug|x64
		Debug|x86 = Debug|x86
		Release|x64 = Release|x64
		Release|x86 = Release|x86
	EndGlobalSection
	GlobalSection(ProjectConfigurationPlatforms) = postSolution
		{9221C40D-99FA-447B-BB53-767F9C6945EB}.Debug|x64.ActiveCfg = Debug|x64
		{9221C40D-99FA-447B-BB53-767F9C6945EB}.Debug|x64.Build.0 = Debug|x64
		{9221C40D-99FA-447B-BB53-767F9C6945EB}.Debug|x86.ActiveCfg = Debug|Win32
		{9221C40D-99FA-447B-BB53-767F9C6945EB}.Debug|x86.Build.0 = Debug|Win32
		{9221C40D-99FA-447B-BB53-767F9C6945EB}.Release|x64.ActiveCfg = Release|x64
		{9221C40D-99FA-447B-BB53-767F9C6945EB}.Release|x64.Build.0 = Release|x64
		{9221C40D-99FA-447B-BB53-767F9C6945EB}.Release|x86.ActiveCfg = Release|Win32
		{9221C40D-99FA-447B-BB53-767F9C6945EB}.Release|x86.Build.0 = Release|Win32
	EndGlobalSection
	GlobalSection(SolutionProperties) = preSolution
		HideSolutionNode = FALSE
	EndGlobalSection
	GlobalSection(NestedProjects) = preSolution
		{4DD36304-2C38-4DBD-86E1-43D37A6F34CF} = {58893CCA-04E3-4D8F-9D25-3720EFE9F9B6}
		{A728037D-42EF-46E5-96E2-9ADA30DCF38C} = {4DD36304-2C38-4DBD-86E1-43D37A6F34CF}
		{111A8C4A-468F-44A7-9E33-15E028D79B28} = {4DD36304-2C38-4DBD-86E1-43D37A6F34CF}
		{4707D302-E293-46FF-8D27-C1040182AE43} = {A728037D-42EF-46E5-96E2-9ADA30DCF38C}
		{FECD5CA0-80E4-4C9C-ACA9-28AAD370716B} = {111A8C4A-468F-44A7-9E33-15E028D79B28}
		{ABE55552-7B8A-4D92-89ED-2A1398AA20B1} = {58893CCA-04E3-4D8F-9D25-3720EFE9F9B6}
		{4D197AA5-DBB8-482C-9028-5E8181936371} = {ABE55552-7B8A-4D92-89ED-2A1398AA20B1}
		{0544F017-08B3-4A9B-A6AB-B5231A9AA09F} = {ABE55552-7B8A-4D92-89ED-2A1398AA20B1}
		{B6D1EBD9-9E67-44D0-947E-D7BE96D21B3E} = {4D197AA5-DBB8-482C-9028-5E8181936371}
		{7C45985B-0FE7-483D-B790-91EBBC22B630} = {0544F017-08B3-4A9B-A6AB-B5231A9AA09F}
		{C87764FC-B3CE-4464-9CA2-389DD7C3E3CC} = {58893CCA-04E3-4D8F-9D25-3720EFE9F9B6}
		{42645084-F768-449A-A925-7BE959132D66} = {58893CCA-04E3-4D8F-9D25-3720EFE9F9B6}
		{53707539-5D83-44B0-85CB-A1409708CB87} = {42645084-F768-449A-A925-7BE959132D66}
		{B47D0EC6-B602-401E-B860-5BB87FD7E589} = {53707539-5D83-44B0-85CB-A1409708CB87}
		{FF40A2D8-8CA3-4392-84C7-A5754C98A2E3} = {C87764FC-B3CE-4464-9CA2-389DD7C3E3CC}
		{D2883F98-9F41-43A6-B417-6272FF771999} = {CF55D226-2035-48C6-ABDA-7186B4EAA9B4}
		{D3FC1577-B576-4BAB-8239-3727498B66D1} = {CF55D226-2035-48C6-ABDA-7186B4EAA9B4}
		{62FADAF0-0B5B-4C34-BC8B-6EB5A3CA9F5F} = {CF55D226-2035-48C6-ABDA-7186B4EAA9B4}
		{996064CC-05DD-41AB-B350-C5A31A8D2ECB} = {CF55D226-2035-48C6-ABDA-7186B4EAA9B4}
		{250A61FB-7789-486E-88D9-2D01830C2558} = {CF55D226-2035-48C6-ABDA-7186B4EAA9B4}
		{15D309AE-B803-4815-AEDF-BCD597081883} = {250A61FB-7789-486E-88D9-2D01830C2558}
		{BCCFFD87-72E3-4628-8E6B-6ACF521D99A9} = {250A61FB-7789-486E-88D9-2D01830C2558}
		{67AFD69B-237D-4E14-B99B-71EF5BDF65BD} = {250A61FB-7789-486E-88D9-2D01830C2558}
		{3CDB057C-0734-4BAA-A952-7DE18C78C3F3} = {FF40A2D8-8CA3-4392-84C7-A5754C98A2E3}
		{29473DFB-2FFD-4894-8E33-10DF7A1F0464} = {FF40A2D8-8CA3-4392-84C7-A5754C98A2E3}
	EndGlobalSection
	GlobalSection(ExtensibilityGlobals) = postSolution
		SolutionGuid = {B1D403CF-FFF8-44B3-9E46-FF704DBA2284}
	EndGlobalSection
EndGlobal
